
Microsoft Visual Studio Solution File, Format Version 12.00
# Visual Studio Version 16
VisualStudioVersion = 16.0.30001.183
MinimumVisualStudioVersion = 15.0.26124.0
Project("{FAE04EC0-301F-11D3-BF4B-00C04F79EFBC}") = "Frank.Extensions.Enums", "Frank.Extensions.Enums\Frank.Extensions.Enums.csproj", "{FBB47121-B19A-4545-A67E-186BF2FD438A}"
EndProject
Project("{FAE04EC0-301F-11D3-BF4B-00C04F79EFBC}") = "Frank.Extensions.Json", "Frank.Extensions.Json\Frank.Extensions.Json.csproj", "{67A9130D-D854-49D7-ADBA-BC3FA5E029E6}"
EndProject
Project("{FAE04EC0-301F-11D3-BF4B-00C04F79EFBC}") = "Frank.Extensions.MongoDb", "Frank.Extensions.MongoDb\Frank.Extensions.MongoDb.csproj", "{CEC91610-A4AC-4792-8F10-213E3BF01B0C}"
EndProject
Project("{FAE04EC0-301F-11D3-BF4B-00C04F79EFBC}") = "Frank.Extensions.AutoFixture", "Frank.Extensions.AutoFixture\Frank.Extensions.AutoFixture.csproj", "{36F2D5EB-7D88-4F97-8E69-231C081099E8}"
EndProject
Project("{FAE04EC0-301F-11D3-BF4B-00C04F79EFBC}") = "Frank.Extensions.Collections", "Frank.Extensions.Collections\Frank.Extensions.Collections.csproj", "{158378B6-A701-46A1-B2AF-C8FBBE809B22}"
EndProject
Project("{FAE04EC0-301F-11D3-BF4B-00C04F79EFBC}") = "Frank.Extensions.Tests", "Frank.Extensions.Tests\Frank.Extensions.Tests.csproj", "{5EAD0E7A-5D75-4EAF-825D-1C1C899F0850}"
EndProject
Global
	GlobalSection(SolutionConfigurationPlatforms) = preSolution
		Debug|Any CPU = Debug|Any CPU
		Debug|x64 = Debug|x64
		Debug|x86 = Debug|x86
		Release|Any CPU = Release|Any CPU
		Release|x64 = Release|x64
		Release|x86 = Release|x86
	EndGlobalSection
	GlobalSection(ProjectConfigurationPlatforms) = postSolution
		{FBB47121-B19A-4545-A67E-186BF2FD438A}.Debug|Any CPU.ActiveCfg = Debug|Any CPU
		{FBB47121-B19A-4545-A67E-186BF2FD438A}.Debug|Any CPU.Build.0 = Debug|Any CPU
		{FBB47121-B19A-4545-A67E-186BF2FD438A}.Debug|x64.ActiveCfg = Debug|Any CPU
		{FBB47121-B19A-4545-A67E-186BF2FD438A}.Debug|x64.Build.0 = Debug|Any CPU
		{FBB47121-B19A-4545-A67E-186BF2FD438A}.Debug|x86.ActiveCfg = Debug|Any CPU
		{FBB47121-B19A-4545-A67E-186BF2FD438A}.Debug|x86.Build.0 = Debug|Any CPU
		{FBB47121-B19A-4545-A67E-186BF2FD438A}.Release|Any CPU.ActiveCfg = Release|Any CPU
		{FBB47121-B19A-4545-A67E-186BF2FD438A}.Release|Any CPU.Build.0 = Release|Any CPU
		{FBB47121-B19A-4545-A67E-186BF2FD438A}.Release|x64.ActiveCfg = Release|Any CPU
		{FBB47121-B19A-4545-A67E-186BF2FD438A}.Release|x64.Build.0 = Release|Any CPU
		{FBB47121-B19A-4545-A67E-186BF2FD438A}.Release|x86.ActiveCfg = Release|Any CPU
		{FBB47121-B19A-4545-A67E-186BF2FD438A}.Release|x86.Build.0 = Release|Any CPU
		{67A9130D-D854-49D7-ADBA-BC3FA5E029E6}.Debug|Any CPU.ActiveCfg = Debug|Any CPU
		{67A9130D-D854-49D7-ADBA-BC3FA5E029E6}.Debug|Any CPU.Build.0 = Debug|Any CPU
		{67A9130D-D854-49D7-ADBA-BC3FA5E029E6}.Debug|x64.ActiveCfg = Debug|Any CPU
		{67A9130D-D854-49D7-ADBA-BC3FA5E029E6}.Debug|x64.Build.0 = Debug|Any CPU
		{67A9130D-D854-49D7-ADBA-BC3FA5E029E6}.Debug|x86.ActiveCfg = Debug|Any CPU
		{67A9130D-D854-49D7-ADBA-BC3FA5E029E6}.Debug|x86.Build.0 = Debug|Any CPU
		{67A9130D-D854-49D7-ADBA-BC3FA5E029E6}.Release|Any CPU.ActiveCfg = Release|Any CPU
		{67A9130D-D854-49D7-ADBA-BC3FA5E029E6}.Release|Any CPU.Build.0 = Release|Any CPU
		{67A9130D-D854-49D7-ADBA-BC3FA5E029E6}.Release|x64.ActiveCfg = Release|Any CPU
		{67A9130D-D854-49D7-ADBA-BC3FA5E029E6}.Release|x64.Build.0 = Release|Any CPU
		{67A9130D-D854-49D7-ADBA-BC3FA5E029E6}.Release|x86.ActiveCfg = Release|Any CPU
		{67A9130D-D854-49D7-ADBA-BC3FA5E029E6}.Release|x86.Build.0 = Release|Any CPU
		{CEC91610-A4AC-4792-8F10-213E3BF01B0C}.Debug|Any CPU.ActiveCfg = Debug|Any CPU
		{CEC91610-A4AC-4792-8F10-213E3BF01B0C}.Debug|Any CPU.Build.0 = Debug|Any CPU
		{CEC91610-A4AC-4792-8F10-213E3BF01B0C}.Debug|x64.ActiveCfg = Debug|Any CPU
		{CEC91610-A4AC-4792-8F10-213E3BF01B0C}.Debug|x64.Build.0 = Debug|Any CPU
		{CEC91610-A4AC-4792-8F10-213E3BF01B0C}.Debug|x86.ActiveCfg = Debug|Any CPU
		{CEC91610-A4AC-4792-8F10-213E3BF01B0C}.Debug|x86.Build.0 = Debug|Any CPU
		{CEC91610-A4AC-4792-8F10-213E3BF01B0C}.Release|Any CPU.ActiveCfg = Release|Any CPU
		{CEC91610-A4AC-4792-8F10-213E3BF01B0C}.Release|Any CPU.Build.0 = Release|Any CPU
		{CEC91610-A4AC-4792-8F10-213E3BF01B0C}.Release|x64.ActiveCfg = Release|Any CPU
		{CEC91610-A4AC-4792-8F10-213E3BF01B0C}.Release|x64.Build.0 = Release|Any CPU
		{CEC91610-A4AC-4792-8F10-213E3BF01B0C}.Release|x86.ActiveCfg = Release|Any CPU
		{CEC91610-A4AC-4792-8F10-213E3BF01B0C}.Release|x86.Build.0 = Release|Any CPU
		{36F2D5EB-7D88-4F97-8E69-231C081099E8}.Debug|Any CPU.ActiveCfg = Debug|Any CPU
		{36F2D5EB-7D88-4F97-8E69-231C081099E8}.Debug|Any CPU.Build.0 = Debug|Any CPU
		{36F2D5EB-7D88-4F97-8E69-231C081099E8}.Debug|x64.ActiveCfg = Debug|Any CPU
		{36F2D5EB-7D88-4F97-8E69-231C081099E8}.Debug|x64.Build.0 = Debug|Any CPU
		{36F2D5EB-7D88-4F97-8E69-231C081099E8}.Debug|x86.ActiveCfg = Debug|Any CPU
		{36F2D5EB-7D88-4F97-8E69-231C081099E8}.Debug|x86.Build.0 = Debug|Any CPU
		{36F2D5EB-7D88-4F97-8E69-231C081099E8}.Release|Any CPU.ActiveCfg = Release|Any CPU
		{36F2D5EB-7D88-4F97-8E69-231C081099E8}.Release|Any CPU.Build.0 = Release|Any CPU
		{36F2D5EB-7D88-4F97-8E69-231C081099E8}.Release|x64.ActiveCfg = Release|Any CPU
		{36F2D5EB-7D88-4F97-8E69-231C081099E8}.Release|x64.Build.0 = Release|Any CPU
		{36F2D5EB-7D88-4F97-8E69-231C081099E8}.Release|x86.ActiveCfg = Release|Any CPU
		{36F2D5EB-7D88-4F97-8E69-231C081099E8}.Release|x86.Build.0 = Release|Any CPU
		{158378B6-A701-46A1-B2AF-C8FBBE809B22}.Debug|Any CPU.ActiveCfg = Debug|Any CPU
		{158378B6-A701-46A1-B2AF-C8FBBE809B22}.Debug|Any CPU.Build.0 = Debug|Any CPU
		{158378B6-A701-46A1-B2AF-C8FBBE809B22}.Debug|x64.ActiveCfg = Debug|Any CPU
		{158378B6-A701-46A1-B2AF-C8FBBE809B22}.Debug|x64.Build.0 = Debug|Any CPU
		{158378B6-A701-46A1-B2AF-C8FBBE809B22}.Debug|x86.ActiveCfg = Debug|Any CPU
		{158378B6-A701-46A1-B2AF-C8FBBE809B22}.Debug|x86.Build.0 = Debug|Any CPU
		{158378B6-A701-46A1-B2AF-C8FBBE809B22}.Release|Any CPU.ActiveCfg = Release|Any CPU
		{158378B6-A701-46A1-B2AF-C8FBBE809B22}.Release|Any CPU.Build.0 = Release|Any CPU
		{158378B6-A701-46A1-B2AF-C8FBBE809B22}.Release|x64.ActiveCfg = Release|Any CPU
		{158378B6-A701-46A1-B2AF-C8FBBE809B22}.Release|x64.Build.0 = Release|Any CPU
		{158378B6-A701-46A1-B2AF-C8FBBE809B22}.Release|x86.ActiveCfg = Release|Any CPU
		{158378B6-A701-46A1-B2AF-C8FBBE809B22}.Release|x86.Build.0 = Release|Any CPU
		{5EAD0E7A-5D75-4EAF-825D-1C1C899F0850}.Debug|Any CPU.ActiveCfg = Debug|Any CPU
		{5EAD0E7A-5D75-4EAF-825D-1C1C899F0850}.Debug|Any CPU.Build.0 = Debug|Any CPU
		{5EAD0E7A-5D75-4EAF-825D-1C1C899F0850}.Debug|x64.ActiveCfg = Debug|Any CPU
		{5EAD0E7A-5D75-4EAF-825D-1C1C899F0850}.Debug|x64.Build.0 = Debug|Any CPU
		{5EAD0E7A-5D75-4EAF-825D-1C1C899F0850}.Debug|x86.ActiveCfg = Debug|Any CPU
		{5EAD0E7A-5D75-4EAF-825D-1C1C899F0850}.Debug|x86.Build.0 = Debug|Any CPU
		{5EAD0E7A-5D75-4EAF-825D-1C1C899F0850}.Release|Any CPU.ActiveCfg = Release|Any CPU
		{5EAD0E7A-5D75-4EAF-825D-1C1C899F0850}.Release|Any CPU.Build.0 = Release|Any CPU
		{5EAD0E7A-5D75-4EAF-825D-1C1C899F0850}.Release|x64.ActiveCfg = Release|Any CPU
		{5EAD0E7A-5D75-4EAF-825D-1C1C899F0850}.Release|x64.Build.0 = Release|Any CPU
		{5EAD0E7A-5D75-4EAF-825D-1C1C899F0850}.Release|x86.ActiveCfg = Release|Any CPU
		{5EAD0E7A-5D75-4EAF-825D-1C1C899F0850}.Release|x86.Build.0 = Release|Any CPU
	EndGlobalSection
	GlobalSection(SolutionProperties) = preSolution
		HideSolutionNode = FALSE
	EndGlobalSection
	GlobalSection(ExtensibilityGlobals) = postSolution
		SolutionGuid = {EADFB34F-CAD5-4288-9D5C-82CE65A4E7F9}
	EndGlobalSection
EndGlobal
