
Microsoft Visual Studio Solution File, Format Version 12.00
# Visual Studio Version 17
VisualStudioVersion = 17.0.31423.177
MinimumVisualStudioVersion = 15.0.26124.0
Project("{9A19103F-16F7-4668-BE54-9A1E7A4F7556}") = "Frank.Libraries.Enums", "Frank.Libraries.Enums\Frank.Libraries.Enums.csproj", "{FBB47121-B19A-4545-A67E-186BF2FD438A}"
EndProject
Project("{9A19103F-16F7-4668-BE54-9A1E7A4F7556}") = "Frank.Libraries.Json", "Frank.Libraries.Json\Frank.Libraries.Json.csproj", "{67A9130D-D854-49D7-ADBA-BC3FA5E029E6}"
EndProject
Project("{9A19103F-16F7-4668-BE54-9A1E7A4F7556}") = "Frank.Libraries.MongoDb", "Frank.Libraries.MongoDb\Frank.Libraries.MongoDb.csproj", "{CEC91610-A4AC-4792-8F10-213E3BF01B0C}"
EndProject
Project("{9A19103F-16F7-4668-BE54-9A1E7A4F7556}") = "Frank.Libraries.AutoFixture", "Frank.Libraries.AutoFixture\Frank.Libraries.AutoFixture.csproj", "{36F2D5EB-7D88-4F97-8E69-231C081099E8}"
EndProject
Project("{9A19103F-16F7-4668-BE54-9A1E7A4F7556}") = "Frank.Libraries.Tests", "Frank.Libraries.Tests\Frank.Libraries.Tests.csproj", "{5EAD0E7A-5D75-4EAF-825D-1C1C899F0850}"
EndProject
Project("{2150E333-8FDC-42A3-9474-1A3956D46DE8}") = "Solution Items", "Solution Items", "{B59B3D8F-E264-43C5-AC5D-B2C9D016A6FA}"
	ProjectSection(SolutionItems) = preProject
		.dockerignore = .dockerignore
		.editorconfig = .editorconfig
		.gitignore = .gitignore
		CodeMaid.config = CodeMaid.config
		icon.png = icon.png
		LICENSE = LICENSE
		README.md = README.md
	EndProjectSection
EndProject
Project("{9A19103F-16F7-4668-BE54-9A1E7A4F7556}") = "Frank.Libraries.Extensions", "Frank.Libraries.Extensions\Frank.Libraries.Extensions.csproj", "{F7262BAD-9611-43CC-A2C0-73F65E3E2859}"
EndProject
Project("{9A19103F-16F7-4668-BE54-9A1E7A4F7556}") = "Frank.Libraries.Constants", "Frank.Libraries.Constants\Frank.Libraries.Constants.csproj", "{5A03BFBC-F03F-4E24-A5E5-4D460DD95ABB}"
EndProject
Project("{9A19103F-16F7-4668-BE54-9A1E7A4F7556}") = "Frank.Libraries.AzureStorage", "Frank.Libraries.AzureStorage\Frank.Libraries.AzureStorage.csproj", "{3FE754A5-40BB-47F7-BDF8-2CDECCF2FFE7}"
EndProject
Project("{9A19103F-16F7-4668-BE54-9A1E7A4F7556}") = "Frank.Libraries.Internet", "Frank.Libraries.Internet\Frank.Libraries.Internet.csproj", "{ABCAECDF-1A81-4EA6-BCE0-30249D646AFC}"
EndProject
Project("{9A19103F-16F7-4668-BE54-9A1E7A4F7556}") = "Frank.Libraries.AzureServiceBus", "Frank.Libraries.AzureServiceBus\Frank.Libraries.AzureServiceBus.csproj", "{3115124F-4A9F-4630-9029-36E4793D5E3B}"
EndProject
Project("{9A19103F-16F7-4668-BE54-9A1E7A4F7556}") = "Frank.Libraries.Xml", "Frank.Libraries.Xml\Frank.Libraries.Xml.csproj", "{2E43031F-D5B0-4709-9F5C-CCA88B2CC8C7}"
EndProject
Project("{9A19103F-16F7-4668-BE54-9A1E7A4F7556}") = "Frank.Libraries.Logging", "Frank.Libraries.Logging\Frank.Libraries.Logging.csproj", "{68FF5ED0-3399-4FAE-BDB4-132880B71C11}"
EndProject
Project("{9A19103F-16F7-4668-BE54-9A1E7A4F7556}") = "Frank.Libraries.Testing", "Frank.Libraries.Testing\Frank.Libraries.Testing.csproj", "{1AAB8B6F-7345-4C25-BD6A-11570D705A3C}"
EndProject
Project("{9A19103F-16F7-4668-BE54-9A1E7A4F7556}") = "Frank.Libraries.Security", "Frank.Libraries.Security\Frank.Libraries.Security.csproj", "{3D704523-DCCD-4667-A634-88A2C7FE48C0}"
EndProject
Project("{9A19103F-16F7-4668-BE54-9A1E7A4F7556}") = "Frank.Libraries.Brreg", "Frank.Libraries.Brreg\Frank.Libraries.Brreg.csproj", "{68079253-D41A-4DE8-B321-C8F9AF39F630}"
EndProject
Project("{9A19103F-16F7-4668-BE54-9A1E7A4F7556}") = "Frank.Libraries.Calculators", "Frank.Libraries.Calculators\Frank.Libraries.Calculators.csproj", "{9582CC18-65F5-4E7F-BF34-591616F33679}"
EndProject
Project("{9A19103F-16F7-4668-BE54-9A1E7A4F7556}") = "Frank.Libraries.Csv", "Frank.Libraries.Csv\Frank.Libraries.Csv.csproj", "{5782C297-A30A-45BE-96D5-69A16E60F708}"
EndProject
Project("{9A19103F-16F7-4668-BE54-9A1E7A4F7556}") = "Frank.Libraries.Ubl", "Frank.Libraries.Ubl\Frank.Libraries.Ubl.csproj", "{4C096A1A-28E3-4BCE-AE34-712CF133831C}"
EndProject
Project("{9A19103F-16F7-4668-BE54-9A1E7A4F7556}") = "Frank.Libraries.AI.LanguageDetection", "Frank.Libraries.AI.LanguageDetection\Frank.Libraries.AI.LanguageDetection.csproj", "{865F4CF3-1048-4B4F-8FF6-ACAEE5ABDEBB}"
EndProject
Project("{9A19103F-16F7-4668-BE54-9A1E7A4F7556}") = "Frank.Libraries.FluentValidation", "Frank.Libraries.FluentValidation\Frank.Libraries.FluentValidation.csproj", "{5B12BED2-D43B-46E3-8D41-34E50AADF5EF}"
EndProject
Project("{9A19103F-16F7-4668-BE54-9A1E7A4F7556}") = "Frank.Libraries.SBDH", "Frank.Libraries.SBDH\Frank.Libraries.SBDH.csproj", "{740B237B-2764-486E-8AD1-B2156FBD9020}"
EndProject
Project("{9A19103F-16F7-4668-BE54-9A1E7A4F7556}") = "Frank.Libraries.DependencyInjection", "Frank.Libraries.DependencyInjection\Frank.Libraries.DependencyInjection.csproj", "{F8969484-5A82-455E-9E5E-5F6797B82BB8}"
EndProject
Project("{9A19103F-16F7-4668-BE54-9A1E7A4F7556}") = "Frank.Libraries.Time", "Frank.Libraries.Time\Frank.Libraries.Time.csproj", "{A8A36155-8270-44E1-B312-586FB91327D8}"
EndProject
Project("{9A19103F-16F7-4668-BE54-9A1E7A4F7556}") = "Frank.Libraries.Currency", "Frank.Libraries.Currency\Frank.Libraries.Currency.csproj", "{9E93B1FA-3389-47AD-8CA9-60AD7B5209E0}"
EndProject
Project("{9A19103F-16F7-4668-BE54-9A1E7A4F7556}") = "Frank.Libraries.Converter", "Frank.Libraries.Converter\Frank.Libraries.Converter.csproj", "{867F3F06-E2CC-4FC4-AE06-41CC1B4EAFB2}"
EndProject
Project("{9A19103F-16F7-4668-BE54-9A1E7A4F7556}") = "Frank.Libraries.Mapper", "Frank.Libraries.Mapper\Frank.Libraries.Mapper.csproj", "{E60C5924-D566-48CB-A14B-3791D835F5CC}"
EndProject
Project("{9A19103F-16F7-4668-BE54-9A1E7A4F7556}") = "Frank.Libraries.IRC", "Frank.Libraries.IRC\Frank.Libraries.IRC.csproj", "{66FAB072-F9DE-42D4-81E8-E07DC03FCD8F}"
EndProject
Project("{9A19103F-16F7-4668-BE54-9A1E7A4F7556}") = "Frank.Libraries.CodeGeneration", "Frank.Libraries.CodeGeneration\Frank.Libraries.CodeGeneration.csproj", "{EE54FEB7-A5E0-4A09-9E30-5C3B5BF966EB}"
EndProject
Project("{9A19103F-16F7-4668-BE54-9A1E7A4F7556}") = "Frank.Libraries.Gaming", "Frank.Libraries.Gaming\Frank.Libraries.Gaming.csproj", "{B248E23F-171A-4784-B572-C7A3735EC251}"
EndProject
Project("{9A19103F-16F7-4668-BE54-9A1E7A4F7556}") = "Frank.Libraries.Machine", "Frank.Libraries.Machine\Frank.Libraries.Machine.csproj", "{0AFA4405-2899-46A8-BC3F-EA62D32C2E1F}"
EndProject
Global
	GlobalSection(SolutionConfigurationPlatforms) = preSolution
		Debug|Any CPU = Debug|Any CPU
		Debug|x64 = Debug|x64
		Debug|x86 = Debug|x86
		Release|Any CPU = Release|Any CPU
		Release|x64 = Release|x64
		Release|x86 = Release|x86
	EndGlobalSection
	GlobalSection(ProjectConfigurationPlatforms) = postSolution
		{FBB47121-B19A-4545-A67E-186BF2FD438A}.Debug|Any CPU.ActiveCfg = Debug|Any CPU
		{FBB47121-B19A-4545-A67E-186BF2FD438A}.Debug|Any CPU.Build.0 = Debug|Any CPU
		{FBB47121-B19A-4545-A67E-186BF2FD438A}.Debug|x64.ActiveCfg = Debug|Any CPU
		{FBB47121-B19A-4545-A67E-186BF2FD438A}.Debug|x64.Build.0 = Debug|Any CPU
		{FBB47121-B19A-4545-A67E-186BF2FD438A}.Debug|x86.ActiveCfg = Debug|Any CPU
		{FBB47121-B19A-4545-A67E-186BF2FD438A}.Debug|x86.Build.0 = Debug|Any CPU
		{FBB47121-B19A-4545-A67E-186BF2FD438A}.Release|Any CPU.ActiveCfg = Release|Any CPU
		{FBB47121-B19A-4545-A67E-186BF2FD438A}.Release|Any CPU.Build.0 = Release|Any CPU
		{FBB47121-B19A-4545-A67E-186BF2FD438A}.Release|x64.ActiveCfg = Release|Any CPU
		{FBB47121-B19A-4545-A67E-186BF2FD438A}.Release|x64.Build.0 = Release|Any CPU
		{FBB47121-B19A-4545-A67E-186BF2FD438A}.Release|x86.ActiveCfg = Release|Any CPU
		{FBB47121-B19A-4545-A67E-186BF2FD438A}.Release|x86.Build.0 = Release|Any CPU
		{67A9130D-D854-49D7-ADBA-BC3FA5E029E6}.Debug|Any CPU.ActiveCfg = Debug|Any CPU
		{67A9130D-D854-49D7-ADBA-BC3FA5E029E6}.Debug|Any CPU.Build.0 = Debug|Any CPU
		{67A9130D-D854-49D7-ADBA-BC3FA5E029E6}.Debug|x64.ActiveCfg = Debug|Any CPU
		{67A9130D-D854-49D7-ADBA-BC3FA5E029E6}.Debug|x64.Build.0 = Debug|Any CPU
		{67A9130D-D854-49D7-ADBA-BC3FA5E029E6}.Debug|x86.ActiveCfg = Debug|Any CPU
		{67A9130D-D854-49D7-ADBA-BC3FA5E029E6}.Debug|x86.Build.0 = Debug|Any CPU
		{67A9130D-D854-49D7-ADBA-BC3FA5E029E6}.Release|Any CPU.ActiveCfg = Release|Any CPU
		{67A9130D-D854-49D7-ADBA-BC3FA5E029E6}.Release|Any CPU.Build.0 = Release|Any CPU
		{67A9130D-D854-49D7-ADBA-BC3FA5E029E6}.Release|x64.ActiveCfg = Release|Any CPU
		{67A9130D-D854-49D7-ADBA-BC3FA5E029E6}.Release|x64.Build.0 = Release|Any CPU
		{67A9130D-D854-49D7-ADBA-BC3FA5E029E6}.Release|x86.ActiveCfg = Release|Any CPU
		{67A9130D-D854-49D7-ADBA-BC3FA5E029E6}.Release|x86.Build.0 = Release|Any CPU
		{CEC91610-A4AC-4792-8F10-213E3BF01B0C}.Debug|Any CPU.ActiveCfg = Debug|Any CPU
		{CEC91610-A4AC-4792-8F10-213E3BF01B0C}.Debug|Any CPU.Build.0 = Debug|Any CPU
		{CEC91610-A4AC-4792-8F10-213E3BF01B0C}.Debug|x64.ActiveCfg = Debug|Any CPU
		{CEC91610-A4AC-4792-8F10-213E3BF01B0C}.Debug|x64.Build.0 = Debug|Any CPU
		{CEC91610-A4AC-4792-8F10-213E3BF01B0C}.Debug|x86.ActiveCfg = Debug|Any CPU
		{CEC91610-A4AC-4792-8F10-213E3BF01B0C}.Debug|x86.Build.0 = Debug|Any CPU
		{CEC91610-A4AC-4792-8F10-213E3BF01B0C}.Release|Any CPU.ActiveCfg = Release|Any CPU
		{CEC91610-A4AC-4792-8F10-213E3BF01B0C}.Release|Any CPU.Build.0 = Release|Any CPU
		{CEC91610-A4AC-4792-8F10-213E3BF01B0C}.Release|x64.ActiveCfg = Release|Any CPU
		{CEC91610-A4AC-4792-8F10-213E3BF01B0C}.Release|x64.Build.0 = Release|Any CPU
		{CEC91610-A4AC-4792-8F10-213E3BF01B0C}.Release|x86.ActiveCfg = Release|Any CPU
		{CEC91610-A4AC-4792-8F10-213E3BF01B0C}.Release|x86.Build.0 = Release|Any CPU
		{36F2D5EB-7D88-4F97-8E69-231C081099E8}.Debug|Any CPU.ActiveCfg = Debug|Any CPU
		{36F2D5EB-7D88-4F97-8E69-231C081099E8}.Debug|Any CPU.Build.0 = Debug|Any CPU
		{36F2D5EB-7D88-4F97-8E69-231C081099E8}.Debug|x64.ActiveCfg = Debug|Any CPU
		{36F2D5EB-7D88-4F97-8E69-231C081099E8}.Debug|x64.Build.0 = Debug|Any CPU
		{36F2D5EB-7D88-4F97-8E69-231C081099E8}.Debug|x86.ActiveCfg = Debug|Any CPU
		{36F2D5EB-7D88-4F97-8E69-231C081099E8}.Debug|x86.Build.0 = Debug|Any CPU
		{36F2D5EB-7D88-4F97-8E69-231C081099E8}.Release|Any CPU.ActiveCfg = Release|Any CPU
		{36F2D5EB-7D88-4F97-8E69-231C081099E8}.Release|Any CPU.Build.0 = Release|Any CPU
		{36F2D5EB-7D88-4F97-8E69-231C081099E8}.Release|x64.ActiveCfg = Release|Any CPU
		{36F2D5EB-7D88-4F97-8E69-231C081099E8}.Release|x64.Build.0 = Release|Any CPU
		{36F2D5EB-7D88-4F97-8E69-231C081099E8}.Release|x86.ActiveCfg = Release|Any CPU
		{36F2D5EB-7D88-4F97-8E69-231C081099E8}.Release|x86.Build.0 = Release|Any CPU
		{5EAD0E7A-5D75-4EAF-825D-1C1C899F0850}.Debug|Any CPU.ActiveCfg = Debug|Any CPU
		{5EAD0E7A-5D75-4EAF-825D-1C1C899F0850}.Debug|Any CPU.Build.0 = Debug|Any CPU
		{5EAD0E7A-5D75-4EAF-825D-1C1C899F0850}.Debug|x64.ActiveCfg = Debug|Any CPU
		{5EAD0E7A-5D75-4EAF-825D-1C1C899F0850}.Debug|x64.Build.0 = Debug|Any CPU
		{5EAD0E7A-5D75-4EAF-825D-1C1C899F0850}.Debug|x86.ActiveCfg = Debug|Any CPU
		{5EAD0E7A-5D75-4EAF-825D-1C1C899F0850}.Debug|x86.Build.0 = Debug|Any CPU
		{5EAD0E7A-5D75-4EAF-825D-1C1C899F0850}.Release|Any CPU.ActiveCfg = Release|Any CPU
		{5EAD0E7A-5D75-4EAF-825D-1C1C899F0850}.Release|Any CPU.Build.0 = Release|Any CPU
		{5EAD0E7A-5D75-4EAF-825D-1C1C899F0850}.Release|x64.ActiveCfg = Release|Any CPU
		{5EAD0E7A-5D75-4EAF-825D-1C1C899F0850}.Release|x64.Build.0 = Release|Any CPU
		{5EAD0E7A-5D75-4EAF-825D-1C1C899F0850}.Release|x86.ActiveCfg = Release|Any CPU
		{5EAD0E7A-5D75-4EAF-825D-1C1C899F0850}.Release|x86.Build.0 = Release|Any CPU
		{F7262BAD-9611-43CC-A2C0-73F65E3E2859}.Debug|Any CPU.ActiveCfg = Debug|Any CPU
		{F7262BAD-9611-43CC-A2C0-73F65E3E2859}.Debug|Any CPU.Build.0 = Debug|Any CPU
		{F7262BAD-9611-43CC-A2C0-73F65E3E2859}.Debug|x64.ActiveCfg = Debug|Any CPU
		{F7262BAD-9611-43CC-A2C0-73F65E3E2859}.Debug|x64.Build.0 = Debug|Any CPU
		{F7262BAD-9611-43CC-A2C0-73F65E3E2859}.Debug|x86.ActiveCfg = Debug|Any CPU
		{F7262BAD-9611-43CC-A2C0-73F65E3E2859}.Debug|x86.Build.0 = Debug|Any CPU
		{F7262BAD-9611-43CC-A2C0-73F65E3E2859}.Release|Any CPU.ActiveCfg = Release|Any CPU
		{F7262BAD-9611-43CC-A2C0-73F65E3E2859}.Release|Any CPU.Build.0 = Release|Any CPU
		{F7262BAD-9611-43CC-A2C0-73F65E3E2859}.Release|x64.ActiveCfg = Release|Any CPU
		{F7262BAD-9611-43CC-A2C0-73F65E3E2859}.Release|x64.Build.0 = Release|Any CPU
		{F7262BAD-9611-43CC-A2C0-73F65E3E2859}.Release|x86.ActiveCfg = Release|Any CPU
		{F7262BAD-9611-43CC-A2C0-73F65E3E2859}.Release|x86.Build.0 = Release|Any CPU
		{5A03BFBC-F03F-4E24-A5E5-4D460DD95ABB}.Debug|Any CPU.ActiveCfg = Debug|Any CPU
		{5A03BFBC-F03F-4E24-A5E5-4D460DD95ABB}.Debug|Any CPU.Build.0 = Debug|Any CPU
		{5A03BFBC-F03F-4E24-A5E5-4D460DD95ABB}.Debug|x64.ActiveCfg = Debug|Any CPU
		{5A03BFBC-F03F-4E24-A5E5-4D460DD95ABB}.Debug|x64.Build.0 = Debug|Any CPU
		{5A03BFBC-F03F-4E24-A5E5-4D460DD95ABB}.Debug|x86.ActiveCfg = Debug|Any CPU
		{5A03BFBC-F03F-4E24-A5E5-4D460DD95ABB}.Debug|x86.Build.0 = Debug|Any CPU
		{5A03BFBC-F03F-4E24-A5E5-4D460DD95ABB}.Release|Any CPU.ActiveCfg = Release|Any CPU
		{5A03BFBC-F03F-4E24-A5E5-4D460DD95ABB}.Release|Any CPU.Build.0 = Release|Any CPU
		{5A03BFBC-F03F-4E24-A5E5-4D460DD95ABB}.Release|x64.ActiveCfg = Release|Any CPU
		{5A03BFBC-F03F-4E24-A5E5-4D460DD95ABB}.Release|x64.Build.0 = Release|Any CPU
		{5A03BFBC-F03F-4E24-A5E5-4D460DD95ABB}.Release|x86.ActiveCfg = Release|Any CPU
		{5A03BFBC-F03F-4E24-A5E5-4D460DD95ABB}.Release|x86.Build.0 = Release|Any CPU
		{3FE754A5-40BB-47F7-BDF8-2CDECCF2FFE7}.Debug|Any CPU.ActiveCfg = Debug|Any CPU
		{3FE754A5-40BB-47F7-BDF8-2CDECCF2FFE7}.Debug|Any CPU.Build.0 = Debug|Any CPU
		{3FE754A5-40BB-47F7-BDF8-2CDECCF2FFE7}.Debug|x64.ActiveCfg = Debug|Any CPU
		{3FE754A5-40BB-47F7-BDF8-2CDECCF2FFE7}.Debug|x64.Build.0 = Debug|Any CPU
		{3FE754A5-40BB-47F7-BDF8-2CDECCF2FFE7}.Debug|x86.ActiveCfg = Debug|Any CPU
		{3FE754A5-40BB-47F7-BDF8-2CDECCF2FFE7}.Debug|x86.Build.0 = Debug|Any CPU
		{3FE754A5-40BB-47F7-BDF8-2CDECCF2FFE7}.Release|Any CPU.ActiveCfg = Release|Any CPU
		{3FE754A5-40BB-47F7-BDF8-2CDECCF2FFE7}.Release|Any CPU.Build.0 = Release|Any CPU
		{3FE754A5-40BB-47F7-BDF8-2CDECCF2FFE7}.Release|x64.ActiveCfg = Release|Any CPU
		{3FE754A5-40BB-47F7-BDF8-2CDECCF2FFE7}.Release|x64.Build.0 = Release|Any CPU
		{3FE754A5-40BB-47F7-BDF8-2CDECCF2FFE7}.Release|x86.ActiveCfg = Release|Any CPU
		{3FE754A5-40BB-47F7-BDF8-2CDECCF2FFE7}.Release|x86.Build.0 = Release|Any CPU
		{ABCAECDF-1A81-4EA6-BCE0-30249D646AFC}.Debug|Any CPU.ActiveCfg = Debug|Any CPU
		{ABCAECDF-1A81-4EA6-BCE0-30249D646AFC}.Debug|Any CPU.Build.0 = Debug|Any CPU
		{ABCAECDF-1A81-4EA6-BCE0-30249D646AFC}.Debug|x64.ActiveCfg = Debug|Any CPU
		{ABCAECDF-1A81-4EA6-BCE0-30249D646AFC}.Debug|x64.Build.0 = Debug|Any CPU
		{ABCAECDF-1A81-4EA6-BCE0-30249D646AFC}.Debug|x86.ActiveCfg = Debug|Any CPU
		{ABCAECDF-1A81-4EA6-BCE0-30249D646AFC}.Debug|x86.Build.0 = Debug|Any CPU
		{ABCAECDF-1A81-4EA6-BCE0-30249D646AFC}.Release|Any CPU.ActiveCfg = Release|Any CPU
		{ABCAECDF-1A81-4EA6-BCE0-30249D646AFC}.Release|Any CPU.Build.0 = Release|Any CPU
		{ABCAECDF-1A81-4EA6-BCE0-30249D646AFC}.Release|x64.ActiveCfg = Release|Any CPU
		{ABCAECDF-1A81-4EA6-BCE0-30249D646AFC}.Release|x64.Build.0 = Release|Any CPU
		{ABCAECDF-1A81-4EA6-BCE0-30249D646AFC}.Release|x86.ActiveCfg = Release|Any CPU
		{ABCAECDF-1A81-4EA6-BCE0-30249D646AFC}.Release|x86.Build.0 = Release|Any CPU
		{3115124F-4A9F-4630-9029-36E4793D5E3B}.Debug|Any CPU.ActiveCfg = Debug|Any CPU
		{3115124F-4A9F-4630-9029-36E4793D5E3B}.Debug|Any CPU.Build.0 = Debug|Any CPU
		{3115124F-4A9F-4630-9029-36E4793D5E3B}.Debug|x64.ActiveCfg = Debug|Any CPU
		{3115124F-4A9F-4630-9029-36E4793D5E3B}.Debug|x64.Build.0 = Debug|Any CPU
		{3115124F-4A9F-4630-9029-36E4793D5E3B}.Debug|x86.ActiveCfg = Debug|Any CPU
		{3115124F-4A9F-4630-9029-36E4793D5E3B}.Debug|x86.Build.0 = Debug|Any CPU
		{3115124F-4A9F-4630-9029-36E4793D5E3B}.Release|Any CPU.ActiveCfg = Release|Any CPU
		{3115124F-4A9F-4630-9029-36E4793D5E3B}.Release|Any CPU.Build.0 = Release|Any CPU
		{3115124F-4A9F-4630-9029-36E4793D5E3B}.Release|x64.ActiveCfg = Release|Any CPU
		{3115124F-4A9F-4630-9029-36E4793D5E3B}.Release|x64.Build.0 = Release|Any CPU
		{3115124F-4A9F-4630-9029-36E4793D5E3B}.Release|x86.ActiveCfg = Release|Any CPU
		{3115124F-4A9F-4630-9029-36E4793D5E3B}.Release|x86.Build.0 = Release|Any CPU
		{2E43031F-D5B0-4709-9F5C-CCA88B2CC8C7}.Debug|Any CPU.ActiveCfg = Debug|Any CPU
		{2E43031F-D5B0-4709-9F5C-CCA88B2CC8C7}.Debug|Any CPU.Build.0 = Debug|Any CPU
		{2E43031F-D5B0-4709-9F5C-CCA88B2CC8C7}.Debug|x64.ActiveCfg = Debug|Any CPU
		{2E43031F-D5B0-4709-9F5C-CCA88B2CC8C7}.Debug|x64.Build.0 = Debug|Any CPU
		{2E43031F-D5B0-4709-9F5C-CCA88B2CC8C7}.Debug|x86.ActiveCfg = Debug|Any CPU
		{2E43031F-D5B0-4709-9F5C-CCA88B2CC8C7}.Debug|x86.Build.0 = Debug|Any CPU
		{2E43031F-D5B0-4709-9F5C-CCA88B2CC8C7}.Release|Any CPU.ActiveCfg = Release|Any CPU
		{2E43031F-D5B0-4709-9F5C-CCA88B2CC8C7}.Release|Any CPU.Build.0 = Release|Any CPU
		{2E43031F-D5B0-4709-9F5C-CCA88B2CC8C7}.Release|x64.ActiveCfg = Release|Any CPU
		{2E43031F-D5B0-4709-9F5C-CCA88B2CC8C7}.Release|x64.Build.0 = Release|Any CPU
		{2E43031F-D5B0-4709-9F5C-CCA88B2CC8C7}.Release|x86.ActiveCfg = Release|Any CPU
		{2E43031F-D5B0-4709-9F5C-CCA88B2CC8C7}.Release|x86.Build.0 = Release|Any CPU
		{68FF5ED0-3399-4FAE-BDB4-132880B71C11}.Debug|Any CPU.ActiveCfg = Debug|Any CPU
		{68FF5ED0-3399-4FAE-BDB4-132880B71C11}.Debug|Any CPU.Build.0 = Debug|Any CPU
		{68FF5ED0-3399-4FAE-BDB4-132880B71C11}.Debug|x64.ActiveCfg = Debug|Any CPU
		{68FF5ED0-3399-4FAE-BDB4-132880B71C11}.Debug|x64.Build.0 = Debug|Any CPU
		{68FF5ED0-3399-4FAE-BDB4-132880B71C11}.Debug|x86.ActiveCfg = Debug|Any CPU
		{68FF5ED0-3399-4FAE-BDB4-132880B71C11}.Debug|x86.Build.0 = Debug|Any CPU
		{68FF5ED0-3399-4FAE-BDB4-132880B71C11}.Release|Any CPU.ActiveCfg = Release|Any CPU
		{68FF5ED0-3399-4FAE-BDB4-132880B71C11}.Release|Any CPU.Build.0 = Release|Any CPU
		{68FF5ED0-3399-4FAE-BDB4-132880B71C11}.Release|x64.ActiveCfg = Release|Any CPU
		{68FF5ED0-3399-4FAE-BDB4-132880B71C11}.Release|x64.Build.0 = Release|Any CPU
		{68FF5ED0-3399-4FAE-BDB4-132880B71C11}.Release|x86.ActiveCfg = Release|Any CPU
		{68FF5ED0-3399-4FAE-BDB4-132880B71C11}.Release|x86.Build.0 = Release|Any CPU
		{1AAB8B6F-7345-4C25-BD6A-11570D705A3C}.Debug|Any CPU.ActiveCfg = Debug|Any CPU
		{1AAB8B6F-7345-4C25-BD6A-11570D705A3C}.Debug|Any CPU.Build.0 = Debug|Any CPU
		{1AAB8B6F-7345-4C25-BD6A-11570D705A3C}.Debug|x64.ActiveCfg = Debug|Any CPU
		{1AAB8B6F-7345-4C25-BD6A-11570D705A3C}.Debug|x64.Build.0 = Debug|Any CPU
		{1AAB8B6F-7345-4C25-BD6A-11570D705A3C}.Debug|x86.ActiveCfg = Debug|Any CPU
		{1AAB8B6F-7345-4C25-BD6A-11570D705A3C}.Debug|x86.Build.0 = Debug|Any CPU
		{1AAB8B6F-7345-4C25-BD6A-11570D705A3C}.Release|Any CPU.ActiveCfg = Release|Any CPU
		{1AAB8B6F-7345-4C25-BD6A-11570D705A3C}.Release|Any CPU.Build.0 = Release|Any CPU
		{1AAB8B6F-7345-4C25-BD6A-11570D705A3C}.Release|x64.ActiveCfg = Release|Any CPU
		{1AAB8B6F-7345-4C25-BD6A-11570D705A3C}.Release|x64.Build.0 = Release|Any CPU
		{1AAB8B6F-7345-4C25-BD6A-11570D705A3C}.Release|x86.ActiveCfg = Release|Any CPU
		{1AAB8B6F-7345-4C25-BD6A-11570D705A3C}.Release|x86.Build.0 = Release|Any CPU
		{3D704523-DCCD-4667-A634-88A2C7FE48C0}.Debug|Any CPU.ActiveCfg = Debug|Any CPU
		{3D704523-DCCD-4667-A634-88A2C7FE48C0}.Debug|Any CPU.Build.0 = Debug|Any CPU
		{3D704523-DCCD-4667-A634-88A2C7FE48C0}.Debug|x64.ActiveCfg = Debug|Any CPU
		{3D704523-DCCD-4667-A634-88A2C7FE48C0}.Debug|x64.Build.0 = Debug|Any CPU
		{3D704523-DCCD-4667-A634-88A2C7FE48C0}.Debug|x86.ActiveCfg = Debug|Any CPU
		{3D704523-DCCD-4667-A634-88A2C7FE48C0}.Debug|x86.Build.0 = Debug|Any CPU
		{3D704523-DCCD-4667-A634-88A2C7FE48C0}.Release|Any CPU.ActiveCfg = Release|Any CPU
		{3D704523-DCCD-4667-A634-88A2C7FE48C0}.Release|Any CPU.Build.0 = Release|Any CPU
		{3D704523-DCCD-4667-A634-88A2C7FE48C0}.Release|x64.ActiveCfg = Release|Any CPU
		{3D704523-DCCD-4667-A634-88A2C7FE48C0}.Release|x64.Build.0 = Release|Any CPU
		{3D704523-DCCD-4667-A634-88A2C7FE48C0}.Release|x86.ActiveCfg = Release|Any CPU
		{3D704523-DCCD-4667-A634-88A2C7FE48C0}.Release|x86.Build.0 = Release|Any CPU
		{68079253-D41A-4DE8-B321-C8F9AF39F630}.Debug|Any CPU.ActiveCfg = Debug|Any CPU
		{68079253-D41A-4DE8-B321-C8F9AF39F630}.Debug|Any CPU.Build.0 = Debug|Any CPU
		{68079253-D41A-4DE8-B321-C8F9AF39F630}.Debug|x64.ActiveCfg = Debug|Any CPU
		{68079253-D41A-4DE8-B321-C8F9AF39F630}.Debug|x64.Build.0 = Debug|Any CPU
		{68079253-D41A-4DE8-B321-C8F9AF39F630}.Debug|x86.ActiveCfg = Debug|Any CPU
		{68079253-D41A-4DE8-B321-C8F9AF39F630}.Debug|x86.Build.0 = Debug|Any CPU
		{68079253-D41A-4DE8-B321-C8F9AF39F630}.Release|Any CPU.ActiveCfg = Release|Any CPU
		{68079253-D41A-4DE8-B321-C8F9AF39F630}.Release|Any CPU.Build.0 = Release|Any CPU
		{68079253-D41A-4DE8-B321-C8F9AF39F630}.Release|x64.ActiveCfg = Release|Any CPU
		{68079253-D41A-4DE8-B321-C8F9AF39F630}.Release|x64.Build.0 = Release|Any CPU
		{68079253-D41A-4DE8-B321-C8F9AF39F630}.Release|x86.ActiveCfg = Release|Any CPU
		{68079253-D41A-4DE8-B321-C8F9AF39F630}.Release|x86.Build.0 = Release|Any CPU
		{9582CC18-65F5-4E7F-BF34-591616F33679}.Debug|Any CPU.ActiveCfg = Debug|Any CPU
		{9582CC18-65F5-4E7F-BF34-591616F33679}.Debug|Any CPU.Build.0 = Debug|Any CPU
		{9582CC18-65F5-4E7F-BF34-591616F33679}.Debug|x64.ActiveCfg = Debug|Any CPU
		{9582CC18-65F5-4E7F-BF34-591616F33679}.Debug|x64.Build.0 = Debug|Any CPU
		{9582CC18-65F5-4E7F-BF34-591616F33679}.Debug|x86.ActiveCfg = Debug|Any CPU
		{9582CC18-65F5-4E7F-BF34-591616F33679}.Debug|x86.Build.0 = Debug|Any CPU
		{9582CC18-65F5-4E7F-BF34-591616F33679}.Release|Any CPU.ActiveCfg = Release|Any CPU
		{9582CC18-65F5-4E7F-BF34-591616F33679}.Release|Any CPU.Build.0 = Release|Any CPU
		{9582CC18-65F5-4E7F-BF34-591616F33679}.Release|x64.ActiveCfg = Release|Any CPU
		{9582CC18-65F5-4E7F-BF34-591616F33679}.Release|x64.Build.0 = Release|Any CPU
		{9582CC18-65F5-4E7F-BF34-591616F33679}.Release|x86.ActiveCfg = Release|Any CPU
		{9582CC18-65F5-4E7F-BF34-591616F33679}.Release|x86.Build.0 = Release|Any CPU
		{5782C297-A30A-45BE-96D5-69A16E60F708}.Debug|Any CPU.ActiveCfg = Debug|Any CPU
		{5782C297-A30A-45BE-96D5-69A16E60F708}.Debug|Any CPU.Build.0 = Debug|Any CPU
		{5782C297-A30A-45BE-96D5-69A16E60F708}.Debug|x64.ActiveCfg = Debug|Any CPU
		{5782C297-A30A-45BE-96D5-69A16E60F708}.Debug|x64.Build.0 = Debug|Any CPU
		{5782C297-A30A-45BE-96D5-69A16E60F708}.Debug|x86.ActiveCfg = Debug|Any CPU
		{5782C297-A30A-45BE-96D5-69A16E60F708}.Debug|x86.Build.0 = Debug|Any CPU
		{5782C297-A30A-45BE-96D5-69A16E60F708}.Release|Any CPU.ActiveCfg = Release|Any CPU
		{5782C297-A30A-45BE-96D5-69A16E60F708}.Release|Any CPU.Build.0 = Release|Any CPU
		{5782C297-A30A-45BE-96D5-69A16E60F708}.Release|x64.ActiveCfg = Release|Any CPU
		{5782C297-A30A-45BE-96D5-69A16E60F708}.Release|x64.Build.0 = Release|Any CPU
		{5782C297-A30A-45BE-96D5-69A16E60F708}.Release|x86.ActiveCfg = Release|Any CPU
		{5782C297-A30A-45BE-96D5-69A16E60F708}.Release|x86.Build.0 = Release|Any CPU
		{4C096A1A-28E3-4BCE-AE34-712CF133831C}.Debug|Any CPU.ActiveCfg = Debug|Any CPU
		{4C096A1A-28E3-4BCE-AE34-712CF133831C}.Debug|Any CPU.Build.0 = Debug|Any CPU
		{4C096A1A-28E3-4BCE-AE34-712CF133831C}.Debug|x64.ActiveCfg = Debug|Any CPU
		{4C096A1A-28E3-4BCE-AE34-712CF133831C}.Debug|x64.Build.0 = Debug|Any CPU
		{4C096A1A-28E3-4BCE-AE34-712CF133831C}.Debug|x86.ActiveCfg = Debug|Any CPU
		{4C096A1A-28E3-4BCE-AE34-712CF133831C}.Debug|x86.Build.0 = Debug|Any CPU
		{4C096A1A-28E3-4BCE-AE34-712CF133831C}.Release|Any CPU.ActiveCfg = Release|Any CPU
		{4C096A1A-28E3-4BCE-AE34-712CF133831C}.Release|Any CPU.Build.0 = Release|Any CPU
		{4C096A1A-28E3-4BCE-AE34-712CF133831C}.Release|x64.ActiveCfg = Release|Any CPU
		{4C096A1A-28E3-4BCE-AE34-712CF133831C}.Release|x64.Build.0 = Release|Any CPU
		{4C096A1A-28E3-4BCE-AE34-712CF133831C}.Release|x86.ActiveCfg = Release|Any CPU
		{4C096A1A-28E3-4BCE-AE34-712CF133831C}.Release|x86.Build.0 = Release|Any CPU
		{865F4CF3-1048-4B4F-8FF6-ACAEE5ABDEBB}.Debug|Any CPU.ActiveCfg = Debug|Any CPU
		{865F4CF3-1048-4B4F-8FF6-ACAEE5ABDEBB}.Debug|Any CPU.Build.0 = Debug|Any CPU
		{865F4CF3-1048-4B4F-8FF6-ACAEE5ABDEBB}.Debug|x64.ActiveCfg = Debug|Any CPU
		{865F4CF3-1048-4B4F-8FF6-ACAEE5ABDEBB}.Debug|x64.Build.0 = Debug|Any CPU
		{865F4CF3-1048-4B4F-8FF6-ACAEE5ABDEBB}.Debug|x86.ActiveCfg = Debug|Any CPU
		{865F4CF3-1048-4B4F-8FF6-ACAEE5ABDEBB}.Debug|x86.Build.0 = Debug|Any CPU
		{865F4CF3-1048-4B4F-8FF6-ACAEE5ABDEBB}.Release|Any CPU.ActiveCfg = Release|Any CPU
		{865F4CF3-1048-4B4F-8FF6-ACAEE5ABDEBB}.Release|Any CPU.Build.0 = Release|Any CPU
		{865F4CF3-1048-4B4F-8FF6-ACAEE5ABDEBB}.Release|x64.ActiveCfg = Release|Any CPU
		{865F4CF3-1048-4B4F-8FF6-ACAEE5ABDEBB}.Release|x64.Build.0 = Release|Any CPU
		{865F4CF3-1048-4B4F-8FF6-ACAEE5ABDEBB}.Release|x86.ActiveCfg = Release|Any CPU
		{865F4CF3-1048-4B4F-8FF6-ACAEE5ABDEBB}.Release|x86.Build.0 = Release|Any CPU
		{5B12BED2-D43B-46E3-8D41-34E50AADF5EF}.Debug|Any CPU.ActiveCfg = Debug|Any CPU
		{5B12BED2-D43B-46E3-8D41-34E50AADF5EF}.Debug|Any CPU.Build.0 = Debug|Any CPU
		{5B12BED2-D43B-46E3-8D41-34E50AADF5EF}.Debug|x64.ActiveCfg = Debug|Any CPU
		{5B12BED2-D43B-46E3-8D41-34E50AADF5EF}.Debug|x64.Build.0 = Debug|Any CPU
		{5B12BED2-D43B-46E3-8D41-34E50AADF5EF}.Debug|x86.ActiveCfg = Debug|Any CPU
		{5B12BED2-D43B-46E3-8D41-34E50AADF5EF}.Debug|x86.Build.0 = Debug|Any CPU
		{5B12BED2-D43B-46E3-8D41-34E50AADF5EF}.Release|Any CPU.ActiveCfg = Release|Any CPU
		{5B12BED2-D43B-46E3-8D41-34E50AADF5EF}.Release|Any CPU.Build.0 = Release|Any CPU
		{5B12BED2-D43B-46E3-8D41-34E50AADF5EF}.Release|x64.ActiveCfg = Release|Any CPU
		{5B12BED2-D43B-46E3-8D41-34E50AADF5EF}.Release|x64.Build.0 = Release|Any CPU
		{5B12BED2-D43B-46E3-8D41-34E50AADF5EF}.Release|x86.ActiveCfg = Release|Any CPU
		{5B12BED2-D43B-46E3-8D41-34E50AADF5EF}.Release|x86.Build.0 = Release|Any CPU
		{740B237B-2764-486E-8AD1-B2156FBD9020}.Debug|Any CPU.ActiveCfg = Debug|Any CPU
		{740B237B-2764-486E-8AD1-B2156FBD9020}.Debug|Any CPU.Build.0 = Debug|Any CPU
		{740B237B-2764-486E-8AD1-B2156FBD9020}.Debug|x64.ActiveCfg = Debug|Any CPU
		{740B237B-2764-486E-8AD1-B2156FBD9020}.Debug|x64.Build.0 = Debug|Any CPU
		{740B237B-2764-486E-8AD1-B2156FBD9020}.Debug|x86.ActiveCfg = Debug|Any CPU
		{740B237B-2764-486E-8AD1-B2156FBD9020}.Debug|x86.Build.0 = Debug|Any CPU
		{740B237B-2764-486E-8AD1-B2156FBD9020}.Release|Any CPU.ActiveCfg = Release|Any CPU
		{740B237B-2764-486E-8AD1-B2156FBD9020}.Release|Any CPU.Build.0 = Release|Any CPU
		{740B237B-2764-486E-8AD1-B2156FBD9020}.Release|x64.ActiveCfg = Release|Any CPU
		{740B237B-2764-486E-8AD1-B2156FBD9020}.Release|x64.Build.0 = Release|Any CPU
		{740B237B-2764-486E-8AD1-B2156FBD9020}.Release|x86.ActiveCfg = Release|Any CPU
		{740B237B-2764-486E-8AD1-B2156FBD9020}.Release|x86.Build.0 = Release|Any CPU
		{F8969484-5A82-455E-9E5E-5F6797B82BB8}.Debug|Any CPU.ActiveCfg = Debug|Any CPU
		{F8969484-5A82-455E-9E5E-5F6797B82BB8}.Debug|Any CPU.Build.0 = Debug|Any CPU
		{F8969484-5A82-455E-9E5E-5F6797B82BB8}.Debug|x64.ActiveCfg = Debug|Any CPU
		{F8969484-5A82-455E-9E5E-5F6797B82BB8}.Debug|x64.Build.0 = Debug|Any CPU
		{F8969484-5A82-455E-9E5E-5F6797B82BB8}.Debug|x86.ActiveCfg = Debug|Any CPU
		{F8969484-5A82-455E-9E5E-5F6797B82BB8}.Debug|x86.Build.0 = Debug|Any CPU
		{F8969484-5A82-455E-9E5E-5F6797B82BB8}.Release|Any CPU.ActiveCfg = Release|Any CPU
		{F8969484-5A82-455E-9E5E-5F6797B82BB8}.Release|Any CPU.Build.0 = Release|Any CPU
		{F8969484-5A82-455E-9E5E-5F6797B82BB8}.Release|x64.ActiveCfg = Release|Any CPU
		{F8969484-5A82-455E-9E5E-5F6797B82BB8}.Release|x64.Build.0 = Release|Any CPU
		{F8969484-5A82-455E-9E5E-5F6797B82BB8}.Release|x86.ActiveCfg = Release|Any CPU
		{F8969484-5A82-455E-9E5E-5F6797B82BB8}.Release|x86.Build.0 = Release|Any CPU
		{A8A36155-8270-44E1-B312-586FB91327D8}.Debug|Any CPU.ActiveCfg = Debug|Any CPU
		{A8A36155-8270-44E1-B312-586FB91327D8}.Debug|Any CPU.Build.0 = Debug|Any CPU
		{A8A36155-8270-44E1-B312-586FB91327D8}.Debug|x64.ActiveCfg = Debug|Any CPU
		{A8A36155-8270-44E1-B312-586FB91327D8}.Debug|x64.Build.0 = Debug|Any CPU
		{A8A36155-8270-44E1-B312-586FB91327D8}.Debug|x86.ActiveCfg = Debug|Any CPU
		{A8A36155-8270-44E1-B312-586FB91327D8}.Debug|x86.Build.0 = Debug|Any CPU
		{A8A36155-8270-44E1-B312-586FB91327D8}.Release|Any CPU.ActiveCfg = Release|Any CPU
		{A8A36155-8270-44E1-B312-586FB91327D8}.Release|Any CPU.Build.0 = Release|Any CPU
		{A8A36155-8270-44E1-B312-586FB91327D8}.Release|x64.ActiveCfg = Release|Any CPU
		{A8A36155-8270-44E1-B312-586FB91327D8}.Release|x64.Build.0 = Release|Any CPU
		{A8A36155-8270-44E1-B312-586FB91327D8}.Release|x86.ActiveCfg = Release|Any CPU
		{A8A36155-8270-44E1-B312-586FB91327D8}.Release|x86.Build.0 = Release|Any CPU
		{9E93B1FA-3389-47AD-8CA9-60AD7B5209E0}.Debug|Any CPU.ActiveCfg = Debug|Any CPU
		{9E93B1FA-3389-47AD-8CA9-60AD7B5209E0}.Debug|Any CPU.Build.0 = Debug|Any CPU
		{9E93B1FA-3389-47AD-8CA9-60AD7B5209E0}.Debug|x64.ActiveCfg = Debug|Any CPU
		{9E93B1FA-3389-47AD-8CA9-60AD7B5209E0}.Debug|x64.Build.0 = Debug|Any CPU
		{9E93B1FA-3389-47AD-8CA9-60AD7B5209E0}.Debug|x86.ActiveCfg = Debug|Any CPU
		{9E93B1FA-3389-47AD-8CA9-60AD7B5209E0}.Debug|x86.Build.0 = Debug|Any CPU
		{9E93B1FA-3389-47AD-8CA9-60AD7B5209E0}.Release|Any CPU.ActiveCfg = Release|Any CPU
		{9E93B1FA-3389-47AD-8CA9-60AD7B5209E0}.Release|Any CPU.Build.0 = Release|Any CPU
		{9E93B1FA-3389-47AD-8CA9-60AD7B5209E0}.Release|x64.ActiveCfg = Release|Any CPU
		{9E93B1FA-3389-47AD-8CA9-60AD7B5209E0}.Release|x64.Build.0 = Release|Any CPU
		{9E93B1FA-3389-47AD-8CA9-60AD7B5209E0}.Release|x86.ActiveCfg = Release|Any CPU
		{9E93B1FA-3389-47AD-8CA9-60AD7B5209E0}.Release|x86.Build.0 = Release|Any CPU
		{867F3F06-E2CC-4FC4-AE06-41CC1B4EAFB2}.Debug|Any CPU.ActiveCfg = Debug|Any CPU
		{867F3F06-E2CC-4FC4-AE06-41CC1B4EAFB2}.Debug|Any CPU.Build.0 = Debug|Any CPU
		{867F3F06-E2CC-4FC4-AE06-41CC1B4EAFB2}.Debug|x64.ActiveCfg = Debug|Any CPU
		{867F3F06-E2CC-4FC4-AE06-41CC1B4EAFB2}.Debug|x64.Build.0 = Debug|Any CPU
		{867F3F06-E2CC-4FC4-AE06-41CC1B4EAFB2}.Debug|x86.ActiveCfg = Debug|Any CPU
		{867F3F06-E2CC-4FC4-AE06-41CC1B4EAFB2}.Debug|x86.Build.0 = Debug|Any CPU
		{867F3F06-E2CC-4FC4-AE06-41CC1B4EAFB2}.Release|Any CPU.ActiveCfg = Release|Any CPU
		{867F3F06-E2CC-4FC4-AE06-41CC1B4EAFB2}.Release|Any CPU.Build.0 = Release|Any CPU
		{867F3F06-E2CC-4FC4-AE06-41CC1B4EAFB2}.Release|x64.ActiveCfg = Release|Any CPU
		{867F3F06-E2CC-4FC4-AE06-41CC1B4EAFB2}.Release|x64.Build.0 = Release|Any CPU
		{867F3F06-E2CC-4FC4-AE06-41CC1B4EAFB2}.Release|x86.ActiveCfg = Release|Any CPU
		{867F3F06-E2CC-4FC4-AE06-41CC1B4EAFB2}.Release|x86.Build.0 = Release|Any CPU
		{E60C5924-D566-48CB-A14B-3791D835F5CC}.Debug|Any CPU.ActiveCfg = Debug|Any CPU
		{E60C5924-D566-48CB-A14B-3791D835F5CC}.Debug|Any CPU.Build.0 = Debug|Any CPU
		{E60C5924-D566-48CB-A14B-3791D835F5CC}.Debug|x64.ActiveCfg = Debug|Any CPU
		{E60C5924-D566-48CB-A14B-3791D835F5CC}.Debug|x64.Build.0 = Debug|Any CPU
		{E60C5924-D566-48CB-A14B-3791D835F5CC}.Debug|x86.ActiveCfg = Debug|Any CPU
		{E60C5924-D566-48CB-A14B-3791D835F5CC}.Debug|x86.Build.0 = Debug|Any CPU
		{E60C5924-D566-48CB-A14B-3791D835F5CC}.Release|Any CPU.ActiveCfg = Release|Any CPU
		{E60C5924-D566-48CB-A14B-3791D835F5CC}.Release|Any CPU.Build.0 = Release|Any CPU
		{E60C5924-D566-48CB-A14B-3791D835F5CC}.Release|x64.ActiveCfg = Release|Any CPU
		{E60C5924-D566-48CB-A14B-3791D835F5CC}.Release|x64.Build.0 = Release|Any CPU
		{E60C5924-D566-48CB-A14B-3791D835F5CC}.Release|x86.ActiveCfg = Release|Any CPU
		{E60C5924-D566-48CB-A14B-3791D835F5CC}.Release|x86.Build.0 = Release|Any CPU
		{66FAB072-F9DE-42D4-81E8-E07DC03FCD8F}.Debug|Any CPU.ActiveCfg = Debug|Any CPU
		{66FAB072-F9DE-42D4-81E8-E07DC03FCD8F}.Debug|Any CPU.Build.0 = Debug|Any CPU
		{66FAB072-F9DE-42D4-81E8-E07DC03FCD8F}.Debug|x64.ActiveCfg = Debug|Any CPU
		{66FAB072-F9DE-42D4-81E8-E07DC03FCD8F}.Debug|x64.Build.0 = Debug|Any CPU
		{66FAB072-F9DE-42D4-81E8-E07DC03FCD8F}.Debug|x86.ActiveCfg = Debug|Any CPU
		{66FAB072-F9DE-42D4-81E8-E07DC03FCD8F}.Debug|x86.Build.0 = Debug|Any CPU
		{66FAB072-F9DE-42D4-81E8-E07DC03FCD8F}.Release|Any CPU.ActiveCfg = Release|Any CPU
		{66FAB072-F9DE-42D4-81E8-E07DC03FCD8F}.Release|Any CPU.Build.0 = Release|Any CPU
		{66FAB072-F9DE-42D4-81E8-E07DC03FCD8F}.Release|x64.ActiveCfg = Release|Any CPU
		{66FAB072-F9DE-42D4-81E8-E07DC03FCD8F}.Release|x64.Build.0 = Release|Any CPU
		{66FAB072-F9DE-42D4-81E8-E07DC03FCD8F}.Release|x86.ActiveCfg = Release|Any CPU
		{66FAB072-F9DE-42D4-81E8-E07DC03FCD8F}.Release|x86.Build.0 = Release|Any CPU
		{EE54FEB7-A5E0-4A09-9E30-5C3B5BF966EB}.Debug|Any CPU.ActiveCfg = Debug|Any CPU
		{EE54FEB7-A5E0-4A09-9E30-5C3B5BF966EB}.Debug|Any CPU.Build.0 = Debug|Any CPU
		{EE54FEB7-A5E0-4A09-9E30-5C3B5BF966EB}.Debug|x64.ActiveCfg = Debug|Any CPU
		{EE54FEB7-A5E0-4A09-9E30-5C3B5BF966EB}.Debug|x64.Build.0 = Debug|Any CPU
		{EE54FEB7-A5E0-4A09-9E30-5C3B5BF966EB}.Debug|x86.ActiveCfg = Debug|Any CPU
		{EE54FEB7-A5E0-4A09-9E30-5C3B5BF966EB}.Debug|x86.Build.0 = Debug|Any CPU
		{EE54FEB7-A5E0-4A09-9E30-5C3B5BF966EB}.Release|Any CPU.ActiveCfg = Release|Any CPU
		{EE54FEB7-A5E0-4A09-9E30-5C3B5BF966EB}.Release|Any CPU.Build.0 = Release|Any CPU
		{EE54FEB7-A5E0-4A09-9E30-5C3B5BF966EB}.Release|x64.ActiveCfg = Release|Any CPU
		{EE54FEB7-A5E0-4A09-9E30-5C3B5BF966EB}.Release|x64.Build.0 = Release|Any CPU
		{EE54FEB7-A5E0-4A09-9E30-5C3B5BF966EB}.Release|x86.ActiveCfg = Release|Any CPU
		{EE54FEB7-A5E0-4A09-9E30-5C3B5BF966EB}.Release|x86.Build.0 = Release|Any CPU
		{B248E23F-171A-4784-B572-C7A3735EC251}.Debug|Any CPU.ActiveCfg = Debug|Any CPU
		{B248E23F-171A-4784-B572-C7A3735EC251}.Debug|Any CPU.Build.0 = Debug|Any CPU
		{B248E23F-171A-4784-B572-C7A3735EC251}.Debug|x64.ActiveCfg = Debug|Any CPU
		{B248E23F-171A-4784-B572-C7A3735EC251}.Debug|x64.Build.0 = Debug|Any CPU
		{B248E23F-171A-4784-B572-C7A3735EC251}.Debug|x86.ActiveCfg = Debug|Any CPU
		{B248E23F-171A-4784-B572-C7A3735EC251}.Debug|x86.Build.0 = Debug|Any CPU
		{B248E23F-171A-4784-B572-C7A3735EC251}.Release|Any CPU.ActiveCfg = Release|Any CPU
		{B248E23F-171A-4784-B572-C7A3735EC251}.Release|Any CPU.Build.0 = Release|Any CPU
		{B248E23F-171A-4784-B572-C7A3735EC251}.Release|x64.ActiveCfg = Release|Any CPU
		{B248E23F-171A-4784-B572-C7A3735EC251}.Release|x64.Build.0 = Release|Any CPU
		{B248E23F-171A-4784-B572-C7A3735EC251}.Release|x86.ActiveCfg = Release|Any CPU
		{B248E23F-171A-4784-B572-C7A3735EC251}.Release|x86.Build.0 = Release|Any CPU
		{0AFA4405-2899-46A8-BC3F-EA62D32C2E1F}.Debug|Any CPU.ActiveCfg = Debug|Any CPU
		{0AFA4405-2899-46A8-BC3F-EA62D32C2E1F}.Debug|Any CPU.Build.0 = Debug|Any CPU
		{0AFA4405-2899-46A8-BC3F-EA62D32C2E1F}.Debug|x64.ActiveCfg = Debug|Any CPU
		{0AFA4405-2899-46A8-BC3F-EA62D32C2E1F}.Debug|x64.Build.0 = Debug|Any CPU
		{0AFA4405-2899-46A8-BC3F-EA62D32C2E1F}.Debug|x86.ActiveCfg = Debug|Any CPU
		{0AFA4405-2899-46A8-BC3F-EA62D32C2E1F}.Debug|x86.Build.0 = Debug|Any CPU
		{0AFA4405-2899-46A8-BC3F-EA62D32C2E1F}.Release|Any CPU.ActiveCfg = Release|Any CPU
		{0AFA4405-2899-46A8-BC3F-EA62D32C2E1F}.Release|Any CPU.Build.0 = Release|Any CPU
		{0AFA4405-2899-46A8-BC3F-EA62D32C2E1F}.Release|x64.ActiveCfg = Release|Any CPU
		{0AFA4405-2899-46A8-BC3F-EA62D32C2E1F}.Release|x64.Build.0 = Release|Any CPU
		{0AFA4405-2899-46A8-BC3F-EA62D32C2E1F}.Release|x86.ActiveCfg = Release|Any CPU
		{0AFA4405-2899-46A8-BC3F-EA62D32C2E1F}.Release|x86.Build.0 = Release|Any CPU
	EndGlobalSection
	GlobalSection(SolutionProperties) = preSolution
		HideSolutionNode = FALSE
	EndGlobalSection
	GlobalSection(ExtensibilityGlobals) = postSolution
		SolutionGuid = {EADFB34F-CAD5-4288-9D5C-82CE65A4E7F9}
	EndGlobalSection
EndGlobal
