
Microsoft Visual Studio Solution File, Format Version 12.00
# Visual Studio Version 16
VisualStudioVersion = 16.0.30001.183
MinimumVisualStudioVersion = 15.0.26124.0
Project("{FAE04EC0-301F-11D3-BF4B-00C04F79EFBC}") = "Frank.Extensions.Enums", "Frank.Extensions.Enums\Frank.Extensions.Enums.csproj", "{FBB47121-B19A-4545-A67E-186BF2FD438A}"
EndProject
Project("{FAE04EC0-301F-11D3-BF4B-00C04F79EFBC}") = "Frank.Extensions.Json", "Frank.Extensions.Json\Frank.Extensions.Json.csproj", "{67A9130D-D854-49D7-ADBA-BC3FA5E029E6}"
EndProject
Project("{FAE04EC0-301F-11D3-BF4B-00C04F79EFBC}") = "Frank.Extensions.Json.DependencyInjection", "Frank.Extensions.Json.DependencyInjection\Frank.Extensions.Json.DependencyInjection.csproj", "{B2FE58CC-3124-4EB0-9207-AD05A8D65EF4}"
EndProject
Global
	GlobalSection(SolutionConfigurationPlatforms) = preSolution
		Debug|Any CPU = Debug|Any CPU
		Debug|x64 = Debug|x64
		Debug|x86 = Debug|x86
		Release|Any CPU = Release|Any CPU
		Release|x64 = Release|x64
		Release|x86 = Release|x86
	EndGlobalSection
	GlobalSection(ProjectConfigurationPlatforms) = postSolution
		{FBB47121-B19A-4545-A67E-186BF2FD438A}.Debug|Any CPU.ActiveCfg = Debug|Any CPU
		{FBB47121-B19A-4545-A67E-186BF2FD438A}.Debug|Any CPU.Build.0 = Debug|Any CPU
		{FBB47121-B19A-4545-A67E-186BF2FD438A}.Debug|x64.ActiveCfg = Debug|Any CPU
		{FBB47121-B19A-4545-A67E-186BF2FD438A}.Debug|x64.Build.0 = Debug|Any CPU
		{FBB47121-B19A-4545-A67E-186BF2FD438A}.Debug|x86.ActiveCfg = Debug|Any CPU
		{FBB47121-B19A-4545-A67E-186BF2FD438A}.Debug|x86.Build.0 = Debug|Any CPU
		{FBB47121-B19A-4545-A67E-186BF2FD438A}.Release|Any CPU.ActiveCfg = Release|Any CPU
		{FBB47121-B19A-4545-A67E-186BF2FD438A}.Release|Any CPU.Build.0 = Release|Any CPU
		{FBB47121-B19A-4545-A67E-186BF2FD438A}.Release|x64.ActiveCfg = Release|Any CPU
		{FBB47121-B19A-4545-A67E-186BF2FD438A}.Release|x64.Build.0 = Release|Any CPU
		{FBB47121-B19A-4545-A67E-186BF2FD438A}.Release|x86.ActiveCfg = Release|Any CPU
		{FBB47121-B19A-4545-A67E-186BF2FD438A}.Release|x86.Build.0 = Release|Any CPU
		{67A9130D-D854-49D7-ADBA-BC3FA5E029E6}.Debug|Any CPU.ActiveCfg = Debug|Any CPU
		{67A9130D-D854-49D7-ADBA-BC3FA5E029E6}.Debug|Any CPU.Build.0 = Debug|Any CPU
		{67A9130D-D854-49D7-ADBA-BC3FA5E029E6}.Debug|x64.ActiveCfg = Debug|Any CPU
		{67A9130D-D854-49D7-ADBA-BC3FA5E029E6}.Debug|x64.Build.0 = Debug|Any CPU
		{67A9130D-D854-49D7-ADBA-BC3FA5E029E6}.Debug|x86.ActiveCfg = Debug|Any CPU
		{67A9130D-D854-49D7-ADBA-BC3FA5E029E6}.Debug|x86.Build.0 = Debug|Any CPU
		{67A9130D-D854-49D7-ADBA-BC3FA5E029E6}.Release|Any CPU.ActiveCfg = Release|Any CPU
		{67A9130D-D854-49D7-ADBA-BC3FA5E029E6}.Release|Any CPU.Build.0 = Release|Any CPU
		{67A9130D-D854-49D7-ADBA-BC3FA5E029E6}.Release|x64.ActiveCfg = Release|Any CPU
		{67A9130D-D854-49D7-ADBA-BC3FA5E029E6}.Release|x64.Build.0 = Release|Any CPU
		{67A9130D-D854-49D7-ADBA-BC3FA5E029E6}.Release|x86.ActiveCfg = Release|Any CPU
		{67A9130D-D854-49D7-ADBA-BC3FA5E029E6}.Release|x86.Build.0 = Release|Any CPU
		{B2FE58CC-3124-4EB0-9207-AD05A8D65EF4}.Debug|Any CPU.ActiveCfg = Debug|Any CPU
		{B2FE58CC-3124-4EB0-9207-AD05A8D65EF4}.Debug|Any CPU.Build.0 = Debug|Any CPU
		{B2FE58CC-3124-4EB0-9207-AD05A8D65EF4}.Debug|x64.ActiveCfg = Debug|Any CPU
		{B2FE58CC-3124-4EB0-9207-AD05A8D65EF4}.Debug|x64.Build.0 = Debug|Any CPU
		{B2FE58CC-3124-4EB0-9207-AD05A8D65EF4}.Debug|x86.ActiveCfg = Debug|Any CPU
		{B2FE58CC-3124-4EB0-9207-AD05A8D65EF4}.Debug|x86.Build.0 = Debug|Any CPU
		{B2FE58CC-3124-4EB0-9207-AD05A8D65EF4}.Release|Any CPU.ActiveCfg = Release|Any CPU
		{B2FE58CC-3124-4EB0-9207-AD05A8D65EF4}.Release|Any CPU.Build.0 = Release|Any CPU
		{B2FE58CC-3124-4EB0-9207-AD05A8D65EF4}.Release|x64.ActiveCfg = Release|Any CPU
		{B2FE58CC-3124-4EB0-9207-AD05A8D65EF4}.Release|x64.Build.0 = Release|Any CPU
		{B2FE58CC-3124-4EB0-9207-AD05A8D65EF4}.Release|x86.ActiveCfg = Release|Any CPU
		{B2FE58CC-3124-4EB0-9207-AD05A8D65EF4}.Release|x86.Build.0 = Release|Any CPU
	EndGlobalSection
	GlobalSection(SolutionProperties) = preSolution
		HideSolutionNode = FALSE
	EndGlobalSection
	GlobalSection(ExtensibilityGlobals) = postSolution
		SolutionGuid = {EADFB34F-CAD5-4288-9D5C-82CE65A4E7F9}
	EndGlobalSection
EndGlobal
