
Microsoft Visual Studio Solution File, Format Version 12.00
# Visual Studio Version 17
VisualStudioVersion = 17.0.31903.59
MinimumVisualStudioVersion = 10.0.40219.1
Project("{FAE04EC0-301F-11D3-BF4B-00C04F79EFBC}") = "Frank.Libraries.FluentValidation", "Frank.Libraries.FluentValidation.csproj", "{58E3019F-CE80-44F4-A33D-3FE1E8363171}"
EndProject
Global
	GlobalSection(SolutionConfigurationPlatforms) = preSolution
		Debug|Any CPU = Debug|Any CPU
		Release|Any CPU = Release|Any CPU
	EndGlobalSection
	GlobalSection(SolutionProperties) = preSolution
		HideSolutionNode = FALSE
	EndGlobalSection
	GlobalSection(ProjectConfigurationPlatforms) = postSolution
		{58E3019F-CE80-44F4-A33D-3FE1E8363171}.Debug|Any CPU.ActiveCfg = Debug|Any CPU
		{58E3019F-CE80-44F4-A33D-3FE1E8363171}.Debug|Any CPU.Build.0 = Debug|Any CPU
		{58E3019F-CE80-44F4-A33D-3FE1E8363171}.Release|Any CPU.ActiveCfg = Release|Any CPU
		{58E3019F-CE80-44F4-A33D-3FE1E8363171}.Release|Any CPU.Build.0 = Release|Any CPU
	EndGlobalSection
EndGlobal
