
Microsoft Visual Studio Solution File, Format Version 12.00
# Visual Studio Version 17
VisualStudioVersion = 17.0.31903.59
MinimumVisualStudioVersion = 10.0.40219.1
Project("{FAE04EC0-301F-11D3-BF4B-00C04F79EFBC}") = "Frank.Libraries.Rest", "Frank.Libraries.Rest\Frank.Libraries.Rest.csproj", "{EF759C30-E006-4B2D-8DFD-3E3C20E17055}"
EndProject
Global
	GlobalSection(SolutionConfigurationPlatforms) = preSolution
		Debug|Any CPU = Debug|Any CPU
		Release|Any CPU = Release|Any CPU
	EndGlobalSection
	GlobalSection(SolutionProperties) = preSolution
		HideSolutionNode = FALSE
	EndGlobalSection
	GlobalSection(ProjectConfigurationPlatforms) = postSolution
		{EF759C30-E006-4B2D-8DFD-3E3C20E17055}.Debug|Any CPU.ActiveCfg = Debug|Any CPU
		{EF759C30-E006-4B2D-8DFD-3E3C20E17055}.Debug|Any CPU.Build.0 = Debug|Any CPU
		{EF759C30-E006-4B2D-8DFD-3E3C20E17055}.Release|Any CPU.ActiveCfg = Release|Any CPU
		{EF759C30-E006-4B2D-8DFD-3E3C20E17055}.Release|Any CPU.Build.0 = Release|Any CPU
	EndGlobalSection
EndGlobal
