
Microsoft Visual Studio Solution File, Format Version 12.00
# Visual Studio Version 17
VisualStudioVersion = 17.0.31606.5
MinimumVisualStudioVersion = 15.0.26124.0
Project("{2150E333-8FDC-42A3-9474-1A3956D46DE8}") = "Solution Items", "Solution Items", "{B59B3D8F-E264-43C5-AC5D-B2C9D016A6FA}"
	ProjectSection(SolutionItems) = preProject
		.dockerignore = .dockerignore
		.editorconfig = .editorconfig
		..\.gitignore = ..\.gitignore
		CodeMaid.config = CodeMaid.config
		icon.png = icon.png
		..\LICENSE = ..\LICENSE
		..\README.md = ..\README.md
		nuget.config = nuget.config
		global.json = global.json
		Directory.Build.props = Directory.Build.props
		build.ps1 = build.ps1
	EndProjectSection
EndProject
Project("{2150E333-8FDC-42A3-9474-1A3956D46DE8}") = "Frank.Libraries.AutoFixture", "Frank.Libraries.AutoFixture", "{F394BB2A-81FC-413E-ADDD-18667DA6E0E7}"
EndProject
Project("{FAE04EC0-301F-11D3-BF4B-00C04F79EFBC}") = "Frank.Libraries.AutoFixture", "Frank.Libraries.AutoFixture\Frank.Libraries.AutoFixture\Frank.Libraries.AutoFixture.csproj", "{528FA127-1BD6-4FAA-964B-54B8B66DD7BE}"
EndProject
Project("{FAE04EC0-301F-11D3-BF4B-00C04F79EFBC}") = "Frank.Libraries.AutoFixture.Tests", "Frank.Libraries.AutoFixture\Frank.Libraries.AutoFixture.Tests\Frank.Libraries.AutoFixture.Tests.csproj", "{4580F350-15FE-4E84-8479-59E734537DE7}"
EndProject
Project("{2150E333-8FDC-42A3-9474-1A3956D46DE8}") = "Frank.Libraries.AzureServiceBus", "Frank.Libraries.AzureServiceBus", "{F37BEAA8-8189-41F4-A863-1ACF9E0240AF}"
EndProject
Project("{FAE04EC0-301F-11D3-BF4B-00C04F79EFBC}") = "Frank.Libraries.AzureServiceBus", "Frank.Libraries.AzureServiceBus\Frank.Libraries.AzureServiceBus\Frank.Libraries.AzureServiceBus.csproj", "{DF0D0A5D-FEEC-475C-9032-DB320B891A9C}"
EndProject
Project("{FAE04EC0-301F-11D3-BF4B-00C04F79EFBC}") = "Frank.Libraries.AzureServiceBus.Tests", "Frank.Libraries.AzureServiceBus\Frank.Libraries.AzureServiceBus.Tests\Frank.Libraries.AzureServiceBus.Tests.csproj", "{21C7E496-59E3-4BFB-87DD-0A20481B741B}"
EndProject
Project("{2150E333-8FDC-42A3-9474-1A3956D46DE8}") = "Frank.Libraries.AzureStorage", "Frank.Libraries.AzureStorage", "{4AA97703-57AA-4552-B385-E9E04E986A34}"
EndProject
Project("{FAE04EC0-301F-11D3-BF4B-00C04F79EFBC}") = "Frank.Libraries.AzureStorage", "Frank.Libraries.AzureStorage\Frank.Libraries.AzureStorage\Frank.Libraries.AzureStorage.csproj", "{754DC5D6-E900-4488-9E7D-7F6408954BD5}"
EndProject
Project("{FAE04EC0-301F-11D3-BF4B-00C04F79EFBC}") = "Frank.Libraries.AzureStorage.Tests", "Frank.Libraries.AzureStorage\Frank.Libraries.AzureStorage.Tests\Frank.Libraries.AzureStorage.Tests.csproj", "{6A9975D1-64D4-487F-81C6-0EF6030C57FB}"
EndProject
Project("{2150E333-8FDC-42A3-9474-1A3956D46DE8}") = "Frank.Libraries.Brreg", "Frank.Libraries.Brreg", "{7A4CAD74-B404-44D4-9F58-26B1C0FFC598}"
EndProject
Project("{FAE04EC0-301F-11D3-BF4B-00C04F79EFBC}") = "Frank.Libraries.Brreg", "Frank.Libraries.Brreg\Frank.Libraries.Brreg\Frank.Libraries.Brreg.csproj", "{DAAF09FB-090E-4AA1-B65F-A35858E2C9DF}"
EndProject
Project("{FAE04EC0-301F-11D3-BF4B-00C04F79EFBC}") = "Frank.Libraries.Brreg.Tests", "Frank.Libraries.Brreg\Frank.Libraries.Brreg.Tests\Frank.Libraries.Brreg.Tests.csproj", "{756F2744-C05B-4D7E-BFB8-C5415590BD81}"
EndProject
Project("{2150E333-8FDC-42A3-9474-1A3956D46DE8}") = "Frank.Libraries.Calculators", "Frank.Libraries.Calculators", "{2F38799D-9926-4C40-91A8-0EEE71FB6265}"
EndProject
Project("{FAE04EC0-301F-11D3-BF4B-00C04F79EFBC}") = "Frank.Libraries.Calculators", "Frank.Libraries.Calculators\Frank.Libraries.Calculators\Frank.Libraries.Calculators.csproj", "{67E03B03-5786-411C-BBD8-D9C08ADC0C29}"
EndProject
Project("{FAE04EC0-301F-11D3-BF4B-00C04F79EFBC}") = "Frank.Libraries.Calculators.Tests", "Frank.Libraries.Calculators\Frank.Libraries.Calculators.Tests\Frank.Libraries.Calculators.Tests.csproj", "{786D3177-E0C1-4DED-B4B6-60D04343F316}"
EndProject
Project("{2150E333-8FDC-42A3-9474-1A3956D46DE8}") = "Frank.Libraries.CodeGeneration", "Frank.Libraries.CodeGeneration", "{DEC08707-162D-4376-B653-0A2C4B0782D2}"
EndProject
Project("{FAE04EC0-301F-11D3-BF4B-00C04F79EFBC}") = "Frank.Libraries.CodeGeneration", "Frank.Libraries.CodeGeneration\Frank.Libraries.CodeGeneration\Frank.Libraries.CodeGeneration.csproj", "{2DAFD205-75D8-425D-81A2-A895B49F52A9}"
EndProject
Project("{FAE04EC0-301F-11D3-BF4B-00C04F79EFBC}") = "Frank.Libraries.CodeGeneration.Tests", "Frank.Libraries.CodeGeneration\Frank.Libraries.CodeGeneration.Tests\Frank.Libraries.CodeGeneration.Tests.csproj", "{01BCBCA0-426B-4E79-860B-CBD90EDC0E60}"
EndProject
Project("{2150E333-8FDC-42A3-9474-1A3956D46DE8}") = "Frank.Libraries.Csv", "Frank.Libraries.Csv", "{0F8A841A-EAA4-4B01-8B97-09CB93E71FC0}"
EndProject
Project("{FAE04EC0-301F-11D3-BF4B-00C04F79EFBC}") = "Frank.Libraries.Csv", "Frank.Libraries.Csv\Frank.Libraries.Csv\Frank.Libraries.Csv.csproj", "{58DB44FD-636B-498E-9CEC-E869B2AB3C56}"
EndProject
Project("{FAE04EC0-301F-11D3-BF4B-00C04F79EFBC}") = "Frank.Libraries.Csv.Tests", "Frank.Libraries.Csv\Frank.Libraries.Csv.Tests\Frank.Libraries.Csv.Tests.csproj", "{7E34D279-7797-4CDE-A01B-52A359BB4FE6}"
EndProject
Project("{2150E333-8FDC-42A3-9474-1A3956D46DE8}") = "Frank.Libraries.Currency", "Frank.Libraries.Currency", "{55D87F15-E2F5-490F-B6AA-1FE091FF9FAE}"
EndProject
Project("{FAE04EC0-301F-11D3-BF4B-00C04F79EFBC}") = "Frank.Libraries.Currency", "Frank.Libraries.Currency\Frank.Libraries.Currency\Frank.Libraries.Currency.csproj", "{55BD2753-8875-48BE-B02D-ADC80ED6B788}"
EndProject
Project("{FAE04EC0-301F-11D3-BF4B-00C04F79EFBC}") = "Frank.Libraries.Currency.Tests", "Frank.Libraries.Currency\Frank.Libraries.Currency.Tests\Frank.Libraries.Currency.Tests.csproj", "{258C621A-5C1B-43CA-8502-52BC243F3420}"
EndProject
Project("{2150E333-8FDC-42A3-9474-1A3956D46DE8}") = "Frank.Libraries.DataProcessing", "Frank.Libraries.DataProcessing", "{188F742A-C7C6-44B6-9DB2-D6FF628D724E}"
EndProject
Project("{FAE04EC0-301F-11D3-BF4B-00C04F79EFBC}") = "Frank.Libraries.DataProcessing", "Frank.Libraries.DataProcessing\Frank.Libraries.DataProcessing\Frank.Libraries.DataProcessing.csproj", "{1B6CE5D7-95EF-4434-877B-300CC35E4828}"
EndProject
Project("{FAE04EC0-301F-11D3-BF4B-00C04F79EFBC}") = "Frank.Libraries.DataProcessing.Tests", "Frank.Libraries.DataProcessing\Frank.Libraries.DataProcessing.Tests\Frank.Libraries.DataProcessing.Tests.csproj", "{450A2878-191A-475F-BBDE-1DFB7EF0C7C9}"
EndProject
Project("{2150E333-8FDC-42A3-9474-1A3956D46DE8}") = "Frank.Libraries.DataStorage", "Frank.Libraries.DataStorage", "{3F5A5B06-0999-42EE-9BFB-3974C1C3190D}"
EndProject
Project("{FAE04EC0-301F-11D3-BF4B-00C04F79EFBC}") = "Frank.Libraries.DataStorage", "Frank.Libraries.DataStorage\Frank.Libraries.DataStorage\Frank.Libraries.DataStorage.csproj", "{C77872C9-8E96-42C7-986A-D7673FF62F78}"
EndProject
Project("{FAE04EC0-301F-11D3-BF4B-00C04F79EFBC}") = "Frank.Libraries.DataStorage.Tests", "Frank.Libraries.DataStorage\Frank.Libraries.DataStorage.Tests\Frank.Libraries.DataStorage.Tests.csproj", "{6F8EA8DF-FF76-4A53-A1B9-4C2886110D56}"
EndProject
Project("{2150E333-8FDC-42A3-9474-1A3956D46DE8}") = "Frank.Libraries.Enums", "Frank.Libraries.Enums", "{6D16BAC1-2891-449C-9C46-7EED9CE7213E}"
EndProject
Project("{FAE04EC0-301F-11D3-BF4B-00C04F79EFBC}") = "Frank.Libraries.Enums", "Frank.Libraries.Enums\Frank.Libraries.Enums\Frank.Libraries.Enums.csproj", "{C4BD3154-5B43-4E85-8705-B50BA3B1A8D9}"
EndProject
Project("{FAE04EC0-301F-11D3-BF4B-00C04F79EFBC}") = "Frank.Libraries.Enums.Tests", "Frank.Libraries.Enums\Frank.Libraries.Enums.Tests\Frank.Libraries.Enums.Tests.csproj", "{8FB9CE8A-C8B7-4222-84D5-07798F112943}"
EndProject
Project("{2150E333-8FDC-42A3-9474-1A3956D46DE8}") = "Frank.Libraries.Extensions", "Frank.Libraries.Extensions", "{01F54743-6F7C-4784-9F22-B5F9B0B38948}"
EndProject
Project("{FAE04EC0-301F-11D3-BF4B-00C04F79EFBC}") = "Frank.Libraries.Extensions", "Frank.Libraries.Extensions\Frank.Libraries.Extensions\Frank.Libraries.Extensions.csproj", "{8999BB4A-2539-41EB-8BFC-1667EF4087C1}"
EndProject
Project("{FAE04EC0-301F-11D3-BF4B-00C04F79EFBC}") = "Frank.Libraries.Extensions.Tests", "Frank.Libraries.Extensions\Frank.Libraries.Extensions.Tests\Frank.Libraries.Extensions.Tests.csproj", "{13DFBE8E-33C2-430A-94AC-E5E20B13D8AA}"
EndProject
Project("{2150E333-8FDC-42A3-9474-1A3956D46DE8}") = "Frank.Libraries.Fiken", "Frank.Libraries.Fiken", "{8C3A8C84-EAE0-467C-BDB8-2ADB09D2F1E2}"
EndProject
Project("{FAE04EC0-301F-11D3-BF4B-00C04F79EFBC}") = "Frank.Libraries.Fiken", "Frank.Libraries.Fiken\Frank.Libraries.Fiken\Frank.Libraries.Fiken.csproj", "{F9D76432-82D6-4026-92B6-FD2764BB68B1}"
EndProject
Project("{FAE04EC0-301F-11D3-BF4B-00C04F79EFBC}") = "Frank.Libraries.Fiken.Tests", "Frank.Libraries.Fiken\Frank.Libraries.Fiken.Tests\Frank.Libraries.Fiken.Tests.csproj", "{0AC0A509-1E02-4954-A170-102A148D7220}"
EndProject
Project("{2150E333-8FDC-42A3-9474-1A3956D46DE8}") = "Frank.Libraries.FluentValidation", "Frank.Libraries.FluentValidation", "{ECB17361-07A8-4F19-B5E7-52947A98E6AF}"
EndProject
Project("{FAE04EC0-301F-11D3-BF4B-00C04F79EFBC}") = "Frank.Libraries.FluentValidation", "Frank.Libraries.FluentValidation\Frank.Libraries.FluentValidation\Frank.Libraries.FluentValidation.csproj", "{6BB86F2F-A4E8-4A2D-A0BD-0E8DCA151FD8}"
EndProject
Project("{FAE04EC0-301F-11D3-BF4B-00C04F79EFBC}") = "Frank.Libraries.FluentValidation.Tests", "Frank.Libraries.FluentValidation\Frank.Libraries.FluentValidation.Tests\Frank.Libraries.FluentValidation.Tests.csproj", "{2D477395-A6D6-4C74-9ED4-2AC1E08E11CE}"
EndProject
Project("{2150E333-8FDC-42A3-9474-1A3956D46DE8}") = "Frank.Libraries.Gaming", "Frank.Libraries.Gaming", "{46CD78FE-C66C-4648-8CF4-BA6359019BED}"
EndProject
Project("{FAE04EC0-301F-11D3-BF4B-00C04F79EFBC}") = "Frank.Libraries.Gaming", "Frank.Libraries.Gaming\Frank.Libraries.Gaming\Frank.Libraries.Gaming.csproj", "{3894010E-9894-472E-8470-F19C141AF70F}"
EndProject
Project("{FAE04EC0-301F-11D3-BF4B-00C04F79EFBC}") = "Frank.Libraries.Gaming.Tests", "Frank.Libraries.Gaming\Frank.Libraries.Gaming.Tests\Frank.Libraries.Gaming.Tests.csproj", "{8239EC11-2F6B-425D-A4BB-015AB447FB84}"
EndProject
Project("{2150E333-8FDC-42A3-9474-1A3956D46DE8}") = "Frank.Libraries.IRC", "Frank.Libraries.IRC", "{F543A0EC-1196-4B6B-B6E2-85406332ECD2}"
EndProject
Project("{FAE04EC0-301F-11D3-BF4B-00C04F79EFBC}") = "Frank.Libraries.IRC", "Frank.Libraries.IRC\Frank.Libraries.IRC\Frank.Libraries.IRC.csproj", "{D7088597-25D4-4344-A241-CE8FE6E7FA72}"
EndProject
Project("{FAE04EC0-301F-11D3-BF4B-00C04F79EFBC}") = "Frank.Libraries.IRC.Tests", "Frank.Libraries.IRC\Frank.Libraries.IRC.Tests\Frank.Libraries.IRC.Tests.csproj", "{B9EA073A-2281-4614-9CDA-C54B526B2CF3}"
EndProject
Project("{2150E333-8FDC-42A3-9474-1A3956D46DE8}") = "Frank.Libraries.Json", "Frank.Libraries.Json", "{1ACF7D89-F513-439D-AFE4-D1A9B0C7445D}"
EndProject
Project("{FAE04EC0-301F-11D3-BF4B-00C04F79EFBC}") = "Frank.Libraries.Json", "Frank.Libraries.Json\Frank.Libraries.Json\Frank.Libraries.Json.csproj", "{6E750E73-4BBC-4A71-B607-69C7AB9FB294}"
EndProject
Project("{FAE04EC0-301F-11D3-BF4B-00C04F79EFBC}") = "Frank.Libraries.Json.Tests", "Frank.Libraries.Json\Frank.Libraries.Json.Tests\Frank.Libraries.Json.Tests.csproj", "{BCBBF2AB-B1AF-4420-B31C-D5BFC4F4683C}"
EndProject
Project("{2150E333-8FDC-42A3-9474-1A3956D46DE8}") = "Frank.Libraries.Logging", "Frank.Libraries.Logging", "{51525AF2-B355-4C58-8328-57D8F48EC360}"
EndProject
Project("{FAE04EC0-301F-11D3-BF4B-00C04F79EFBC}") = "Frank.Libraries.Logging", "Frank.Libraries.Logging\Frank.Libraries.Logging\Frank.Libraries.Logging.csproj", "{1F440062-64FF-4209-B914-D9BAD4B89894}"
EndProject
Project("{FAE04EC0-301F-11D3-BF4B-00C04F79EFBC}") = "Frank.Libraries.Logging.Tests", "Frank.Libraries.Logging\Frank.Libraries.Logging.Tests\Frank.Libraries.Logging.Tests.csproj", "{8DCB2F50-8B59-473D-8CBF-D9BC9765E8B4}"
EndProject
Project("{2150E333-8FDC-42A3-9474-1A3956D46DE8}") = "Frank.Libraries.Machine", "Frank.Libraries.Machine", "{904BE003-FF54-40FF-80C8-6313A787695C}"
EndProject
Project("{FAE04EC0-301F-11D3-BF4B-00C04F79EFBC}") = "Frank.Libraries.Machine", "Frank.Libraries.Machine\Frank.Libraries.Machine\Frank.Libraries.Machine.csproj", "{DC069E5B-5BDC-4A61-A912-AA1A8F203D89}"
EndProject
Project("{FAE04EC0-301F-11D3-BF4B-00C04F79EFBC}") = "Frank.Libraries.Machine.Tests", "Frank.Libraries.Machine\Frank.Libraries.Machine.Tests\Frank.Libraries.Machine.Tests.csproj", "{577113F5-3F8A-4E53-BB49-E1F504F3336D}"
EndProject
Project("{2150E333-8FDC-42A3-9474-1A3956D46DE8}") = "Frank.Libraries.ML", "Frank.Libraries.ML", "{1381F8F8-EABE-415E-8416-A8BE1D9F29B7}"
EndProject
Project("{FAE04EC0-301F-11D3-BF4B-00C04F79EFBC}") = "Frank.Libraries.ML", "Frank.Libraries.ML\Frank.Libraries.ML\Frank.Libraries.ML.csproj", "{E8491F68-8180-403A-A02D-0D89DC99E2E6}"
EndProject
Project("{FAE04EC0-301F-11D3-BF4B-00C04F79EFBC}") = "Frank.Libraries.ML.Tests", "Frank.Libraries.ML\Frank.Libraries.ML.Tests\Frank.Libraries.ML.Tests.csproj", "{5CE99958-5BF4-4DA4-9453-6B4500A667BA}"
EndProject
Project("{2150E333-8FDC-42A3-9474-1A3956D46DE8}") = "Frank.Libraries.MongoDb", "Frank.Libraries.MongoDb", "{6552CB51-FAD6-4968-A521-04CB92FB4C64}"
EndProject
Project("{FAE04EC0-301F-11D3-BF4B-00C04F79EFBC}") = "Frank.Libraries.MongoDb", "Frank.Libraries.MongoDb\Frank.Libraries.MongoDb\Frank.Libraries.MongoDb.csproj", "{DB1593F9-BB8B-4A38-ADF5-2881859422B4}"
EndProject
Project("{FAE04EC0-301F-11D3-BF4B-00C04F79EFBC}") = "Frank.Libraries.MongoDb.Tests", "Frank.Libraries.MongoDb\Frank.Libraries.MongoDb.Tests\Frank.Libraries.MongoDb.Tests.csproj", "{DAF75F41-6FE6-4AD9-9949-F5B94259BE91}"
EndProject
Project("{2150E333-8FDC-42A3-9474-1A3956D46DE8}") = "Frank.Libraries.Networking", "Frank.Libraries.Networking", "{B4E6B0B8-B475-4925-A770-45352B284E3B}"
EndProject
Project("{FAE04EC0-301F-11D3-BF4B-00C04F79EFBC}") = "Frank.Libraries.Networking", "Frank.Libraries.Networking\Frank.Libraries.Networking\Frank.Libraries.Networking.csproj", "{CEAAEEF8-19A4-4C0D-ADF2-B47E2CD7A2B4}"
EndProject
Project("{FAE04EC0-301F-11D3-BF4B-00C04F79EFBC}") = "Frank.Libraries.Networking.Tests", "Frank.Libraries.Networking\Frank.Libraries.Networking.Tests\Frank.Libraries.Networking.Tests.csproj", "{CAF43C2E-40E0-44A6-8893-C18086989AAE}"
EndProject
Project("{2150E333-8FDC-42A3-9474-1A3956D46DE8}") = "Frank.Libraries.Rest", "Frank.Libraries.Rest", "{900F9DC6-BF5D-4FAF-8E61-3D6D1C6E8C37}"
EndProject
Project("{FAE04EC0-301F-11D3-BF4B-00C04F79EFBC}") = "Frank.Libraries.Rest", "Frank.Libraries.Rest\Frank.Libraries.Rest\Frank.Libraries.Rest.csproj", "{9DA377FE-1049-4E3F-97E2-9E8C2148C1AC}"
EndProject
Project("{FAE04EC0-301F-11D3-BF4B-00C04F79EFBC}") = "Frank.Libraries.Rest.Tests", "Frank.Libraries.Rest\Frank.Libraries.Rest.Tests\Frank.Libraries.Rest.Tests.csproj", "{FABDF021-9BBA-428F-9345-12A0EE863F52}"
EndProject
Project("{2150E333-8FDC-42A3-9474-1A3956D46DE8}") = "Frank.Libraries.RuleEngine", "Frank.Libraries.RuleEngine", "{B6601C9A-051C-4562-BFB7-B65D833DC119}"
EndProject
Project("{FAE04EC0-301F-11D3-BF4B-00C04F79EFBC}") = "Frank.Libraries.RuleEngine", "Frank.Libraries.RuleEngine\Frank.Libraries.RuleEngine\Frank.Libraries.RuleEngine.csproj", "{B50569DE-9DB5-4352-A988-2B803924F34B}"
EndProject
Project("{FAE04EC0-301F-11D3-BF4B-00C04F79EFBC}") = "Frank.Libraries.RuleEngine.Tests", "Frank.Libraries.RuleEngine\Frank.Libraries.RuleEngine.Tests\Frank.Libraries.RuleEngine.Tests.csproj", "{9D371699-4CB2-45AB-BDD8-AFC5A1CF5E5D}"
EndProject
Project("{2150E333-8FDC-42A3-9474-1A3956D46DE8}") = "Frank.Libraries.SBDH", "Frank.Libraries.SBDH", "{61CC4A85-1FB7-44B8-8804-B1B325514A30}"
EndProject
Project("{FAE04EC0-301F-11D3-BF4B-00C04F79EFBC}") = "Frank.Libraries.SBDH", "Frank.Libraries.SBDH\Frank.Libraries.SBDH\Frank.Libraries.SBDH.csproj", "{2B7E7E57-D561-4E70-85C9-A0DB68B3D130}"
EndProject
Project("{FAE04EC0-301F-11D3-BF4B-00C04F79EFBC}") = "Frank.Libraries.SBDH.Tests", "Frank.Libraries.SBDH\Frank.Libraries.SBDH.Tests\Frank.Libraries.SBDH.Tests.csproj", "{E713574F-98DC-4F20-9AD0-BFA4A65E58D3}"
EndProject
Project("{2150E333-8FDC-42A3-9474-1A3956D46DE8}") = "Frank.Libraries.Security", "Frank.Libraries.Security", "{A0644B03-C759-408E-92CA-BF14505283A6}"
EndProject
Project("{FAE04EC0-301F-11D3-BF4B-00C04F79EFBC}") = "Frank.Libraries.Security", "Frank.Libraries.Security\Frank.Libraries.Security\Frank.Libraries.Security.csproj", "{DB5C8236-A42A-4536-9D36-EB28AC567E86}"
EndProject
Project("{FAE04EC0-301F-11D3-BF4B-00C04F79EFBC}") = "Frank.Libraries.Security.Tests", "Frank.Libraries.Security\Frank.Libraries.Security.Tests\Frank.Libraries.Security.Tests.csproj", "{2F04D61D-C681-483B-BDF6-A23D7C2B34E9}"
EndProject
Project("{2150E333-8FDC-42A3-9474-1A3956D46DE8}") = "Frank.Libraries.Tests.Application", "Frank.Libraries.Tests.Application", "{E8B60001-32E2-4ED8-90A0-BE20D9D37609}"
EndProject
Project("{FAE04EC0-301F-11D3-BF4B-00C04F79EFBC}") = "Frank.Libraries.Tests.Application", "Frank.Libraries.Tests.Application\Frank.Libraries.Tests.Application\Frank.Libraries.Tests.Application.csproj", "{A47CD0B0-1022-4E6D-BFF3-E14198AAB318}"
EndProject
Project("{2150E333-8FDC-42A3-9474-1A3956D46DE8}") = "Frank.Libraries.Tests.Benchmark", "Frank.Libraries.Tests.Benchmark", "{FEA91185-E7CB-43E5-A348-7FFA3DC48060}"
EndProject
Project("{FAE04EC0-301F-11D3-BF4B-00C04F79EFBC}") = "Frank.Libraries.Tests.Benchmark", "Frank.Libraries.Tests.Benchmark\Frank.Libraries.Tests.Benchmark\Frank.Libraries.Tests.Benchmark.csproj", "{A0558D3D-4266-4B6A-A78F-85D5BCC6E774}"
EndProject
Project("{2150E333-8FDC-42A3-9474-1A3956D46DE8}") = "Frank.Libraries.Time", "Frank.Libraries.Time", "{A6C0B24D-756B-495E-867E-E4B10F5CA778}"
EndProject
Project("{FAE04EC0-301F-11D3-BF4B-00C04F79EFBC}") = "Frank.Libraries.Time", "Frank.Libraries.Time\Frank.Libraries.Time\Frank.Libraries.Time.csproj", "{D34B8542-A9F1-4BB8-B36F-5FC2D26EE961}"
EndProject
Project("{FAE04EC0-301F-11D3-BF4B-00C04F79EFBC}") = "Frank.Libraries.Time.Tests", "Frank.Libraries.Time\Frank.Libraries.Time.Tests\Frank.Libraries.Time.Tests.csproj", "{D890EBE7-D3CB-4C54-B1B2-5B2C671F1746}"
EndProject
Project("{2150E333-8FDC-42A3-9474-1A3956D46DE8}") = "Frank.Libraries.Ubl", "Frank.Libraries.Ubl", "{BC035945-1F23-49EC-A726-655E0DFE505E}"
EndProject
Project("{FAE04EC0-301F-11D3-BF4B-00C04F79EFBC}") = "Frank.Libraries.Ubl", "Frank.Libraries.Ubl\Frank.Libraries.Ubl\Frank.Libraries.Ubl.csproj", "{B2F8F7DB-4528-4070-BF1D-0E2975CABD47}"
EndProject
Project("{FAE04EC0-301F-11D3-BF4B-00C04F79EFBC}") = "Frank.Libraries.Ubl.Tests", "Frank.Libraries.Ubl\Frank.Libraries.Ubl.Tests\Frank.Libraries.Ubl.Tests.csproj", "{9DABC663-F81D-4ACA-A80B-453C987B12BE}"
EndProject
Project("{2150E333-8FDC-42A3-9474-1A3956D46DE8}") = "Frank.Libraries.Xml", "Frank.Libraries.Xml", "{BF4508F8-DE53-41A3-80D5-2C39B1015D78}"
EndProject
Project("{FAE04EC0-301F-11D3-BF4B-00C04F79EFBC}") = "Frank.Libraries.Xml", "Frank.Libraries.Xml\Frank.Libraries.Xml\Frank.Libraries.Xml.csproj", "{0D9A4F23-4921-4B9C-B96D-985090AD05E3}"
EndProject
Project("{FAE04EC0-301F-11D3-BF4B-00C04F79EFBC}") = "Frank.Libraries.Xml.Tests", "Frank.Libraries.Xml\Frank.Libraries.Xml.Tests\Frank.Libraries.Xml.Tests.csproj", "{C410B0FE-953A-4944-8E19-CE20711FE7DC}"
EndProject
Project("{2150E333-8FDC-42A3-9474-1A3956D46DE8}") = "Shared", "Shared", "{77EEA39D-1A91-43EE-A903-4ED47C07520C}"
EndProject
Project("{FAE04EC0-301F-11D3-BF4B-00C04F79EFBC}") = "TestingInfrastructure", "Shared\TestingInfrastructure\TestingInfrastructure.csproj", "{5CCB0894-23EF-4F9B-95BB-60A2B8D612A5}"
EndProject
Global
	GlobalSection(SolutionConfigurationPlatforms) = preSolution
		Debug|Any CPU = Debug|Any CPU
		Debug|x64 = Debug|x64
		Debug|x86 = Debug|x86
		Release|Any CPU = Release|Any CPU
		Release|x64 = Release|x64
		Release|x86 = Release|x86
	EndGlobalSection
	GlobalSection(ProjectConfigurationPlatforms) = postSolution
		{528FA127-1BD6-4FAA-964B-54B8B66DD7BE}.Debug|Any CPU.ActiveCfg = Debug|Any CPU
		{528FA127-1BD6-4FAA-964B-54B8B66DD7BE}.Debug|Any CPU.Build.0 = Debug|Any CPU
		{528FA127-1BD6-4FAA-964B-54B8B66DD7BE}.Debug|x64.ActiveCfg = Debug|Any CPU
		{528FA127-1BD6-4FAA-964B-54B8B66DD7BE}.Debug|x64.Build.0 = Debug|Any CPU
		{528FA127-1BD6-4FAA-964B-54B8B66DD7BE}.Debug|x86.ActiveCfg = Debug|Any CPU
		{528FA127-1BD6-4FAA-964B-54B8B66DD7BE}.Debug|x86.Build.0 = Debug|Any CPU
		{528FA127-1BD6-4FAA-964B-54B8B66DD7BE}.Release|Any CPU.ActiveCfg = Release|Any CPU
		{528FA127-1BD6-4FAA-964B-54B8B66DD7BE}.Release|Any CPU.Build.0 = Release|Any CPU
		{528FA127-1BD6-4FAA-964B-54B8B66DD7BE}.Release|x64.ActiveCfg = Release|Any CPU
		{528FA127-1BD6-4FAA-964B-54B8B66DD7BE}.Release|x64.Build.0 = Release|Any CPU
		{528FA127-1BD6-4FAA-964B-54B8B66DD7BE}.Release|x86.ActiveCfg = Release|Any CPU
		{528FA127-1BD6-4FAA-964B-54B8B66DD7BE}.Release|x86.Build.0 = Release|Any CPU
		{4580F350-15FE-4E84-8479-59E734537DE7}.Debug|Any CPU.ActiveCfg = Debug|Any CPU
		{4580F350-15FE-4E84-8479-59E734537DE7}.Debug|Any CPU.Build.0 = Debug|Any CPU
		{4580F350-15FE-4E84-8479-59E734537DE7}.Debug|x64.ActiveCfg = Debug|Any CPU
		{4580F350-15FE-4E84-8479-59E734537DE7}.Debug|x64.Build.0 = Debug|Any CPU
		{4580F350-15FE-4E84-8479-59E734537DE7}.Debug|x86.ActiveCfg = Debug|Any CPU
		{4580F350-15FE-4E84-8479-59E734537DE7}.Debug|x86.Build.0 = Debug|Any CPU
		{4580F350-15FE-4E84-8479-59E734537DE7}.Release|Any CPU.ActiveCfg = Release|Any CPU
		{4580F350-15FE-4E84-8479-59E734537DE7}.Release|Any CPU.Build.0 = Release|Any CPU
		{4580F350-15FE-4E84-8479-59E734537DE7}.Release|x64.ActiveCfg = Release|Any CPU
		{4580F350-15FE-4E84-8479-59E734537DE7}.Release|x64.Build.0 = Release|Any CPU
		{4580F350-15FE-4E84-8479-59E734537DE7}.Release|x86.ActiveCfg = Release|Any CPU
		{4580F350-15FE-4E84-8479-59E734537DE7}.Release|x86.Build.0 = Release|Any CPU
		{DF0D0A5D-FEEC-475C-9032-DB320B891A9C}.Debug|Any CPU.ActiveCfg = Debug|Any CPU
		{DF0D0A5D-FEEC-475C-9032-DB320B891A9C}.Debug|Any CPU.Build.0 = Debug|Any CPU
		{DF0D0A5D-FEEC-475C-9032-DB320B891A9C}.Debug|x64.ActiveCfg = Debug|Any CPU
		{DF0D0A5D-FEEC-475C-9032-DB320B891A9C}.Debug|x64.Build.0 = Debug|Any CPU
		{DF0D0A5D-FEEC-475C-9032-DB320B891A9C}.Debug|x86.ActiveCfg = Debug|Any CPU
		{DF0D0A5D-FEEC-475C-9032-DB320B891A9C}.Debug|x86.Build.0 = Debug|Any CPU
		{DF0D0A5D-FEEC-475C-9032-DB320B891A9C}.Release|Any CPU.ActiveCfg = Release|Any CPU
		{DF0D0A5D-FEEC-475C-9032-DB320B891A9C}.Release|Any CPU.Build.0 = Release|Any CPU
		{DF0D0A5D-FEEC-475C-9032-DB320B891A9C}.Release|x64.ActiveCfg = Release|Any CPU
		{DF0D0A5D-FEEC-475C-9032-DB320B891A9C}.Release|x64.Build.0 = Release|Any CPU
		{DF0D0A5D-FEEC-475C-9032-DB320B891A9C}.Release|x86.ActiveCfg = Release|Any CPU
		{DF0D0A5D-FEEC-475C-9032-DB320B891A9C}.Release|x86.Build.0 = Release|Any CPU
		{21C7E496-59E3-4BFB-87DD-0A20481B741B}.Debug|Any CPU.ActiveCfg = Debug|Any CPU
		{21C7E496-59E3-4BFB-87DD-0A20481B741B}.Debug|Any CPU.Build.0 = Debug|Any CPU
		{21C7E496-59E3-4BFB-87DD-0A20481B741B}.Debug|x64.ActiveCfg = Debug|Any CPU
		{21C7E496-59E3-4BFB-87DD-0A20481B741B}.Debug|x64.Build.0 = Debug|Any CPU
		{21C7E496-59E3-4BFB-87DD-0A20481B741B}.Debug|x86.ActiveCfg = Debug|Any CPU
		{21C7E496-59E3-4BFB-87DD-0A20481B741B}.Debug|x86.Build.0 = Debug|Any CPU
		{21C7E496-59E3-4BFB-87DD-0A20481B741B}.Release|Any CPU.ActiveCfg = Release|Any CPU
		{21C7E496-59E3-4BFB-87DD-0A20481B741B}.Release|Any CPU.Build.0 = Release|Any CPU
		{21C7E496-59E3-4BFB-87DD-0A20481B741B}.Release|x64.ActiveCfg = Release|Any CPU
		{21C7E496-59E3-4BFB-87DD-0A20481B741B}.Release|x64.Build.0 = Release|Any CPU
		{21C7E496-59E3-4BFB-87DD-0A20481B741B}.Release|x86.ActiveCfg = Release|Any CPU
		{21C7E496-59E3-4BFB-87DD-0A20481B741B}.Release|x86.Build.0 = Release|Any CPU
		{754DC5D6-E900-4488-9E7D-7F6408954BD5}.Debug|Any CPU.ActiveCfg = Debug|Any CPU
		{754DC5D6-E900-4488-9E7D-7F6408954BD5}.Debug|Any CPU.Build.0 = Debug|Any CPU
		{754DC5D6-E900-4488-9E7D-7F6408954BD5}.Debug|x64.ActiveCfg = Debug|Any CPU
		{754DC5D6-E900-4488-9E7D-7F6408954BD5}.Debug|x64.Build.0 = Debug|Any CPU
		{754DC5D6-E900-4488-9E7D-7F6408954BD5}.Debug|x86.ActiveCfg = Debug|Any CPU
		{754DC5D6-E900-4488-9E7D-7F6408954BD5}.Debug|x86.Build.0 = Debug|Any CPU
		{754DC5D6-E900-4488-9E7D-7F6408954BD5}.Release|Any CPU.ActiveCfg = Release|Any CPU
		{754DC5D6-E900-4488-9E7D-7F6408954BD5}.Release|Any CPU.Build.0 = Release|Any CPU
		{754DC5D6-E900-4488-9E7D-7F6408954BD5}.Release|x64.ActiveCfg = Release|Any CPU
		{754DC5D6-E900-4488-9E7D-7F6408954BD5}.Release|x64.Build.0 = Release|Any CPU
		{754DC5D6-E900-4488-9E7D-7F6408954BD5}.Release|x86.ActiveCfg = Release|Any CPU
		{754DC5D6-E900-4488-9E7D-7F6408954BD5}.Release|x86.Build.0 = Release|Any CPU
		{6A9975D1-64D4-487F-81C6-0EF6030C57FB}.Debug|Any CPU.ActiveCfg = Debug|Any CPU
		{6A9975D1-64D4-487F-81C6-0EF6030C57FB}.Debug|Any CPU.Build.0 = Debug|Any CPU
		{6A9975D1-64D4-487F-81C6-0EF6030C57FB}.Debug|x64.ActiveCfg = Debug|Any CPU
		{6A9975D1-64D4-487F-81C6-0EF6030C57FB}.Debug|x64.Build.0 = Debug|Any CPU
		{6A9975D1-64D4-487F-81C6-0EF6030C57FB}.Debug|x86.ActiveCfg = Debug|Any CPU
		{6A9975D1-64D4-487F-81C6-0EF6030C57FB}.Debug|x86.Build.0 = Debug|Any CPU
		{6A9975D1-64D4-487F-81C6-0EF6030C57FB}.Release|Any CPU.ActiveCfg = Release|Any CPU
		{6A9975D1-64D4-487F-81C6-0EF6030C57FB}.Release|Any CPU.Build.0 = Release|Any CPU
		{6A9975D1-64D4-487F-81C6-0EF6030C57FB}.Release|x64.ActiveCfg = Release|Any CPU
		{6A9975D1-64D4-487F-81C6-0EF6030C57FB}.Release|x64.Build.0 = Release|Any CPU
		{6A9975D1-64D4-487F-81C6-0EF6030C57FB}.Release|x86.ActiveCfg = Release|Any CPU
		{6A9975D1-64D4-487F-81C6-0EF6030C57FB}.Release|x86.Build.0 = Release|Any CPU
		{DAAF09FB-090E-4AA1-B65F-A35858E2C9DF}.Debug|Any CPU.ActiveCfg = Debug|Any CPU
		{DAAF09FB-090E-4AA1-B65F-A35858E2C9DF}.Debug|Any CPU.Build.0 = Debug|Any CPU
		{DAAF09FB-090E-4AA1-B65F-A35858E2C9DF}.Debug|x64.ActiveCfg = Debug|Any CPU
		{DAAF09FB-090E-4AA1-B65F-A35858E2C9DF}.Debug|x64.Build.0 = Debug|Any CPU
		{DAAF09FB-090E-4AA1-B65F-A35858E2C9DF}.Debug|x86.ActiveCfg = Debug|Any CPU
		{DAAF09FB-090E-4AA1-B65F-A35858E2C9DF}.Debug|x86.Build.0 = Debug|Any CPU
		{DAAF09FB-090E-4AA1-B65F-A35858E2C9DF}.Release|Any CPU.ActiveCfg = Release|Any CPU
		{DAAF09FB-090E-4AA1-B65F-A35858E2C9DF}.Release|Any CPU.Build.0 = Release|Any CPU
		{DAAF09FB-090E-4AA1-B65F-A35858E2C9DF}.Release|x64.ActiveCfg = Release|Any CPU
		{DAAF09FB-090E-4AA1-B65F-A35858E2C9DF}.Release|x64.Build.0 = Release|Any CPU
		{DAAF09FB-090E-4AA1-B65F-A35858E2C9DF}.Release|x86.ActiveCfg = Release|Any CPU
		{DAAF09FB-090E-4AA1-B65F-A35858E2C9DF}.Release|x86.Build.0 = Release|Any CPU
		{756F2744-C05B-4D7E-BFB8-C5415590BD81}.Debug|Any CPU.ActiveCfg = Debug|Any CPU
		{756F2744-C05B-4D7E-BFB8-C5415590BD81}.Debug|Any CPU.Build.0 = Debug|Any CPU
		{756F2744-C05B-4D7E-BFB8-C5415590BD81}.Debug|x64.ActiveCfg = Debug|Any CPU
		{756F2744-C05B-4D7E-BFB8-C5415590BD81}.Debug|x64.Build.0 = Debug|Any CPU
		{756F2744-C05B-4D7E-BFB8-C5415590BD81}.Debug|x86.ActiveCfg = Debug|Any CPU
		{756F2744-C05B-4D7E-BFB8-C5415590BD81}.Debug|x86.Build.0 = Debug|Any CPU
		{756F2744-C05B-4D7E-BFB8-C5415590BD81}.Release|Any CPU.ActiveCfg = Release|Any CPU
		{756F2744-C05B-4D7E-BFB8-C5415590BD81}.Release|Any CPU.Build.0 = Release|Any CPU
		{756F2744-C05B-4D7E-BFB8-C5415590BD81}.Release|x64.ActiveCfg = Release|Any CPU
		{756F2744-C05B-4D7E-BFB8-C5415590BD81}.Release|x64.Build.0 = Release|Any CPU
		{756F2744-C05B-4D7E-BFB8-C5415590BD81}.Release|x86.ActiveCfg = Release|Any CPU
		{756F2744-C05B-4D7E-BFB8-C5415590BD81}.Release|x86.Build.0 = Release|Any CPU
		{67E03B03-5786-411C-BBD8-D9C08ADC0C29}.Debug|Any CPU.ActiveCfg = Debug|Any CPU
		{67E03B03-5786-411C-BBD8-D9C08ADC0C29}.Debug|Any CPU.Build.0 = Debug|Any CPU
		{67E03B03-5786-411C-BBD8-D9C08ADC0C29}.Debug|x64.ActiveCfg = Debug|Any CPU
		{67E03B03-5786-411C-BBD8-D9C08ADC0C29}.Debug|x64.Build.0 = Debug|Any CPU
		{67E03B03-5786-411C-BBD8-D9C08ADC0C29}.Debug|x86.ActiveCfg = Debug|Any CPU
		{67E03B03-5786-411C-BBD8-D9C08ADC0C29}.Debug|x86.Build.0 = Debug|Any CPU
		{67E03B03-5786-411C-BBD8-D9C08ADC0C29}.Release|Any CPU.ActiveCfg = Release|Any CPU
		{67E03B03-5786-411C-BBD8-D9C08ADC0C29}.Release|Any CPU.Build.0 = Release|Any CPU
		{67E03B03-5786-411C-BBD8-D9C08ADC0C29}.Release|x64.ActiveCfg = Release|Any CPU
		{67E03B03-5786-411C-BBD8-D9C08ADC0C29}.Release|x64.Build.0 = Release|Any CPU
		{67E03B03-5786-411C-BBD8-D9C08ADC0C29}.Release|x86.ActiveCfg = Release|Any CPU
		{67E03B03-5786-411C-BBD8-D9C08ADC0C29}.Release|x86.Build.0 = Release|Any CPU
		{786D3177-E0C1-4DED-B4B6-60D04343F316}.Debug|Any CPU.ActiveCfg = Debug|Any CPU
		{786D3177-E0C1-4DED-B4B6-60D04343F316}.Debug|Any CPU.Build.0 = Debug|Any CPU
		{786D3177-E0C1-4DED-B4B6-60D04343F316}.Debug|x64.ActiveCfg = Debug|Any CPU
		{786D3177-E0C1-4DED-B4B6-60D04343F316}.Debug|x64.Build.0 = Debug|Any CPU
		{786D3177-E0C1-4DED-B4B6-60D04343F316}.Debug|x86.ActiveCfg = Debug|Any CPU
		{786D3177-E0C1-4DED-B4B6-60D04343F316}.Debug|x86.Build.0 = Debug|Any CPU
		{786D3177-E0C1-4DED-B4B6-60D04343F316}.Release|Any CPU.ActiveCfg = Release|Any CPU
		{786D3177-E0C1-4DED-B4B6-60D04343F316}.Release|Any CPU.Build.0 = Release|Any CPU
		{786D3177-E0C1-4DED-B4B6-60D04343F316}.Release|x64.ActiveCfg = Release|Any CPU
		{786D3177-E0C1-4DED-B4B6-60D04343F316}.Release|x64.Build.0 = Release|Any CPU
		{786D3177-E0C1-4DED-B4B6-60D04343F316}.Release|x86.ActiveCfg = Release|Any CPU
		{786D3177-E0C1-4DED-B4B6-60D04343F316}.Release|x86.Build.0 = Release|Any CPU
		{2DAFD205-75D8-425D-81A2-A895B49F52A9}.Debug|Any CPU.ActiveCfg = Debug|Any CPU
		{2DAFD205-75D8-425D-81A2-A895B49F52A9}.Debug|Any CPU.Build.0 = Debug|Any CPU
		{2DAFD205-75D8-425D-81A2-A895B49F52A9}.Debug|x64.ActiveCfg = Debug|Any CPU
		{2DAFD205-75D8-425D-81A2-A895B49F52A9}.Debug|x64.Build.0 = Debug|Any CPU
		{2DAFD205-75D8-425D-81A2-A895B49F52A9}.Debug|x86.ActiveCfg = Debug|Any CPU
		{2DAFD205-75D8-425D-81A2-A895B49F52A9}.Debug|x86.Build.0 = Debug|Any CPU
		{2DAFD205-75D8-425D-81A2-A895B49F52A9}.Release|Any CPU.ActiveCfg = Release|Any CPU
		{2DAFD205-75D8-425D-81A2-A895B49F52A9}.Release|Any CPU.Build.0 = Release|Any CPU
		{2DAFD205-75D8-425D-81A2-A895B49F52A9}.Release|x64.ActiveCfg = Release|Any CPU
		{2DAFD205-75D8-425D-81A2-A895B49F52A9}.Release|x64.Build.0 = Release|Any CPU
		{2DAFD205-75D8-425D-81A2-A895B49F52A9}.Release|x86.ActiveCfg = Release|Any CPU
		{2DAFD205-75D8-425D-81A2-A895B49F52A9}.Release|x86.Build.0 = Release|Any CPU
		{01BCBCA0-426B-4E79-860B-CBD90EDC0E60}.Debug|Any CPU.ActiveCfg = Debug|Any CPU
		{01BCBCA0-426B-4E79-860B-CBD90EDC0E60}.Debug|Any CPU.Build.0 = Debug|Any CPU
		{01BCBCA0-426B-4E79-860B-CBD90EDC0E60}.Debug|x64.ActiveCfg = Debug|Any CPU
		{01BCBCA0-426B-4E79-860B-CBD90EDC0E60}.Debug|x64.Build.0 = Debug|Any CPU
		{01BCBCA0-426B-4E79-860B-CBD90EDC0E60}.Debug|x86.ActiveCfg = Debug|Any CPU
		{01BCBCA0-426B-4E79-860B-CBD90EDC0E60}.Debug|x86.Build.0 = Debug|Any CPU
		{01BCBCA0-426B-4E79-860B-CBD90EDC0E60}.Release|Any CPU.ActiveCfg = Release|Any CPU
		{01BCBCA0-426B-4E79-860B-CBD90EDC0E60}.Release|Any CPU.Build.0 = Release|Any CPU
		{01BCBCA0-426B-4E79-860B-CBD90EDC0E60}.Release|x64.ActiveCfg = Release|Any CPU
		{01BCBCA0-426B-4E79-860B-CBD90EDC0E60}.Release|x64.Build.0 = Release|Any CPU
		{01BCBCA0-426B-4E79-860B-CBD90EDC0E60}.Release|x86.ActiveCfg = Release|Any CPU
		{01BCBCA0-426B-4E79-860B-CBD90EDC0E60}.Release|x86.Build.0 = Release|Any CPU
		{58DB44FD-636B-498E-9CEC-E869B2AB3C56}.Debug|Any CPU.ActiveCfg = Debug|Any CPU
		{58DB44FD-636B-498E-9CEC-E869B2AB3C56}.Debug|Any CPU.Build.0 = Debug|Any CPU
		{58DB44FD-636B-498E-9CEC-E869B2AB3C56}.Debug|x64.ActiveCfg = Debug|Any CPU
		{58DB44FD-636B-498E-9CEC-E869B2AB3C56}.Debug|x64.Build.0 = Debug|Any CPU
		{58DB44FD-636B-498E-9CEC-E869B2AB3C56}.Debug|x86.ActiveCfg = Debug|Any CPU
		{58DB44FD-636B-498E-9CEC-E869B2AB3C56}.Debug|x86.Build.0 = Debug|Any CPU
		{58DB44FD-636B-498E-9CEC-E869B2AB3C56}.Release|Any CPU.ActiveCfg = Release|Any CPU
		{58DB44FD-636B-498E-9CEC-E869B2AB3C56}.Release|Any CPU.Build.0 = Release|Any CPU
		{58DB44FD-636B-498E-9CEC-E869B2AB3C56}.Release|x64.ActiveCfg = Release|Any CPU
		{58DB44FD-636B-498E-9CEC-E869B2AB3C56}.Release|x64.Build.0 = Release|Any CPU
		{58DB44FD-636B-498E-9CEC-E869B2AB3C56}.Release|x86.ActiveCfg = Release|Any CPU
		{58DB44FD-636B-498E-9CEC-E869B2AB3C56}.Release|x86.Build.0 = Release|Any CPU
		{7E34D279-7797-4CDE-A01B-52A359BB4FE6}.Debug|Any CPU.ActiveCfg = Debug|Any CPU
		{7E34D279-7797-4CDE-A01B-52A359BB4FE6}.Debug|Any CPU.Build.0 = Debug|Any CPU
		{7E34D279-7797-4CDE-A01B-52A359BB4FE6}.Debug|x64.ActiveCfg = Debug|Any CPU
		{7E34D279-7797-4CDE-A01B-52A359BB4FE6}.Debug|x64.Build.0 = Debug|Any CPU
		{7E34D279-7797-4CDE-A01B-52A359BB4FE6}.Debug|x86.ActiveCfg = Debug|Any CPU
		{7E34D279-7797-4CDE-A01B-52A359BB4FE6}.Debug|x86.Build.0 = Debug|Any CPU
		{7E34D279-7797-4CDE-A01B-52A359BB4FE6}.Release|Any CPU.ActiveCfg = Release|Any CPU
		{7E34D279-7797-4CDE-A01B-52A359BB4FE6}.Release|Any CPU.Build.0 = Release|Any CPU
		{7E34D279-7797-4CDE-A01B-52A359BB4FE6}.Release|x64.ActiveCfg = Release|Any CPU
		{7E34D279-7797-4CDE-A01B-52A359BB4FE6}.Release|x64.Build.0 = Release|Any CPU
		{7E34D279-7797-4CDE-A01B-52A359BB4FE6}.Release|x86.ActiveCfg = Release|Any CPU
		{7E34D279-7797-4CDE-A01B-52A359BB4FE6}.Release|x86.Build.0 = Release|Any CPU
		{55BD2753-8875-48BE-B02D-ADC80ED6B788}.Debug|Any CPU.ActiveCfg = Debug|Any CPU
		{55BD2753-8875-48BE-B02D-ADC80ED6B788}.Debug|Any CPU.Build.0 = Debug|Any CPU
		{55BD2753-8875-48BE-B02D-ADC80ED6B788}.Debug|x64.ActiveCfg = Debug|Any CPU
		{55BD2753-8875-48BE-B02D-ADC80ED6B788}.Debug|x64.Build.0 = Debug|Any CPU
		{55BD2753-8875-48BE-B02D-ADC80ED6B788}.Debug|x86.ActiveCfg = Debug|Any CPU
		{55BD2753-8875-48BE-B02D-ADC80ED6B788}.Debug|x86.Build.0 = Debug|Any CPU
		{55BD2753-8875-48BE-B02D-ADC80ED6B788}.Release|Any CPU.ActiveCfg = Release|Any CPU
		{55BD2753-8875-48BE-B02D-ADC80ED6B788}.Release|Any CPU.Build.0 = Release|Any CPU
		{55BD2753-8875-48BE-B02D-ADC80ED6B788}.Release|x64.ActiveCfg = Release|Any CPU
		{55BD2753-8875-48BE-B02D-ADC80ED6B788}.Release|x64.Build.0 = Release|Any CPU
		{55BD2753-8875-48BE-B02D-ADC80ED6B788}.Release|x86.ActiveCfg = Release|Any CPU
		{55BD2753-8875-48BE-B02D-ADC80ED6B788}.Release|x86.Build.0 = Release|Any CPU
		{258C621A-5C1B-43CA-8502-52BC243F3420}.Debug|Any CPU.ActiveCfg = Debug|Any CPU
		{258C621A-5C1B-43CA-8502-52BC243F3420}.Debug|Any CPU.Build.0 = Debug|Any CPU
		{258C621A-5C1B-43CA-8502-52BC243F3420}.Debug|x64.ActiveCfg = Debug|Any CPU
		{258C621A-5C1B-43CA-8502-52BC243F3420}.Debug|x64.Build.0 = Debug|Any CPU
		{258C621A-5C1B-43CA-8502-52BC243F3420}.Debug|x86.ActiveCfg = Debug|Any CPU
		{258C621A-5C1B-43CA-8502-52BC243F3420}.Debug|x86.Build.0 = Debug|Any CPU
		{258C621A-5C1B-43CA-8502-52BC243F3420}.Release|Any CPU.ActiveCfg = Release|Any CPU
		{258C621A-5C1B-43CA-8502-52BC243F3420}.Release|Any CPU.Build.0 = Release|Any CPU
		{258C621A-5C1B-43CA-8502-52BC243F3420}.Release|x64.ActiveCfg = Release|Any CPU
		{258C621A-5C1B-43CA-8502-52BC243F3420}.Release|x64.Build.0 = Release|Any CPU
		{258C621A-5C1B-43CA-8502-52BC243F3420}.Release|x86.ActiveCfg = Release|Any CPU
		{258C621A-5C1B-43CA-8502-52BC243F3420}.Release|x86.Build.0 = Release|Any CPU
		{1B6CE5D7-95EF-4434-877B-300CC35E4828}.Debug|Any CPU.ActiveCfg = Debug|Any CPU
		{1B6CE5D7-95EF-4434-877B-300CC35E4828}.Debug|Any CPU.Build.0 = Debug|Any CPU
		{1B6CE5D7-95EF-4434-877B-300CC35E4828}.Debug|x64.ActiveCfg = Debug|Any CPU
		{1B6CE5D7-95EF-4434-877B-300CC35E4828}.Debug|x64.Build.0 = Debug|Any CPU
		{1B6CE5D7-95EF-4434-877B-300CC35E4828}.Debug|x86.ActiveCfg = Debug|Any CPU
		{1B6CE5D7-95EF-4434-877B-300CC35E4828}.Debug|x86.Build.0 = Debug|Any CPU
		{1B6CE5D7-95EF-4434-877B-300CC35E4828}.Release|Any CPU.ActiveCfg = Release|Any CPU
		{1B6CE5D7-95EF-4434-877B-300CC35E4828}.Release|Any CPU.Build.0 = Release|Any CPU
		{1B6CE5D7-95EF-4434-877B-300CC35E4828}.Release|x64.ActiveCfg = Release|Any CPU
		{1B6CE5D7-95EF-4434-877B-300CC35E4828}.Release|x64.Build.0 = Release|Any CPU
		{1B6CE5D7-95EF-4434-877B-300CC35E4828}.Release|x86.ActiveCfg = Release|Any CPU
		{1B6CE5D7-95EF-4434-877B-300CC35E4828}.Release|x86.Build.0 = Release|Any CPU
		{450A2878-191A-475F-BBDE-1DFB7EF0C7C9}.Debug|Any CPU.ActiveCfg = Debug|Any CPU
		{450A2878-191A-475F-BBDE-1DFB7EF0C7C9}.Debug|Any CPU.Build.0 = Debug|Any CPU
		{450A2878-191A-475F-BBDE-1DFB7EF0C7C9}.Debug|x64.ActiveCfg = Debug|Any CPU
		{450A2878-191A-475F-BBDE-1DFB7EF0C7C9}.Debug|x64.Build.0 = Debug|Any CPU
		{450A2878-191A-475F-BBDE-1DFB7EF0C7C9}.Debug|x86.ActiveCfg = Debug|Any CPU
		{450A2878-191A-475F-BBDE-1DFB7EF0C7C9}.Debug|x86.Build.0 = Debug|Any CPU
		{450A2878-191A-475F-BBDE-1DFB7EF0C7C9}.Release|Any CPU.ActiveCfg = Release|Any CPU
		{450A2878-191A-475F-BBDE-1DFB7EF0C7C9}.Release|Any CPU.Build.0 = Release|Any CPU
		{450A2878-191A-475F-BBDE-1DFB7EF0C7C9}.Release|x64.ActiveCfg = Release|Any CPU
		{450A2878-191A-475F-BBDE-1DFB7EF0C7C9}.Release|x64.Build.0 = Release|Any CPU
		{450A2878-191A-475F-BBDE-1DFB7EF0C7C9}.Release|x86.ActiveCfg = Release|Any CPU
		{450A2878-191A-475F-BBDE-1DFB7EF0C7C9}.Release|x86.Build.0 = Release|Any CPU
		{C77872C9-8E96-42C7-986A-D7673FF62F78}.Debug|Any CPU.ActiveCfg = Debug|Any CPU
		{C77872C9-8E96-42C7-986A-D7673FF62F78}.Debug|Any CPU.Build.0 = Debug|Any CPU
		{C77872C9-8E96-42C7-986A-D7673FF62F78}.Debug|x64.ActiveCfg = Debug|Any CPU
		{C77872C9-8E96-42C7-986A-D7673FF62F78}.Debug|x64.Build.0 = Debug|Any CPU
		{C77872C9-8E96-42C7-986A-D7673FF62F78}.Debug|x86.ActiveCfg = Debug|Any CPU
		{C77872C9-8E96-42C7-986A-D7673FF62F78}.Debug|x86.Build.0 = Debug|Any CPU
		{C77872C9-8E96-42C7-986A-D7673FF62F78}.Release|Any CPU.ActiveCfg = Release|Any CPU
		{C77872C9-8E96-42C7-986A-D7673FF62F78}.Release|Any CPU.Build.0 = Release|Any CPU
		{C77872C9-8E96-42C7-986A-D7673FF62F78}.Release|x64.ActiveCfg = Release|Any CPU
		{C77872C9-8E96-42C7-986A-D7673FF62F78}.Release|x64.Build.0 = Release|Any CPU
		{C77872C9-8E96-42C7-986A-D7673FF62F78}.Release|x86.ActiveCfg = Release|Any CPU
		{C77872C9-8E96-42C7-986A-D7673FF62F78}.Release|x86.Build.0 = Release|Any CPU
		{6F8EA8DF-FF76-4A53-A1B9-4C2886110D56}.Debug|Any CPU.ActiveCfg = Debug|Any CPU
		{6F8EA8DF-FF76-4A53-A1B9-4C2886110D56}.Debug|Any CPU.Build.0 = Debug|Any CPU
		{6F8EA8DF-FF76-4A53-A1B9-4C2886110D56}.Debug|x64.ActiveCfg = Debug|Any CPU
		{6F8EA8DF-FF76-4A53-A1B9-4C2886110D56}.Debug|x64.Build.0 = Debug|Any CPU
		{6F8EA8DF-FF76-4A53-A1B9-4C2886110D56}.Debug|x86.ActiveCfg = Debug|Any CPU
		{6F8EA8DF-FF76-4A53-A1B9-4C2886110D56}.Debug|x86.Build.0 = Debug|Any CPU
		{6F8EA8DF-FF76-4A53-A1B9-4C2886110D56}.Release|Any CPU.ActiveCfg = Release|Any CPU
		{6F8EA8DF-FF76-4A53-A1B9-4C2886110D56}.Release|Any CPU.Build.0 = Release|Any CPU
		{6F8EA8DF-FF76-4A53-A1B9-4C2886110D56}.Release|x64.ActiveCfg = Release|Any CPU
		{6F8EA8DF-FF76-4A53-A1B9-4C2886110D56}.Release|x64.Build.0 = Release|Any CPU
		{6F8EA8DF-FF76-4A53-A1B9-4C2886110D56}.Release|x86.ActiveCfg = Release|Any CPU
		{6F8EA8DF-FF76-4A53-A1B9-4C2886110D56}.Release|x86.Build.0 = Release|Any CPU
		{C4BD3154-5B43-4E85-8705-B50BA3B1A8D9}.Debug|Any CPU.ActiveCfg = Debug|Any CPU
		{C4BD3154-5B43-4E85-8705-B50BA3B1A8D9}.Debug|Any CPU.Build.0 = Debug|Any CPU
		{C4BD3154-5B43-4E85-8705-B50BA3B1A8D9}.Debug|x64.ActiveCfg = Debug|Any CPU
		{C4BD3154-5B43-4E85-8705-B50BA3B1A8D9}.Debug|x64.Build.0 = Debug|Any CPU
		{C4BD3154-5B43-4E85-8705-B50BA3B1A8D9}.Debug|x86.ActiveCfg = Debug|Any CPU
		{C4BD3154-5B43-4E85-8705-B50BA3B1A8D9}.Debug|x86.Build.0 = Debug|Any CPU
		{C4BD3154-5B43-4E85-8705-B50BA3B1A8D9}.Release|Any CPU.ActiveCfg = Release|Any CPU
		{C4BD3154-5B43-4E85-8705-B50BA3B1A8D9}.Release|Any CPU.Build.0 = Release|Any CPU
		{C4BD3154-5B43-4E85-8705-B50BA3B1A8D9}.Release|x64.ActiveCfg = Release|Any CPU
		{C4BD3154-5B43-4E85-8705-B50BA3B1A8D9}.Release|x64.Build.0 = Release|Any CPU
		{C4BD3154-5B43-4E85-8705-B50BA3B1A8D9}.Release|x86.ActiveCfg = Release|Any CPU
		{C4BD3154-5B43-4E85-8705-B50BA3B1A8D9}.Release|x86.Build.0 = Release|Any CPU
		{8FB9CE8A-C8B7-4222-84D5-07798F112943}.Debug|Any CPU.ActiveCfg = Debug|Any CPU
		{8FB9CE8A-C8B7-4222-84D5-07798F112943}.Debug|Any CPU.Build.0 = Debug|Any CPU
		{8FB9CE8A-C8B7-4222-84D5-07798F112943}.Debug|x64.ActiveCfg = Debug|Any CPU
		{8FB9CE8A-C8B7-4222-84D5-07798F112943}.Debug|x64.Build.0 = Debug|Any CPU
		{8FB9CE8A-C8B7-4222-84D5-07798F112943}.Debug|x86.ActiveCfg = Debug|Any CPU
		{8FB9CE8A-C8B7-4222-84D5-07798F112943}.Debug|x86.Build.0 = Debug|Any CPU
		{8FB9CE8A-C8B7-4222-84D5-07798F112943}.Release|Any CPU.ActiveCfg = Release|Any CPU
		{8FB9CE8A-C8B7-4222-84D5-07798F112943}.Release|Any CPU.Build.0 = Release|Any CPU
		{8FB9CE8A-C8B7-4222-84D5-07798F112943}.Release|x64.ActiveCfg = Release|Any CPU
		{8FB9CE8A-C8B7-4222-84D5-07798F112943}.Release|x64.Build.0 = Release|Any CPU
		{8FB9CE8A-C8B7-4222-84D5-07798F112943}.Release|x86.ActiveCfg = Release|Any CPU
		{8FB9CE8A-C8B7-4222-84D5-07798F112943}.Release|x86.Build.0 = Release|Any CPU
		{8999BB4A-2539-41EB-8BFC-1667EF4087C1}.Debug|Any CPU.ActiveCfg = Debug|Any CPU
		{8999BB4A-2539-41EB-8BFC-1667EF4087C1}.Debug|Any CPU.Build.0 = Debug|Any CPU
		{8999BB4A-2539-41EB-8BFC-1667EF4087C1}.Debug|x64.ActiveCfg = Debug|Any CPU
		{8999BB4A-2539-41EB-8BFC-1667EF4087C1}.Debug|x64.Build.0 = Debug|Any CPU
		{8999BB4A-2539-41EB-8BFC-1667EF4087C1}.Debug|x86.ActiveCfg = Debug|Any CPU
		{8999BB4A-2539-41EB-8BFC-1667EF4087C1}.Debug|x86.Build.0 = Debug|Any CPU
		{8999BB4A-2539-41EB-8BFC-1667EF4087C1}.Release|Any CPU.ActiveCfg = Release|Any CPU
		{8999BB4A-2539-41EB-8BFC-1667EF4087C1}.Release|Any CPU.Build.0 = Release|Any CPU
		{8999BB4A-2539-41EB-8BFC-1667EF4087C1}.Release|x64.ActiveCfg = Release|Any CPU
		{8999BB4A-2539-41EB-8BFC-1667EF4087C1}.Release|x64.Build.0 = Release|Any CPU
		{8999BB4A-2539-41EB-8BFC-1667EF4087C1}.Release|x86.ActiveCfg = Release|Any CPU
		{8999BB4A-2539-41EB-8BFC-1667EF4087C1}.Release|x86.Build.0 = Release|Any CPU
		{13DFBE8E-33C2-430A-94AC-E5E20B13D8AA}.Debug|Any CPU.ActiveCfg = Debug|Any CPU
		{13DFBE8E-33C2-430A-94AC-E5E20B13D8AA}.Debug|Any CPU.Build.0 = Debug|Any CPU
		{13DFBE8E-33C2-430A-94AC-E5E20B13D8AA}.Debug|x64.ActiveCfg = Debug|Any CPU
		{13DFBE8E-33C2-430A-94AC-E5E20B13D8AA}.Debug|x64.Build.0 = Debug|Any CPU
		{13DFBE8E-33C2-430A-94AC-E5E20B13D8AA}.Debug|x86.ActiveCfg = Debug|Any CPU
		{13DFBE8E-33C2-430A-94AC-E5E20B13D8AA}.Debug|x86.Build.0 = Debug|Any CPU
		{13DFBE8E-33C2-430A-94AC-E5E20B13D8AA}.Release|Any CPU.ActiveCfg = Release|Any CPU
		{13DFBE8E-33C2-430A-94AC-E5E20B13D8AA}.Release|Any CPU.Build.0 = Release|Any CPU
		{13DFBE8E-33C2-430A-94AC-E5E20B13D8AA}.Release|x64.ActiveCfg = Release|Any CPU
		{13DFBE8E-33C2-430A-94AC-E5E20B13D8AA}.Release|x64.Build.0 = Release|Any CPU
		{13DFBE8E-33C2-430A-94AC-E5E20B13D8AA}.Release|x86.ActiveCfg = Release|Any CPU
		{13DFBE8E-33C2-430A-94AC-E5E20B13D8AA}.Release|x86.Build.0 = Release|Any CPU
		{F9D76432-82D6-4026-92B6-FD2764BB68B1}.Debug|Any CPU.ActiveCfg = Debug|Any CPU
		{F9D76432-82D6-4026-92B6-FD2764BB68B1}.Debug|Any CPU.Build.0 = Debug|Any CPU
		{F9D76432-82D6-4026-92B6-FD2764BB68B1}.Debug|x64.ActiveCfg = Debug|Any CPU
		{F9D76432-82D6-4026-92B6-FD2764BB68B1}.Debug|x64.Build.0 = Debug|Any CPU
		{F9D76432-82D6-4026-92B6-FD2764BB68B1}.Debug|x86.ActiveCfg = Debug|Any CPU
		{F9D76432-82D6-4026-92B6-FD2764BB68B1}.Debug|x86.Build.0 = Debug|Any CPU
		{F9D76432-82D6-4026-92B6-FD2764BB68B1}.Release|Any CPU.ActiveCfg = Release|Any CPU
		{F9D76432-82D6-4026-92B6-FD2764BB68B1}.Release|Any CPU.Build.0 = Release|Any CPU
		{F9D76432-82D6-4026-92B6-FD2764BB68B1}.Release|x64.ActiveCfg = Release|Any CPU
		{F9D76432-82D6-4026-92B6-FD2764BB68B1}.Release|x64.Build.0 = Release|Any CPU
		{F9D76432-82D6-4026-92B6-FD2764BB68B1}.Release|x86.ActiveCfg = Release|Any CPU
		{F9D76432-82D6-4026-92B6-FD2764BB68B1}.Release|x86.Build.0 = Release|Any CPU
		{0AC0A509-1E02-4954-A170-102A148D7220}.Debug|Any CPU.ActiveCfg = Debug|Any CPU
		{0AC0A509-1E02-4954-A170-102A148D7220}.Debug|Any CPU.Build.0 = Debug|Any CPU
		{0AC0A509-1E02-4954-A170-102A148D7220}.Debug|x64.ActiveCfg = Debug|Any CPU
		{0AC0A509-1E02-4954-A170-102A148D7220}.Debug|x64.Build.0 = Debug|Any CPU
		{0AC0A509-1E02-4954-A170-102A148D7220}.Debug|x86.ActiveCfg = Debug|Any CPU
		{0AC0A509-1E02-4954-A170-102A148D7220}.Debug|x86.Build.0 = Debug|Any CPU
		{0AC0A509-1E02-4954-A170-102A148D7220}.Release|Any CPU.ActiveCfg = Release|Any CPU
		{0AC0A509-1E02-4954-A170-102A148D7220}.Release|Any CPU.Build.0 = Release|Any CPU
		{0AC0A509-1E02-4954-A170-102A148D7220}.Release|x64.ActiveCfg = Release|Any CPU
		{0AC0A509-1E02-4954-A170-102A148D7220}.Release|x64.Build.0 = Release|Any CPU
		{0AC0A509-1E02-4954-A170-102A148D7220}.Release|x86.ActiveCfg = Release|Any CPU
		{0AC0A509-1E02-4954-A170-102A148D7220}.Release|x86.Build.0 = Release|Any CPU
		{6BB86F2F-A4E8-4A2D-A0BD-0E8DCA151FD8}.Debug|Any CPU.ActiveCfg = Debug|Any CPU
		{6BB86F2F-A4E8-4A2D-A0BD-0E8DCA151FD8}.Debug|Any CPU.Build.0 = Debug|Any CPU
		{6BB86F2F-A4E8-4A2D-A0BD-0E8DCA151FD8}.Debug|x64.ActiveCfg = Debug|Any CPU
		{6BB86F2F-A4E8-4A2D-A0BD-0E8DCA151FD8}.Debug|x64.Build.0 = Debug|Any CPU
		{6BB86F2F-A4E8-4A2D-A0BD-0E8DCA151FD8}.Debug|x86.ActiveCfg = Debug|Any CPU
		{6BB86F2F-A4E8-4A2D-A0BD-0E8DCA151FD8}.Debug|x86.Build.0 = Debug|Any CPU
		{6BB86F2F-A4E8-4A2D-A0BD-0E8DCA151FD8}.Release|Any CPU.ActiveCfg = Release|Any CPU
		{6BB86F2F-A4E8-4A2D-A0BD-0E8DCA151FD8}.Release|Any CPU.Build.0 = Release|Any CPU
		{6BB86F2F-A4E8-4A2D-A0BD-0E8DCA151FD8}.Release|x64.ActiveCfg = Release|Any CPU
		{6BB86F2F-A4E8-4A2D-A0BD-0E8DCA151FD8}.Release|x64.Build.0 = Release|Any CPU
		{6BB86F2F-A4E8-4A2D-A0BD-0E8DCA151FD8}.Release|x86.ActiveCfg = Release|Any CPU
		{6BB86F2F-A4E8-4A2D-A0BD-0E8DCA151FD8}.Release|x86.Build.0 = Release|Any CPU
		{2D477395-A6D6-4C74-9ED4-2AC1E08E11CE}.Debug|Any CPU.ActiveCfg = Debug|Any CPU
		{2D477395-A6D6-4C74-9ED4-2AC1E08E11CE}.Debug|Any CPU.Build.0 = Debug|Any CPU
		{2D477395-A6D6-4C74-9ED4-2AC1E08E11CE}.Debug|x64.ActiveCfg = Debug|Any CPU
		{2D477395-A6D6-4C74-9ED4-2AC1E08E11CE}.Debug|x64.Build.0 = Debug|Any CPU
		{2D477395-A6D6-4C74-9ED4-2AC1E08E11CE}.Debug|x86.ActiveCfg = Debug|Any CPU
		{2D477395-A6D6-4C74-9ED4-2AC1E08E11CE}.Debug|x86.Build.0 = Debug|Any CPU
		{2D477395-A6D6-4C74-9ED4-2AC1E08E11CE}.Release|Any CPU.ActiveCfg = Release|Any CPU
		{2D477395-A6D6-4C74-9ED4-2AC1E08E11CE}.Release|Any CPU.Build.0 = Release|Any CPU
		{2D477395-A6D6-4C74-9ED4-2AC1E08E11CE}.Release|x64.ActiveCfg = Release|Any CPU
		{2D477395-A6D6-4C74-9ED4-2AC1E08E11CE}.Release|x64.Build.0 = Release|Any CPU
		{2D477395-A6D6-4C74-9ED4-2AC1E08E11CE}.Release|x86.ActiveCfg = Release|Any CPU
		{2D477395-A6D6-4C74-9ED4-2AC1E08E11CE}.Release|x86.Build.0 = Release|Any CPU
		{3894010E-9894-472E-8470-F19C141AF70F}.Debug|Any CPU.ActiveCfg = Debug|Any CPU
		{3894010E-9894-472E-8470-F19C141AF70F}.Debug|Any CPU.Build.0 = Debug|Any CPU
		{3894010E-9894-472E-8470-F19C141AF70F}.Debug|x64.ActiveCfg = Debug|Any CPU
		{3894010E-9894-472E-8470-F19C141AF70F}.Debug|x64.Build.0 = Debug|Any CPU
		{3894010E-9894-472E-8470-F19C141AF70F}.Debug|x86.ActiveCfg = Debug|Any CPU
		{3894010E-9894-472E-8470-F19C141AF70F}.Debug|x86.Build.0 = Debug|Any CPU
		{3894010E-9894-472E-8470-F19C141AF70F}.Release|Any CPU.ActiveCfg = Release|Any CPU
		{3894010E-9894-472E-8470-F19C141AF70F}.Release|Any CPU.Build.0 = Release|Any CPU
		{3894010E-9894-472E-8470-F19C141AF70F}.Release|x64.ActiveCfg = Release|Any CPU
		{3894010E-9894-472E-8470-F19C141AF70F}.Release|x64.Build.0 = Release|Any CPU
		{3894010E-9894-472E-8470-F19C141AF70F}.Release|x86.ActiveCfg = Release|Any CPU
		{3894010E-9894-472E-8470-F19C141AF70F}.Release|x86.Build.0 = Release|Any CPU
		{8239EC11-2F6B-425D-A4BB-015AB447FB84}.Debug|Any CPU.ActiveCfg = Debug|Any CPU
		{8239EC11-2F6B-425D-A4BB-015AB447FB84}.Debug|Any CPU.Build.0 = Debug|Any CPU
		{8239EC11-2F6B-425D-A4BB-015AB447FB84}.Debug|x64.ActiveCfg = Debug|Any CPU
		{8239EC11-2F6B-425D-A4BB-015AB447FB84}.Debug|x64.Build.0 = Debug|Any CPU
		{8239EC11-2F6B-425D-A4BB-015AB447FB84}.Debug|x86.ActiveCfg = Debug|Any CPU
		{8239EC11-2F6B-425D-A4BB-015AB447FB84}.Debug|x86.Build.0 = Debug|Any CPU
		{8239EC11-2F6B-425D-A4BB-015AB447FB84}.Release|Any CPU.ActiveCfg = Release|Any CPU
		{8239EC11-2F6B-425D-A4BB-015AB447FB84}.Release|Any CPU.Build.0 = Release|Any CPU
		{8239EC11-2F6B-425D-A4BB-015AB447FB84}.Release|x64.ActiveCfg = Release|Any CPU
		{8239EC11-2F6B-425D-A4BB-015AB447FB84}.Release|x64.Build.0 = Release|Any CPU
		{8239EC11-2F6B-425D-A4BB-015AB447FB84}.Release|x86.ActiveCfg = Release|Any CPU
		{8239EC11-2F6B-425D-A4BB-015AB447FB84}.Release|x86.Build.0 = Release|Any CPU
		{D7088597-25D4-4344-A241-CE8FE6E7FA72}.Debug|Any CPU.ActiveCfg = Debug|Any CPU
		{D7088597-25D4-4344-A241-CE8FE6E7FA72}.Debug|Any CPU.Build.0 = Debug|Any CPU
		{D7088597-25D4-4344-A241-CE8FE6E7FA72}.Debug|x64.ActiveCfg = Debug|Any CPU
		{D7088597-25D4-4344-A241-CE8FE6E7FA72}.Debug|x64.Build.0 = Debug|Any CPU
		{D7088597-25D4-4344-A241-CE8FE6E7FA72}.Debug|x86.ActiveCfg = Debug|Any CPU
		{D7088597-25D4-4344-A241-CE8FE6E7FA72}.Debug|x86.Build.0 = Debug|Any CPU
		{D7088597-25D4-4344-A241-CE8FE6E7FA72}.Release|Any CPU.ActiveCfg = Release|Any CPU
		{D7088597-25D4-4344-A241-CE8FE6E7FA72}.Release|Any CPU.Build.0 = Release|Any CPU
		{D7088597-25D4-4344-A241-CE8FE6E7FA72}.Release|x64.ActiveCfg = Release|Any CPU
		{D7088597-25D4-4344-A241-CE8FE6E7FA72}.Release|x64.Build.0 = Release|Any CPU
		{D7088597-25D4-4344-A241-CE8FE6E7FA72}.Release|x86.ActiveCfg = Release|Any CPU
		{D7088597-25D4-4344-A241-CE8FE6E7FA72}.Release|x86.Build.0 = Release|Any CPU
		{B9EA073A-2281-4614-9CDA-C54B526B2CF3}.Debug|Any CPU.ActiveCfg = Debug|Any CPU
		{B9EA073A-2281-4614-9CDA-C54B526B2CF3}.Debug|Any CPU.Build.0 = Debug|Any CPU
		{B9EA073A-2281-4614-9CDA-C54B526B2CF3}.Debug|x64.ActiveCfg = Debug|Any CPU
		{B9EA073A-2281-4614-9CDA-C54B526B2CF3}.Debug|x64.Build.0 = Debug|Any CPU
		{B9EA073A-2281-4614-9CDA-C54B526B2CF3}.Debug|x86.ActiveCfg = Debug|Any CPU
		{B9EA073A-2281-4614-9CDA-C54B526B2CF3}.Debug|x86.Build.0 = Debug|Any CPU
		{B9EA073A-2281-4614-9CDA-C54B526B2CF3}.Release|Any CPU.ActiveCfg = Release|Any CPU
		{B9EA073A-2281-4614-9CDA-C54B526B2CF3}.Release|Any CPU.Build.0 = Release|Any CPU
		{B9EA073A-2281-4614-9CDA-C54B526B2CF3}.Release|x64.ActiveCfg = Release|Any CPU
		{B9EA073A-2281-4614-9CDA-C54B526B2CF3}.Release|x64.Build.0 = Release|Any CPU
		{B9EA073A-2281-4614-9CDA-C54B526B2CF3}.Release|x86.ActiveCfg = Release|Any CPU
		{B9EA073A-2281-4614-9CDA-C54B526B2CF3}.Release|x86.Build.0 = Release|Any CPU
		{6E750E73-4BBC-4A71-B607-69C7AB9FB294}.Debug|Any CPU.ActiveCfg = Debug|Any CPU
		{6E750E73-4BBC-4A71-B607-69C7AB9FB294}.Debug|Any CPU.Build.0 = Debug|Any CPU
		{6E750E73-4BBC-4A71-B607-69C7AB9FB294}.Debug|x64.ActiveCfg = Debug|Any CPU
		{6E750E73-4BBC-4A71-B607-69C7AB9FB294}.Debug|x64.Build.0 = Debug|Any CPU
		{6E750E73-4BBC-4A71-B607-69C7AB9FB294}.Debug|x86.ActiveCfg = Debug|Any CPU
		{6E750E73-4BBC-4A71-B607-69C7AB9FB294}.Debug|x86.Build.0 = Debug|Any CPU
		{6E750E73-4BBC-4A71-B607-69C7AB9FB294}.Release|Any CPU.ActiveCfg = Release|Any CPU
		{6E750E73-4BBC-4A71-B607-69C7AB9FB294}.Release|Any CPU.Build.0 = Release|Any CPU
		{6E750E73-4BBC-4A71-B607-69C7AB9FB294}.Release|x64.ActiveCfg = Release|Any CPU
		{6E750E73-4BBC-4A71-B607-69C7AB9FB294}.Release|x64.Build.0 = Release|Any CPU
		{6E750E73-4BBC-4A71-B607-69C7AB9FB294}.Release|x86.ActiveCfg = Release|Any CPU
		{6E750E73-4BBC-4A71-B607-69C7AB9FB294}.Release|x86.Build.0 = Release|Any CPU
		{BCBBF2AB-B1AF-4420-B31C-D5BFC4F4683C}.Debug|Any CPU.ActiveCfg = Debug|Any CPU
		{BCBBF2AB-B1AF-4420-B31C-D5BFC4F4683C}.Debug|Any CPU.Build.0 = Debug|Any CPU
		{BCBBF2AB-B1AF-4420-B31C-D5BFC4F4683C}.Debug|x64.ActiveCfg = Debug|Any CPU
		{BCBBF2AB-B1AF-4420-B31C-D5BFC4F4683C}.Debug|x64.Build.0 = Debug|Any CPU
		{BCBBF2AB-B1AF-4420-B31C-D5BFC4F4683C}.Debug|x86.ActiveCfg = Debug|Any CPU
		{BCBBF2AB-B1AF-4420-B31C-D5BFC4F4683C}.Debug|x86.Build.0 = Debug|Any CPU
		{BCBBF2AB-B1AF-4420-B31C-D5BFC4F4683C}.Release|Any CPU.ActiveCfg = Release|Any CPU
		{BCBBF2AB-B1AF-4420-B31C-D5BFC4F4683C}.Release|Any CPU.Build.0 = Release|Any CPU
		{BCBBF2AB-B1AF-4420-B31C-D5BFC4F4683C}.Release|x64.ActiveCfg = Release|Any CPU
		{BCBBF2AB-B1AF-4420-B31C-D5BFC4F4683C}.Release|x64.Build.0 = Release|Any CPU
		{BCBBF2AB-B1AF-4420-B31C-D5BFC4F4683C}.Release|x86.ActiveCfg = Release|Any CPU
		{BCBBF2AB-B1AF-4420-B31C-D5BFC4F4683C}.Release|x86.Build.0 = Release|Any CPU
		{1F440062-64FF-4209-B914-D9BAD4B89894}.Debug|Any CPU.ActiveCfg = Debug|Any CPU
		{1F440062-64FF-4209-B914-D9BAD4B89894}.Debug|Any CPU.Build.0 = Debug|Any CPU
		{1F440062-64FF-4209-B914-D9BAD4B89894}.Debug|x64.ActiveCfg = Debug|Any CPU
		{1F440062-64FF-4209-B914-D9BAD4B89894}.Debug|x64.Build.0 = Debug|Any CPU
		{1F440062-64FF-4209-B914-D9BAD4B89894}.Debug|x86.ActiveCfg = Debug|Any CPU
		{1F440062-64FF-4209-B914-D9BAD4B89894}.Debug|x86.Build.0 = Debug|Any CPU
		{1F440062-64FF-4209-B914-D9BAD4B89894}.Release|Any CPU.ActiveCfg = Release|Any CPU
		{1F440062-64FF-4209-B914-D9BAD4B89894}.Release|Any CPU.Build.0 = Release|Any CPU
		{1F440062-64FF-4209-B914-D9BAD4B89894}.Release|x64.ActiveCfg = Release|Any CPU
		{1F440062-64FF-4209-B914-D9BAD4B89894}.Release|x64.Build.0 = Release|Any CPU
		{1F440062-64FF-4209-B914-D9BAD4B89894}.Release|x86.ActiveCfg = Release|Any CPU
		{1F440062-64FF-4209-B914-D9BAD4B89894}.Release|x86.Build.0 = Release|Any CPU
		{8DCB2F50-8B59-473D-8CBF-D9BC9765E8B4}.Debug|Any CPU.ActiveCfg = Debug|Any CPU
		{8DCB2F50-8B59-473D-8CBF-D9BC9765E8B4}.Debug|Any CPU.Build.0 = Debug|Any CPU
		{8DCB2F50-8B59-473D-8CBF-D9BC9765E8B4}.Debug|x64.ActiveCfg = Debug|Any CPU
		{8DCB2F50-8B59-473D-8CBF-D9BC9765E8B4}.Debug|x64.Build.0 = Debug|Any CPU
		{8DCB2F50-8B59-473D-8CBF-D9BC9765E8B4}.Debug|x86.ActiveCfg = Debug|Any CPU
		{8DCB2F50-8B59-473D-8CBF-D9BC9765E8B4}.Debug|x86.Build.0 = Debug|Any CPU
		{8DCB2F50-8B59-473D-8CBF-D9BC9765E8B4}.Release|Any CPU.ActiveCfg = Release|Any CPU
		{8DCB2F50-8B59-473D-8CBF-D9BC9765E8B4}.Release|Any CPU.Build.0 = Release|Any CPU
		{8DCB2F50-8B59-473D-8CBF-D9BC9765E8B4}.Release|x64.ActiveCfg = Release|Any CPU
		{8DCB2F50-8B59-473D-8CBF-D9BC9765E8B4}.Release|x64.Build.0 = Release|Any CPU
		{8DCB2F50-8B59-473D-8CBF-D9BC9765E8B4}.Release|x86.ActiveCfg = Release|Any CPU
		{8DCB2F50-8B59-473D-8CBF-D9BC9765E8B4}.Release|x86.Build.0 = Release|Any CPU
		{DC069E5B-5BDC-4A61-A912-AA1A8F203D89}.Debug|Any CPU.ActiveCfg = Debug|Any CPU
		{DC069E5B-5BDC-4A61-A912-AA1A8F203D89}.Debug|Any CPU.Build.0 = Debug|Any CPU
		{DC069E5B-5BDC-4A61-A912-AA1A8F203D89}.Debug|x64.ActiveCfg = Debug|Any CPU
		{DC069E5B-5BDC-4A61-A912-AA1A8F203D89}.Debug|x64.Build.0 = Debug|Any CPU
		{DC069E5B-5BDC-4A61-A912-AA1A8F203D89}.Debug|x86.ActiveCfg = Debug|Any CPU
		{DC069E5B-5BDC-4A61-A912-AA1A8F203D89}.Debug|x86.Build.0 = Debug|Any CPU
		{DC069E5B-5BDC-4A61-A912-AA1A8F203D89}.Release|Any CPU.ActiveCfg = Release|Any CPU
		{DC069E5B-5BDC-4A61-A912-AA1A8F203D89}.Release|Any CPU.Build.0 = Release|Any CPU
		{DC069E5B-5BDC-4A61-A912-AA1A8F203D89}.Release|x64.ActiveCfg = Release|Any CPU
		{DC069E5B-5BDC-4A61-A912-AA1A8F203D89}.Release|x64.Build.0 = Release|Any CPU
		{DC069E5B-5BDC-4A61-A912-AA1A8F203D89}.Release|x86.ActiveCfg = Release|Any CPU
		{DC069E5B-5BDC-4A61-A912-AA1A8F203D89}.Release|x86.Build.0 = Release|Any CPU
		{577113F5-3F8A-4E53-BB49-E1F504F3336D}.Debug|Any CPU.ActiveCfg = Debug|Any CPU
		{577113F5-3F8A-4E53-BB49-E1F504F3336D}.Debug|Any CPU.Build.0 = Debug|Any CPU
		{577113F5-3F8A-4E53-BB49-E1F504F3336D}.Debug|x64.ActiveCfg = Debug|Any CPU
		{577113F5-3F8A-4E53-BB49-E1F504F3336D}.Debug|x64.Build.0 = Debug|Any CPU
		{577113F5-3F8A-4E53-BB49-E1F504F3336D}.Debug|x86.ActiveCfg = Debug|Any CPU
		{577113F5-3F8A-4E53-BB49-E1F504F3336D}.Debug|x86.Build.0 = Debug|Any CPU
		{577113F5-3F8A-4E53-BB49-E1F504F3336D}.Release|Any CPU.ActiveCfg = Release|Any CPU
		{577113F5-3F8A-4E53-BB49-E1F504F3336D}.Release|Any CPU.Build.0 = Release|Any CPU
		{577113F5-3F8A-4E53-BB49-E1F504F3336D}.Release|x64.ActiveCfg = Release|Any CPU
		{577113F5-3F8A-4E53-BB49-E1F504F3336D}.Release|x64.Build.0 = Release|Any CPU
		{577113F5-3F8A-4E53-BB49-E1F504F3336D}.Release|x86.ActiveCfg = Release|Any CPU
		{577113F5-3F8A-4E53-BB49-E1F504F3336D}.Release|x86.Build.0 = Release|Any CPU
		{E8491F68-8180-403A-A02D-0D89DC99E2E6}.Debug|Any CPU.ActiveCfg = Debug|Any CPU
		{E8491F68-8180-403A-A02D-0D89DC99E2E6}.Debug|Any CPU.Build.0 = Debug|Any CPU
		{E8491F68-8180-403A-A02D-0D89DC99E2E6}.Debug|x64.ActiveCfg = Debug|Any CPU
		{E8491F68-8180-403A-A02D-0D89DC99E2E6}.Debug|x64.Build.0 = Debug|Any CPU
		{E8491F68-8180-403A-A02D-0D89DC99E2E6}.Debug|x86.ActiveCfg = Debug|Any CPU
		{E8491F68-8180-403A-A02D-0D89DC99E2E6}.Debug|x86.Build.0 = Debug|Any CPU
		{E8491F68-8180-403A-A02D-0D89DC99E2E6}.Release|Any CPU.ActiveCfg = Release|Any CPU
		{E8491F68-8180-403A-A02D-0D89DC99E2E6}.Release|Any CPU.Build.0 = Release|Any CPU
		{E8491F68-8180-403A-A02D-0D89DC99E2E6}.Release|x64.ActiveCfg = Release|Any CPU
		{E8491F68-8180-403A-A02D-0D89DC99E2E6}.Release|x64.Build.0 = Release|Any CPU
		{E8491F68-8180-403A-A02D-0D89DC99E2E6}.Release|x86.ActiveCfg = Release|Any CPU
		{E8491F68-8180-403A-A02D-0D89DC99E2E6}.Release|x86.Build.0 = Release|Any CPU
		{5CE99958-5BF4-4DA4-9453-6B4500A667BA}.Debug|Any CPU.ActiveCfg = Debug|Any CPU
		{5CE99958-5BF4-4DA4-9453-6B4500A667BA}.Debug|Any CPU.Build.0 = Debug|Any CPU
		{5CE99958-5BF4-4DA4-9453-6B4500A667BA}.Debug|x64.ActiveCfg = Debug|Any CPU
		{5CE99958-5BF4-4DA4-9453-6B4500A667BA}.Debug|x64.Build.0 = Debug|Any CPU
		{5CE99958-5BF4-4DA4-9453-6B4500A667BA}.Debug|x86.ActiveCfg = Debug|Any CPU
		{5CE99958-5BF4-4DA4-9453-6B4500A667BA}.Debug|x86.Build.0 = Debug|Any CPU
		{5CE99958-5BF4-4DA4-9453-6B4500A667BA}.Release|Any CPU.ActiveCfg = Release|Any CPU
		{5CE99958-5BF4-4DA4-9453-6B4500A667BA}.Release|Any CPU.Build.0 = Release|Any CPU
		{5CE99958-5BF4-4DA4-9453-6B4500A667BA}.Release|x64.ActiveCfg = Release|Any CPU
		{5CE99958-5BF4-4DA4-9453-6B4500A667BA}.Release|x64.Build.0 = Release|Any CPU
		{5CE99958-5BF4-4DA4-9453-6B4500A667BA}.Release|x86.ActiveCfg = Release|Any CPU
		{5CE99958-5BF4-4DA4-9453-6B4500A667BA}.Release|x86.Build.0 = Release|Any CPU
		{DB1593F9-BB8B-4A38-ADF5-2881859422B4}.Debug|Any CPU.ActiveCfg = Debug|Any CPU
		{DB1593F9-BB8B-4A38-ADF5-2881859422B4}.Debug|Any CPU.Build.0 = Debug|Any CPU
		{DB1593F9-BB8B-4A38-ADF5-2881859422B4}.Debug|x64.ActiveCfg = Debug|Any CPU
		{DB1593F9-BB8B-4A38-ADF5-2881859422B4}.Debug|x64.Build.0 = Debug|Any CPU
		{DB1593F9-BB8B-4A38-ADF5-2881859422B4}.Debug|x86.ActiveCfg = Debug|Any CPU
		{DB1593F9-BB8B-4A38-ADF5-2881859422B4}.Debug|x86.Build.0 = Debug|Any CPU
		{DB1593F9-BB8B-4A38-ADF5-2881859422B4}.Release|Any CPU.ActiveCfg = Release|Any CPU
		{DB1593F9-BB8B-4A38-ADF5-2881859422B4}.Release|Any CPU.Build.0 = Release|Any CPU
		{DB1593F9-BB8B-4A38-ADF5-2881859422B4}.Release|x64.ActiveCfg = Release|Any CPU
		{DB1593F9-BB8B-4A38-ADF5-2881859422B4}.Release|x64.Build.0 = Release|Any CPU
		{DB1593F9-BB8B-4A38-ADF5-2881859422B4}.Release|x86.ActiveCfg = Release|Any CPU
		{DB1593F9-BB8B-4A38-ADF5-2881859422B4}.Release|x86.Build.0 = Release|Any CPU
		{DAF75F41-6FE6-4AD9-9949-F5B94259BE91}.Debug|Any CPU.ActiveCfg = Debug|Any CPU
		{DAF75F41-6FE6-4AD9-9949-F5B94259BE91}.Debug|Any CPU.Build.0 = Debug|Any CPU
		{DAF75F41-6FE6-4AD9-9949-F5B94259BE91}.Debug|x64.ActiveCfg = Debug|Any CPU
		{DAF75F41-6FE6-4AD9-9949-F5B94259BE91}.Debug|x64.Build.0 = Debug|Any CPU
		{DAF75F41-6FE6-4AD9-9949-F5B94259BE91}.Debug|x86.ActiveCfg = Debug|Any CPU
		{DAF75F41-6FE6-4AD9-9949-F5B94259BE91}.Debug|x86.Build.0 = Debug|Any CPU
		{DAF75F41-6FE6-4AD9-9949-F5B94259BE91}.Release|Any CPU.ActiveCfg = Release|Any CPU
		{DAF75F41-6FE6-4AD9-9949-F5B94259BE91}.Release|Any CPU.Build.0 = Release|Any CPU
		{DAF75F41-6FE6-4AD9-9949-F5B94259BE91}.Release|x64.ActiveCfg = Release|Any CPU
		{DAF75F41-6FE6-4AD9-9949-F5B94259BE91}.Release|x64.Build.0 = Release|Any CPU
		{DAF75F41-6FE6-4AD9-9949-F5B94259BE91}.Release|x86.ActiveCfg = Release|Any CPU
		{DAF75F41-6FE6-4AD9-9949-F5B94259BE91}.Release|x86.Build.0 = Release|Any CPU
		{CEAAEEF8-19A4-4C0D-ADF2-B47E2CD7A2B4}.Debug|Any CPU.ActiveCfg = Debug|Any CPU
		{CEAAEEF8-19A4-4C0D-ADF2-B47E2CD7A2B4}.Debug|Any CPU.Build.0 = Debug|Any CPU
		{CEAAEEF8-19A4-4C0D-ADF2-B47E2CD7A2B4}.Debug|x64.ActiveCfg = Debug|Any CPU
		{CEAAEEF8-19A4-4C0D-ADF2-B47E2CD7A2B4}.Debug|x64.Build.0 = Debug|Any CPU
		{CEAAEEF8-19A4-4C0D-ADF2-B47E2CD7A2B4}.Debug|x86.ActiveCfg = Debug|Any CPU
		{CEAAEEF8-19A4-4C0D-ADF2-B47E2CD7A2B4}.Debug|x86.Build.0 = Debug|Any CPU
		{CEAAEEF8-19A4-4C0D-ADF2-B47E2CD7A2B4}.Release|Any CPU.ActiveCfg = Release|Any CPU
		{CEAAEEF8-19A4-4C0D-ADF2-B47E2CD7A2B4}.Release|Any CPU.Build.0 = Release|Any CPU
		{CEAAEEF8-19A4-4C0D-ADF2-B47E2CD7A2B4}.Release|x64.ActiveCfg = Release|Any CPU
		{CEAAEEF8-19A4-4C0D-ADF2-B47E2CD7A2B4}.Release|x64.Build.0 = Release|Any CPU
		{CEAAEEF8-19A4-4C0D-ADF2-B47E2CD7A2B4}.Release|x86.ActiveCfg = Release|Any CPU
		{CEAAEEF8-19A4-4C0D-ADF2-B47E2CD7A2B4}.Release|x86.Build.0 = Release|Any CPU
		{CAF43C2E-40E0-44A6-8893-C18086989AAE}.Debug|Any CPU.ActiveCfg = Debug|Any CPU
		{CAF43C2E-40E0-44A6-8893-C18086989AAE}.Debug|Any CPU.Build.0 = Debug|Any CPU
		{CAF43C2E-40E0-44A6-8893-C18086989AAE}.Debug|x64.ActiveCfg = Debug|Any CPU
		{CAF43C2E-40E0-44A6-8893-C18086989AAE}.Debug|x64.Build.0 = Debug|Any CPU
		{CAF43C2E-40E0-44A6-8893-C18086989AAE}.Debug|x86.ActiveCfg = Debug|Any CPU
		{CAF43C2E-40E0-44A6-8893-C18086989AAE}.Debug|x86.Build.0 = Debug|Any CPU
		{CAF43C2E-40E0-44A6-8893-C18086989AAE}.Release|Any CPU.ActiveCfg = Release|Any CPU
		{CAF43C2E-40E0-44A6-8893-C18086989AAE}.Release|Any CPU.Build.0 = Release|Any CPU
		{CAF43C2E-40E0-44A6-8893-C18086989AAE}.Release|x64.ActiveCfg = Release|Any CPU
		{CAF43C2E-40E0-44A6-8893-C18086989AAE}.Release|x64.Build.0 = Release|Any CPU
		{CAF43C2E-40E0-44A6-8893-C18086989AAE}.Release|x86.ActiveCfg = Release|Any CPU
		{CAF43C2E-40E0-44A6-8893-C18086989AAE}.Release|x86.Build.0 = Release|Any CPU
		{9DA377FE-1049-4E3F-97E2-9E8C2148C1AC}.Debug|Any CPU.ActiveCfg = Debug|Any CPU
		{9DA377FE-1049-4E3F-97E2-9E8C2148C1AC}.Debug|Any CPU.Build.0 = Debug|Any CPU
		{9DA377FE-1049-4E3F-97E2-9E8C2148C1AC}.Debug|x64.ActiveCfg = Debug|Any CPU
		{9DA377FE-1049-4E3F-97E2-9E8C2148C1AC}.Debug|x64.Build.0 = Debug|Any CPU
		{9DA377FE-1049-4E3F-97E2-9E8C2148C1AC}.Debug|x86.ActiveCfg = Debug|Any CPU
		{9DA377FE-1049-4E3F-97E2-9E8C2148C1AC}.Debug|x86.Build.0 = Debug|Any CPU
		{9DA377FE-1049-4E3F-97E2-9E8C2148C1AC}.Release|Any CPU.ActiveCfg = Release|Any CPU
		{9DA377FE-1049-4E3F-97E2-9E8C2148C1AC}.Release|Any CPU.Build.0 = Release|Any CPU
		{9DA377FE-1049-4E3F-97E2-9E8C2148C1AC}.Release|x64.ActiveCfg = Release|Any CPU
		{9DA377FE-1049-4E3F-97E2-9E8C2148C1AC}.Release|x64.Build.0 = Release|Any CPU
		{9DA377FE-1049-4E3F-97E2-9E8C2148C1AC}.Release|x86.ActiveCfg = Release|Any CPU
		{9DA377FE-1049-4E3F-97E2-9E8C2148C1AC}.Release|x86.Build.0 = Release|Any CPU
		{FABDF021-9BBA-428F-9345-12A0EE863F52}.Debug|Any CPU.ActiveCfg = Debug|Any CPU
		{FABDF021-9BBA-428F-9345-12A0EE863F52}.Debug|Any CPU.Build.0 = Debug|Any CPU
		{FABDF021-9BBA-428F-9345-12A0EE863F52}.Debug|x64.ActiveCfg = Debug|Any CPU
		{FABDF021-9BBA-428F-9345-12A0EE863F52}.Debug|x64.Build.0 = Debug|Any CPU
		{FABDF021-9BBA-428F-9345-12A0EE863F52}.Debug|x86.ActiveCfg = Debug|Any CPU
		{FABDF021-9BBA-428F-9345-12A0EE863F52}.Debug|x86.Build.0 = Debug|Any CPU
		{FABDF021-9BBA-428F-9345-12A0EE863F52}.Release|Any CPU.ActiveCfg = Release|Any CPU
		{FABDF021-9BBA-428F-9345-12A0EE863F52}.Release|Any CPU.Build.0 = Release|Any CPU
		{FABDF021-9BBA-428F-9345-12A0EE863F52}.Release|x64.ActiveCfg = Release|Any CPU
		{FABDF021-9BBA-428F-9345-12A0EE863F52}.Release|x64.Build.0 = Release|Any CPU
		{FABDF021-9BBA-428F-9345-12A0EE863F52}.Release|x86.ActiveCfg = Release|Any CPU
		{FABDF021-9BBA-428F-9345-12A0EE863F52}.Release|x86.Build.0 = Release|Any CPU
		{B50569DE-9DB5-4352-A988-2B803924F34B}.Debug|Any CPU.ActiveCfg = Debug|Any CPU
		{B50569DE-9DB5-4352-A988-2B803924F34B}.Debug|Any CPU.Build.0 = Debug|Any CPU
		{B50569DE-9DB5-4352-A988-2B803924F34B}.Debug|x64.ActiveCfg = Debug|Any CPU
		{B50569DE-9DB5-4352-A988-2B803924F34B}.Debug|x64.Build.0 = Debug|Any CPU
		{B50569DE-9DB5-4352-A988-2B803924F34B}.Debug|x86.ActiveCfg = Debug|Any CPU
		{B50569DE-9DB5-4352-A988-2B803924F34B}.Debug|x86.Build.0 = Debug|Any CPU
		{B50569DE-9DB5-4352-A988-2B803924F34B}.Release|Any CPU.ActiveCfg = Release|Any CPU
		{B50569DE-9DB5-4352-A988-2B803924F34B}.Release|Any CPU.Build.0 = Release|Any CPU
		{B50569DE-9DB5-4352-A988-2B803924F34B}.Release|x64.ActiveCfg = Release|Any CPU
		{B50569DE-9DB5-4352-A988-2B803924F34B}.Release|x64.Build.0 = Release|Any CPU
		{B50569DE-9DB5-4352-A988-2B803924F34B}.Release|x86.ActiveCfg = Release|Any CPU
		{B50569DE-9DB5-4352-A988-2B803924F34B}.Release|x86.Build.0 = Release|Any CPU
		{9D371699-4CB2-45AB-BDD8-AFC5A1CF5E5D}.Debug|Any CPU.ActiveCfg = Debug|Any CPU
		{9D371699-4CB2-45AB-BDD8-AFC5A1CF5E5D}.Debug|Any CPU.Build.0 = Debug|Any CPU
		{9D371699-4CB2-45AB-BDD8-AFC5A1CF5E5D}.Debug|x64.ActiveCfg = Debug|Any CPU
		{9D371699-4CB2-45AB-BDD8-AFC5A1CF5E5D}.Debug|x64.Build.0 = Debug|Any CPU
		{9D371699-4CB2-45AB-BDD8-AFC5A1CF5E5D}.Debug|x86.ActiveCfg = Debug|Any CPU
		{9D371699-4CB2-45AB-BDD8-AFC5A1CF5E5D}.Debug|x86.Build.0 = Debug|Any CPU
		{9D371699-4CB2-45AB-BDD8-AFC5A1CF5E5D}.Release|Any CPU.ActiveCfg = Release|Any CPU
		{9D371699-4CB2-45AB-BDD8-AFC5A1CF5E5D}.Release|Any CPU.Build.0 = Release|Any CPU
		{9D371699-4CB2-45AB-BDD8-AFC5A1CF5E5D}.Release|x64.ActiveCfg = Release|Any CPU
		{9D371699-4CB2-45AB-BDD8-AFC5A1CF5E5D}.Release|x64.Build.0 = Release|Any CPU
		{9D371699-4CB2-45AB-BDD8-AFC5A1CF5E5D}.Release|x86.ActiveCfg = Release|Any CPU
		{9D371699-4CB2-45AB-BDD8-AFC5A1CF5E5D}.Release|x86.Build.0 = Release|Any CPU
		{2B7E7E57-D561-4E70-85C9-A0DB68B3D130}.Debug|Any CPU.ActiveCfg = Debug|Any CPU
		{2B7E7E57-D561-4E70-85C9-A0DB68B3D130}.Debug|Any CPU.Build.0 = Debug|Any CPU
		{2B7E7E57-D561-4E70-85C9-A0DB68B3D130}.Debug|x64.ActiveCfg = Debug|Any CPU
		{2B7E7E57-D561-4E70-85C9-A0DB68B3D130}.Debug|x64.Build.0 = Debug|Any CPU
		{2B7E7E57-D561-4E70-85C9-A0DB68B3D130}.Debug|x86.ActiveCfg = Debug|Any CPU
		{2B7E7E57-D561-4E70-85C9-A0DB68B3D130}.Debug|x86.Build.0 = Debug|Any CPU
		{2B7E7E57-D561-4E70-85C9-A0DB68B3D130}.Release|Any CPU.ActiveCfg = Release|Any CPU
		{2B7E7E57-D561-4E70-85C9-A0DB68B3D130}.Release|Any CPU.Build.0 = Release|Any CPU
		{2B7E7E57-D561-4E70-85C9-A0DB68B3D130}.Release|x64.ActiveCfg = Release|Any CPU
		{2B7E7E57-D561-4E70-85C9-A0DB68B3D130}.Release|x64.Build.0 = Release|Any CPU
		{2B7E7E57-D561-4E70-85C9-A0DB68B3D130}.Release|x86.ActiveCfg = Release|Any CPU
		{2B7E7E57-D561-4E70-85C9-A0DB68B3D130}.Release|x86.Build.0 = Release|Any CPU
		{E713574F-98DC-4F20-9AD0-BFA4A65E58D3}.Debug|Any CPU.ActiveCfg = Debug|Any CPU
		{E713574F-98DC-4F20-9AD0-BFA4A65E58D3}.Debug|Any CPU.Build.0 = Debug|Any CPU
		{E713574F-98DC-4F20-9AD0-BFA4A65E58D3}.Debug|x64.ActiveCfg = Debug|Any CPU
		{E713574F-98DC-4F20-9AD0-BFA4A65E58D3}.Debug|x64.Build.0 = Debug|Any CPU
		{E713574F-98DC-4F20-9AD0-BFA4A65E58D3}.Debug|x86.ActiveCfg = Debug|Any CPU
		{E713574F-98DC-4F20-9AD0-BFA4A65E58D3}.Debug|x86.Build.0 = Debug|Any CPU
		{E713574F-98DC-4F20-9AD0-BFA4A65E58D3}.Release|Any CPU.ActiveCfg = Release|Any CPU
		{E713574F-98DC-4F20-9AD0-BFA4A65E58D3}.Release|Any CPU.Build.0 = Release|Any CPU
		{E713574F-98DC-4F20-9AD0-BFA4A65E58D3}.Release|x64.ActiveCfg = Release|Any CPU
		{E713574F-98DC-4F20-9AD0-BFA4A65E58D3}.Release|x64.Build.0 = Release|Any CPU
		{E713574F-98DC-4F20-9AD0-BFA4A65E58D3}.Release|x86.ActiveCfg = Release|Any CPU
		{E713574F-98DC-4F20-9AD0-BFA4A65E58D3}.Release|x86.Build.0 = Release|Any CPU
		{DB5C8236-A42A-4536-9D36-EB28AC567E86}.Debug|Any CPU.ActiveCfg = Debug|Any CPU
		{DB5C8236-A42A-4536-9D36-EB28AC567E86}.Debug|Any CPU.Build.0 = Debug|Any CPU
		{DB5C8236-A42A-4536-9D36-EB28AC567E86}.Debug|x64.ActiveCfg = Debug|Any CPU
		{DB5C8236-A42A-4536-9D36-EB28AC567E86}.Debug|x64.Build.0 = Debug|Any CPU
		{DB5C8236-A42A-4536-9D36-EB28AC567E86}.Debug|x86.ActiveCfg = Debug|Any CPU
		{DB5C8236-A42A-4536-9D36-EB28AC567E86}.Debug|x86.Build.0 = Debug|Any CPU
		{DB5C8236-A42A-4536-9D36-EB28AC567E86}.Release|Any CPU.ActiveCfg = Release|Any CPU
		{DB5C8236-A42A-4536-9D36-EB28AC567E86}.Release|Any CPU.Build.0 = Release|Any CPU
		{DB5C8236-A42A-4536-9D36-EB28AC567E86}.Release|x64.ActiveCfg = Release|Any CPU
		{DB5C8236-A42A-4536-9D36-EB28AC567E86}.Release|x64.Build.0 = Release|Any CPU
		{DB5C8236-A42A-4536-9D36-EB28AC567E86}.Release|x86.ActiveCfg = Release|Any CPU
		{DB5C8236-A42A-4536-9D36-EB28AC567E86}.Release|x86.Build.0 = Release|Any CPU
		{2F04D61D-C681-483B-BDF6-A23D7C2B34E9}.Debug|Any CPU.ActiveCfg = Debug|Any CPU
		{2F04D61D-C681-483B-BDF6-A23D7C2B34E9}.Debug|Any CPU.Build.0 = Debug|Any CPU
		{2F04D61D-C681-483B-BDF6-A23D7C2B34E9}.Debug|x64.ActiveCfg = Debug|Any CPU
		{2F04D61D-C681-483B-BDF6-A23D7C2B34E9}.Debug|x64.Build.0 = Debug|Any CPU
		{2F04D61D-C681-483B-BDF6-A23D7C2B34E9}.Debug|x86.ActiveCfg = Debug|Any CPU
		{2F04D61D-C681-483B-BDF6-A23D7C2B34E9}.Debug|x86.Build.0 = Debug|Any CPU
		{2F04D61D-C681-483B-BDF6-A23D7C2B34E9}.Release|Any CPU.ActiveCfg = Release|Any CPU
		{2F04D61D-C681-483B-BDF6-A23D7C2B34E9}.Release|Any CPU.Build.0 = Release|Any CPU
		{2F04D61D-C681-483B-BDF6-A23D7C2B34E9}.Release|x64.ActiveCfg = Release|Any CPU
		{2F04D61D-C681-483B-BDF6-A23D7C2B34E9}.Release|x64.Build.0 = Release|Any CPU
		{2F04D61D-C681-483B-BDF6-A23D7C2B34E9}.Release|x86.ActiveCfg = Release|Any CPU
		{2F04D61D-C681-483B-BDF6-A23D7C2B34E9}.Release|x86.Build.0 = Release|Any CPU
		{A47CD0B0-1022-4E6D-BFF3-E14198AAB318}.Debug|Any CPU.ActiveCfg = Debug|Any CPU
		{A47CD0B0-1022-4E6D-BFF3-E14198AAB318}.Debug|Any CPU.Build.0 = Debug|Any CPU
		{A47CD0B0-1022-4E6D-BFF3-E14198AAB318}.Debug|x64.ActiveCfg = Debug|Any CPU
		{A47CD0B0-1022-4E6D-BFF3-E14198AAB318}.Debug|x64.Build.0 = Debug|Any CPU
		{A47CD0B0-1022-4E6D-BFF3-E14198AAB318}.Debug|x86.ActiveCfg = Debug|Any CPU
		{A47CD0B0-1022-4E6D-BFF3-E14198AAB318}.Debug|x86.Build.0 = Debug|Any CPU
		{A47CD0B0-1022-4E6D-BFF3-E14198AAB318}.Release|Any CPU.ActiveCfg = Release|Any CPU
		{A47CD0B0-1022-4E6D-BFF3-E14198AAB318}.Release|Any CPU.Build.0 = Release|Any CPU
		{A47CD0B0-1022-4E6D-BFF3-E14198AAB318}.Release|x64.ActiveCfg = Release|Any CPU
		{A47CD0B0-1022-4E6D-BFF3-E14198AAB318}.Release|x64.Build.0 = Release|Any CPU
		{A47CD0B0-1022-4E6D-BFF3-E14198AAB318}.Release|x86.ActiveCfg = Release|Any CPU
		{A47CD0B0-1022-4E6D-BFF3-E14198AAB318}.Release|x86.Build.0 = Release|Any CPU
		{A0558D3D-4266-4B6A-A78F-85D5BCC6E774}.Debug|Any CPU.ActiveCfg = Debug|Any CPU
		{A0558D3D-4266-4B6A-A78F-85D5BCC6E774}.Debug|Any CPU.Build.0 = Debug|Any CPU
		{A0558D3D-4266-4B6A-A78F-85D5BCC6E774}.Debug|x64.ActiveCfg = Debug|Any CPU
		{A0558D3D-4266-4B6A-A78F-85D5BCC6E774}.Debug|x64.Build.0 = Debug|Any CPU
		{A0558D3D-4266-4B6A-A78F-85D5BCC6E774}.Debug|x86.ActiveCfg = Debug|Any CPU
		{A0558D3D-4266-4B6A-A78F-85D5BCC6E774}.Debug|x86.Build.0 = Debug|Any CPU
		{A0558D3D-4266-4B6A-A78F-85D5BCC6E774}.Release|Any CPU.ActiveCfg = Release|Any CPU
		{A0558D3D-4266-4B6A-A78F-85D5BCC6E774}.Release|Any CPU.Build.0 = Release|Any CPU
		{A0558D3D-4266-4B6A-A78F-85D5BCC6E774}.Release|x64.ActiveCfg = Release|Any CPU
		{A0558D3D-4266-4B6A-A78F-85D5BCC6E774}.Release|x64.Build.0 = Release|Any CPU
		{A0558D3D-4266-4B6A-A78F-85D5BCC6E774}.Release|x86.ActiveCfg = Release|Any CPU
		{A0558D3D-4266-4B6A-A78F-85D5BCC6E774}.Release|x86.Build.0 = Release|Any CPU
		{D34B8542-A9F1-4BB8-B36F-5FC2D26EE961}.Debug|Any CPU.ActiveCfg = Debug|Any CPU
		{D34B8542-A9F1-4BB8-B36F-5FC2D26EE961}.Debug|Any CPU.Build.0 = Debug|Any CPU
		{D34B8542-A9F1-4BB8-B36F-5FC2D26EE961}.Debug|x64.ActiveCfg = Debug|Any CPU
		{D34B8542-A9F1-4BB8-B36F-5FC2D26EE961}.Debug|x64.Build.0 = Debug|Any CPU
		{D34B8542-A9F1-4BB8-B36F-5FC2D26EE961}.Debug|x86.ActiveCfg = Debug|Any CPU
		{D34B8542-A9F1-4BB8-B36F-5FC2D26EE961}.Debug|x86.Build.0 = Debug|Any CPU
		{D34B8542-A9F1-4BB8-B36F-5FC2D26EE961}.Release|Any CPU.ActiveCfg = Release|Any CPU
		{D34B8542-A9F1-4BB8-B36F-5FC2D26EE961}.Release|Any CPU.Build.0 = Release|Any CPU
		{D34B8542-A9F1-4BB8-B36F-5FC2D26EE961}.Release|x64.ActiveCfg = Release|Any CPU
		{D34B8542-A9F1-4BB8-B36F-5FC2D26EE961}.Release|x64.Build.0 = Release|Any CPU
		{D34B8542-A9F1-4BB8-B36F-5FC2D26EE961}.Release|x86.ActiveCfg = Release|Any CPU
		{D34B8542-A9F1-4BB8-B36F-5FC2D26EE961}.Release|x86.Build.0 = Release|Any CPU
		{D890EBE7-D3CB-4C54-B1B2-5B2C671F1746}.Debug|Any CPU.ActiveCfg = Debug|Any CPU
		{D890EBE7-D3CB-4C54-B1B2-5B2C671F1746}.Debug|Any CPU.Build.0 = Debug|Any CPU
		{D890EBE7-D3CB-4C54-B1B2-5B2C671F1746}.Debug|x64.ActiveCfg = Debug|Any CPU
		{D890EBE7-D3CB-4C54-B1B2-5B2C671F1746}.Debug|x64.Build.0 = Debug|Any CPU
		{D890EBE7-D3CB-4C54-B1B2-5B2C671F1746}.Debug|x86.ActiveCfg = Debug|Any CPU
		{D890EBE7-D3CB-4C54-B1B2-5B2C671F1746}.Debug|x86.Build.0 = Debug|Any CPU
		{D890EBE7-D3CB-4C54-B1B2-5B2C671F1746}.Release|Any CPU.ActiveCfg = Release|Any CPU
		{D890EBE7-D3CB-4C54-B1B2-5B2C671F1746}.Release|Any CPU.Build.0 = Release|Any CPU
		{D890EBE7-D3CB-4C54-B1B2-5B2C671F1746}.Release|x64.ActiveCfg = Release|Any CPU
		{D890EBE7-D3CB-4C54-B1B2-5B2C671F1746}.Release|x64.Build.0 = Release|Any CPU
		{D890EBE7-D3CB-4C54-B1B2-5B2C671F1746}.Release|x86.ActiveCfg = Release|Any CPU
		{D890EBE7-D3CB-4C54-B1B2-5B2C671F1746}.Release|x86.Build.0 = Release|Any CPU
		{B2F8F7DB-4528-4070-BF1D-0E2975CABD47}.Debug|Any CPU.ActiveCfg = Debug|Any CPU
		{B2F8F7DB-4528-4070-BF1D-0E2975CABD47}.Debug|Any CPU.Build.0 = Debug|Any CPU
		{B2F8F7DB-4528-4070-BF1D-0E2975CABD47}.Debug|x64.ActiveCfg = Debug|Any CPU
		{B2F8F7DB-4528-4070-BF1D-0E2975CABD47}.Debug|x64.Build.0 = Debug|Any CPU
		{B2F8F7DB-4528-4070-BF1D-0E2975CABD47}.Debug|x86.ActiveCfg = Debug|Any CPU
		{B2F8F7DB-4528-4070-BF1D-0E2975CABD47}.Debug|x86.Build.0 = Debug|Any CPU
		{B2F8F7DB-4528-4070-BF1D-0E2975CABD47}.Release|Any CPU.ActiveCfg = Release|Any CPU
		{B2F8F7DB-4528-4070-BF1D-0E2975CABD47}.Release|Any CPU.Build.0 = Release|Any CPU
		{B2F8F7DB-4528-4070-BF1D-0E2975CABD47}.Release|x64.ActiveCfg = Release|Any CPU
		{B2F8F7DB-4528-4070-BF1D-0E2975CABD47}.Release|x64.Build.0 = Release|Any CPU
		{B2F8F7DB-4528-4070-BF1D-0E2975CABD47}.Release|x86.ActiveCfg = Release|Any CPU
		{B2F8F7DB-4528-4070-BF1D-0E2975CABD47}.Release|x86.Build.0 = Release|Any CPU
		{9DABC663-F81D-4ACA-A80B-453C987B12BE}.Debug|Any CPU.ActiveCfg = Debug|Any CPU
		{9DABC663-F81D-4ACA-A80B-453C987B12BE}.Debug|Any CPU.Build.0 = Debug|Any CPU
		{9DABC663-F81D-4ACA-A80B-453C987B12BE}.Debug|x64.ActiveCfg = Debug|Any CPU
		{9DABC663-F81D-4ACA-A80B-453C987B12BE}.Debug|x64.Build.0 = Debug|Any CPU
		{9DABC663-F81D-4ACA-A80B-453C987B12BE}.Debug|x86.ActiveCfg = Debug|Any CPU
		{9DABC663-F81D-4ACA-A80B-453C987B12BE}.Debug|x86.Build.0 = Debug|Any CPU
		{9DABC663-F81D-4ACA-A80B-453C987B12BE}.Release|Any CPU.ActiveCfg = Release|Any CPU
		{9DABC663-F81D-4ACA-A80B-453C987B12BE}.Release|Any CPU.Build.0 = Release|Any CPU
		{9DABC663-F81D-4ACA-A80B-453C987B12BE}.Release|x64.ActiveCfg = Release|Any CPU
		{9DABC663-F81D-4ACA-A80B-453C987B12BE}.Release|x64.Build.0 = Release|Any CPU
		{9DABC663-F81D-4ACA-A80B-453C987B12BE}.Release|x86.ActiveCfg = Release|Any CPU
		{9DABC663-F81D-4ACA-A80B-453C987B12BE}.Release|x86.Build.0 = Release|Any CPU
		{0D9A4F23-4921-4B9C-B96D-985090AD05E3}.Debug|Any CPU.ActiveCfg = Debug|Any CPU
		{0D9A4F23-4921-4B9C-B96D-985090AD05E3}.Debug|Any CPU.Build.0 = Debug|Any CPU
		{0D9A4F23-4921-4B9C-B96D-985090AD05E3}.Debug|x64.ActiveCfg = Debug|Any CPU
		{0D9A4F23-4921-4B9C-B96D-985090AD05E3}.Debug|x64.Build.0 = Debug|Any CPU
		{0D9A4F23-4921-4B9C-B96D-985090AD05E3}.Debug|x86.ActiveCfg = Debug|Any CPU
		{0D9A4F23-4921-4B9C-B96D-985090AD05E3}.Debug|x86.Build.0 = Debug|Any CPU
		{0D9A4F23-4921-4B9C-B96D-985090AD05E3}.Release|Any CPU.ActiveCfg = Release|Any CPU
		{0D9A4F23-4921-4B9C-B96D-985090AD05E3}.Release|Any CPU.Build.0 = Release|Any CPU
		{0D9A4F23-4921-4B9C-B96D-985090AD05E3}.Release|x64.ActiveCfg = Release|Any CPU
		{0D9A4F23-4921-4B9C-B96D-985090AD05E3}.Release|x64.Build.0 = Release|Any CPU
		{0D9A4F23-4921-4B9C-B96D-985090AD05E3}.Release|x86.ActiveCfg = Release|Any CPU
		{0D9A4F23-4921-4B9C-B96D-985090AD05E3}.Release|x86.Build.0 = Release|Any CPU
		{C410B0FE-953A-4944-8E19-CE20711FE7DC}.Debug|Any CPU.ActiveCfg = Debug|Any CPU
		{C410B0FE-953A-4944-8E19-CE20711FE7DC}.Debug|Any CPU.Build.0 = Debug|Any CPU
		{C410B0FE-953A-4944-8E19-CE20711FE7DC}.Debug|x64.ActiveCfg = Debug|Any CPU
		{C410B0FE-953A-4944-8E19-CE20711FE7DC}.Debug|x64.Build.0 = Debug|Any CPU
		{C410B0FE-953A-4944-8E19-CE20711FE7DC}.Debug|x86.ActiveCfg = Debug|Any CPU
		{C410B0FE-953A-4944-8E19-CE20711FE7DC}.Debug|x86.Build.0 = Debug|Any CPU
		{C410B0FE-953A-4944-8E19-CE20711FE7DC}.Release|Any CPU.ActiveCfg = Release|Any CPU
		{C410B0FE-953A-4944-8E19-CE20711FE7DC}.Release|Any CPU.Build.0 = Release|Any CPU
		{C410B0FE-953A-4944-8E19-CE20711FE7DC}.Release|x64.ActiveCfg = Release|Any CPU
		{C410B0FE-953A-4944-8E19-CE20711FE7DC}.Release|x64.Build.0 = Release|Any CPU
		{C410B0FE-953A-4944-8E19-CE20711FE7DC}.Release|x86.ActiveCfg = Release|Any CPU
		{C410B0FE-953A-4944-8E19-CE20711FE7DC}.Release|x86.Build.0 = Release|Any CPU
		{5CCB0894-23EF-4F9B-95BB-60A2B8D612A5}.Debug|Any CPU.ActiveCfg = Debug|Any CPU
		{5CCB0894-23EF-4F9B-95BB-60A2B8D612A5}.Debug|Any CPU.Build.0 = Debug|Any CPU
		{5CCB0894-23EF-4F9B-95BB-60A2B8D612A5}.Debug|x64.ActiveCfg = Debug|Any CPU
		{5CCB0894-23EF-4F9B-95BB-60A2B8D612A5}.Debug|x64.Build.0 = Debug|Any CPU
		{5CCB0894-23EF-4F9B-95BB-60A2B8D612A5}.Debug|x86.ActiveCfg = Debug|Any CPU
		{5CCB0894-23EF-4F9B-95BB-60A2B8D612A5}.Debug|x86.Build.0 = Debug|Any CPU
		{5CCB0894-23EF-4F9B-95BB-60A2B8D612A5}.Release|Any CPU.ActiveCfg = Release|Any CPU
		{5CCB0894-23EF-4F9B-95BB-60A2B8D612A5}.Release|Any CPU.Build.0 = Release|Any CPU
		{5CCB0894-23EF-4F9B-95BB-60A2B8D612A5}.Release|x64.ActiveCfg = Release|Any CPU
		{5CCB0894-23EF-4F9B-95BB-60A2B8D612A5}.Release|x64.Build.0 = Release|Any CPU
		{5CCB0894-23EF-4F9B-95BB-60A2B8D612A5}.Release|x86.ActiveCfg = Release|Any CPU
		{5CCB0894-23EF-4F9B-95BB-60A2B8D612A5}.Release|x86.Build.0 = Release|Any CPU
	EndGlobalSection
	GlobalSection(SolutionProperties) = preSolution
		HideSolutionNode = FALSE
	EndGlobalSection
	GlobalSection(ExtensibilityGlobals) = postSolution
		SolutionGuid = {EADFB34F-CAD5-4288-9D5C-82CE65A4E7F9}
	EndGlobalSection
	GlobalSection(NestedProjects) = preSolution
		{528FA127-1BD6-4FAA-964B-54B8B66DD7BE} = {F394BB2A-81FC-413E-ADDD-18667DA6E0E7}
		{4580F350-15FE-4E84-8479-59E734537DE7} = {F394BB2A-81FC-413E-ADDD-18667DA6E0E7}
		{DF0D0A5D-FEEC-475C-9032-DB320B891A9C} = {F37BEAA8-8189-41F4-A863-1ACF9E0240AF}
		{21C7E496-59E3-4BFB-87DD-0A20481B741B} = {F37BEAA8-8189-41F4-A863-1ACF9E0240AF}
		{754DC5D6-E900-4488-9E7D-7F6408954BD5} = {4AA97703-57AA-4552-B385-E9E04E986A34}
		{6A9975D1-64D4-487F-81C6-0EF6030C57FB} = {4AA97703-57AA-4552-B385-E9E04E986A34}
		{DAAF09FB-090E-4AA1-B65F-A35858E2C9DF} = {7A4CAD74-B404-44D4-9F58-26B1C0FFC598}
		{756F2744-C05B-4D7E-BFB8-C5415590BD81} = {7A4CAD74-B404-44D4-9F58-26B1C0FFC598}
		{67E03B03-5786-411C-BBD8-D9C08ADC0C29} = {2F38799D-9926-4C40-91A8-0EEE71FB6265}
		{786D3177-E0C1-4DED-B4B6-60D04343F316} = {2F38799D-9926-4C40-91A8-0EEE71FB6265}
		{2DAFD205-75D8-425D-81A2-A895B49F52A9} = {DEC08707-162D-4376-B653-0A2C4B0782D2}
		{01BCBCA0-426B-4E79-860B-CBD90EDC0E60} = {DEC08707-162D-4376-B653-0A2C4B0782D2}
		{58DB44FD-636B-498E-9CEC-E869B2AB3C56} = {0F8A841A-EAA4-4B01-8B97-09CB93E71FC0}
		{7E34D279-7797-4CDE-A01B-52A359BB4FE6} = {0F8A841A-EAA4-4B01-8B97-09CB93E71FC0}
		{55BD2753-8875-48BE-B02D-ADC80ED6B788} = {55D87F15-E2F5-490F-B6AA-1FE091FF9FAE}
		{258C621A-5C1B-43CA-8502-52BC243F3420} = {55D87F15-E2F5-490F-B6AA-1FE091FF9FAE}
		{1B6CE5D7-95EF-4434-877B-300CC35E4828} = {188F742A-C7C6-44B6-9DB2-D6FF628D724E}
		{450A2878-191A-475F-BBDE-1DFB7EF0C7C9} = {188F742A-C7C6-44B6-9DB2-D6FF628D724E}
		{C77872C9-8E96-42C7-986A-D7673FF62F78} = {3F5A5B06-0999-42EE-9BFB-3974C1C3190D}
		{6F8EA8DF-FF76-4A53-A1B9-4C2886110D56} = {3F5A5B06-0999-42EE-9BFB-3974C1C3190D}
		{C4BD3154-5B43-4E85-8705-B50BA3B1A8D9} = {6D16BAC1-2891-449C-9C46-7EED9CE7213E}
		{8FB9CE8A-C8B7-4222-84D5-07798F112943} = {6D16BAC1-2891-449C-9C46-7EED9CE7213E}
		{8999BB4A-2539-41EB-8BFC-1667EF4087C1} = {01F54743-6F7C-4784-9F22-B5F9B0B38948}
		{13DFBE8E-33C2-430A-94AC-E5E20B13D8AA} = {01F54743-6F7C-4784-9F22-B5F9B0B38948}
		{F9D76432-82D6-4026-92B6-FD2764BB68B1} = {8C3A8C84-EAE0-467C-BDB8-2ADB09D2F1E2}
		{0AC0A509-1E02-4954-A170-102A148D7220} = {8C3A8C84-EAE0-467C-BDB8-2ADB09D2F1E2}
		{6BB86F2F-A4E8-4A2D-A0BD-0E8DCA151FD8} = {ECB17361-07A8-4F19-B5E7-52947A98E6AF}
		{2D477395-A6D6-4C74-9ED4-2AC1E08E11CE} = {ECB17361-07A8-4F19-B5E7-52947A98E6AF}
		{3894010E-9894-472E-8470-F19C141AF70F} = {46CD78FE-C66C-4648-8CF4-BA6359019BED}
		{8239EC11-2F6B-425D-A4BB-015AB447FB84} = {46CD78FE-C66C-4648-8CF4-BA6359019BED}
		{D7088597-25D4-4344-A241-CE8FE6E7FA72} = {F543A0EC-1196-4B6B-B6E2-85406332ECD2}
		{B9EA073A-2281-4614-9CDA-C54B526B2CF3} = {F543A0EC-1196-4B6B-B6E2-85406332ECD2}
		{6E750E73-4BBC-4A71-B607-69C7AB9FB294} = {1ACF7D89-F513-439D-AFE4-D1A9B0C7445D}
		{BCBBF2AB-B1AF-4420-B31C-D5BFC4F4683C} = {1ACF7D89-F513-439D-AFE4-D1A9B0C7445D}
		{1F440062-64FF-4209-B914-D9BAD4B89894} = {51525AF2-B355-4C58-8328-57D8F48EC360}
		{8DCB2F50-8B59-473D-8CBF-D9BC9765E8B4} = {51525AF2-B355-4C58-8328-57D8F48EC360}
		{DC069E5B-5BDC-4A61-A912-AA1A8F203D89} = {904BE003-FF54-40FF-80C8-6313A787695C}
		{577113F5-3F8A-4E53-BB49-E1F504F3336D} = {904BE003-FF54-40FF-80C8-6313A787695C}
		{E8491F68-8180-403A-A02D-0D89DC99E2E6} = {1381F8F8-EABE-415E-8416-A8BE1D9F29B7}
		{5CE99958-5BF4-4DA4-9453-6B4500A667BA} = {1381F8F8-EABE-415E-8416-A8BE1D9F29B7}
		{DB1593F9-BB8B-4A38-ADF5-2881859422B4} = {6552CB51-FAD6-4968-A521-04CB92FB4C64}
		{DAF75F41-6FE6-4AD9-9949-F5B94259BE91} = {6552CB51-FAD6-4968-A521-04CB92FB4C64}
		{CEAAEEF8-19A4-4C0D-ADF2-B47E2CD7A2B4} = {B4E6B0B8-B475-4925-A770-45352B284E3B}
		{CAF43C2E-40E0-44A6-8893-C18086989AAE} = {B4E6B0B8-B475-4925-A770-45352B284E3B}
		{9DA377FE-1049-4E3F-97E2-9E8C2148C1AC} = {900F9DC6-BF5D-4FAF-8E61-3D6D1C6E8C37}
		{FABDF021-9BBA-428F-9345-12A0EE863F52} = {900F9DC6-BF5D-4FAF-8E61-3D6D1C6E8C37}
		{B50569DE-9DB5-4352-A988-2B803924F34B} = {B6601C9A-051C-4562-BFB7-B65D833DC119}
		{9D371699-4CB2-45AB-BDD8-AFC5A1CF5E5D} = {B6601C9A-051C-4562-BFB7-B65D833DC119}
		{2B7E7E57-D561-4E70-85C9-A0DB68B3D130} = {61CC4A85-1FB7-44B8-8804-B1B325514A30}
		{E713574F-98DC-4F20-9AD0-BFA4A65E58D3} = {61CC4A85-1FB7-44B8-8804-B1B325514A30}
		{DB5C8236-A42A-4536-9D36-EB28AC567E86} = {A0644B03-C759-408E-92CA-BF14505283A6}
		{2F04D61D-C681-483B-BDF6-A23D7C2B34E9} = {A0644B03-C759-408E-92CA-BF14505283A6}
		{A47CD0B0-1022-4E6D-BFF3-E14198AAB318} = {E8B60001-32E2-4ED8-90A0-BE20D9D37609}
		{A0558D3D-4266-4B6A-A78F-85D5BCC6E774} = {FEA91185-E7CB-43E5-A348-7FFA3DC48060}
		{D34B8542-A9F1-4BB8-B36F-5FC2D26EE961} = {A6C0B24D-756B-495E-867E-E4B10F5CA778}
		{D890EBE7-D3CB-4C54-B1B2-5B2C671F1746} = {A6C0B24D-756B-495E-867E-E4B10F5CA778}
		{B2F8F7DB-4528-4070-BF1D-0E2975CABD47} = {BC035945-1F23-49EC-A726-655E0DFE505E}
		{9DABC663-F81D-4ACA-A80B-453C987B12BE} = {BC035945-1F23-49EC-A726-655E0DFE505E}
		{0D9A4F23-4921-4B9C-B96D-985090AD05E3} = {BF4508F8-DE53-41A3-80D5-2C39B1015D78}
		{C410B0FE-953A-4944-8E19-CE20711FE7DC} = {BF4508F8-DE53-41A3-80D5-2C39B1015D78}
		{5CCB0894-23EF-4F9B-95BB-60A2B8D612A5} = {77EEA39D-1A91-43EE-A903-4ED47C07520C}
	EndGlobalSection
EndGlobal
